
Microsoft Visual Studio Solution File, Format Version 12.00
# Visual Studio 15
VisualStudioVersion = 15.0.27004.2010
MinimumVisualStudioVersion = 10.0.40219.1
Project("{9A19103F-16F7-4668-BE54-9A1E7A4F7556}") = "Bing", "src\Bing\Bing.csproj", "{B4159996-5640-4757-AE7F-B18989C7E5E1}"
EndProject
Project("{2150E333-8FDC-42A3-9474-1A3956D46DE8}") = "01-src", "01-src", "{4A869F5F-6D49-458C-84C7-C202182BF4A6}"
EndProject
Project("{2150E333-8FDC-42A3-9474-1A3956D46DE8}") = "01-Core", "01-Core", "{1ABB6E15-A36C-4667-B6C8-CCE8D5DB4B39}"
EndProject
Project("{2150E333-8FDC-42A3-9474-1A3956D46DE8}") = "02-tests", "02-tests", "{CD2ACEBC-5B5D-4754-A638-916F2D071721}"
EndProject
Project("{2150E333-8FDC-42A3-9474-1A3956D46DE8}") = "03-sample", "03-sample", "{474AB182-21D2-44C4-A99C-31FC31E469CB}"
EndProject
Project("{2150E333-8FDC-42A3-9474-1A3956D46DE8}") = "00-Utils", "00-Utils", "{2B1B5674-9464-4DE8-BCB4-2A4A9BC6C40C}"
EndProject
Project("{9A19103F-16F7-4668-BE54-9A1E7A4F7556}") = "Bing.Utils", "src\Bing.Utils\Bing.Utils.csproj", "{937E7C90-19F2-4FB4-A671-8CDFEA70C79F}"
EndProject
Project("{2150E333-8FDC-42A3-9474-1A3956D46DE8}") = "02-Extensions", "02-Extensions", "{6FADCB24-306E-4EAF-8B24-594000568744}"
EndProject
Project("{9A19103F-16F7-4668-BE54-9A1E7A4F7556}") = "Bing.Extensions.AutoMapper", "src\Bing.Extensions.AutoMapper\Bing.Extensions.AutoMapper.csproj", "{5D1CCBDA-49CC-4DDA-94BF-C0479097E14B}"
EndProject
Project("{9A19103F-16F7-4668-BE54-9A1E7A4F7556}") = "Bing.Extensions.AutoMapper.Tests", "tests\Bing.Extensions.AutoMapper.Tests\Bing.Extensions.AutoMapper.Tests.csproj", "{FA1954C8-3373-401F-A0F8-7DEFB08C0279}"
EndProject
Project("{2150E333-8FDC-42A3-9474-1A3956D46DE8}") = "01-Core", "01-Core", "{77209C11-A719-45C3-9C49-27FA702503A1}"
EndProject
Project("{2150E333-8FDC-42A3-9474-1A3956D46DE8}") = "00-Utils", "00-Utils", "{52A836E8-CB0B-46F5-9BC5-DBFF92A5A57F}"
EndProject
Project("{2150E333-8FDC-42A3-9474-1A3956D46DE8}") = "03-Extensions", "03-Extensions", "{30D5ACC1-E099-4201-AD86-4CDD039FD4F0}"
EndProject
Project("{2150E333-8FDC-42A3-9474-1A3956D46DE8}") = "06-Applications", "06-Applications", "{B8B98A21-4821-425B-BF52-531F82EFE75F}"
EndProject
Project("{9A19103F-16F7-4668-BE54-9A1E7A4F7556}") = "Bing.Utils.Tests", "tests\Bing.Utils.Tests\Bing.Utils.Tests.csproj", "{648CFD84-B89E-4EB0-B7BF-33AB99CC522F}"
EndProject
Project("{9A19103F-16F7-4668-BE54-9A1E7A4F7556}") = "Bing.Extensions", "src\Bing.Extensions\Bing.Extensions.csproj", "{967559B9-EC78-4AE2-8538-FE3A81B7E7E7}"
EndProject
Project("{9A19103F-16F7-4668-BE54-9A1E7A4F7556}") = "Bing.Extensions.Tests", "tests\Bing.Extensions.Tests\Bing.Extensions.Tests.csproj", "{A81C0832-539D-4970-819B-59BDA1E6AAB2}"
EndProject
Project("{9A19103F-16F7-4668-BE54-9A1E7A4F7556}") = "Bing.Logs", "src\Bing.Logs\Bing.Logs.csproj", "{F8EA946F-9164-4E23-AEE7-5ABE60A7367E}"
EndProject
Project("{9A19103F-16F7-4668-BE54-9A1E7A4F7556}") = "Bing.Logs.NLog", "src\Bing.Logs.NLog\Bing.Logs.NLog.csproj", "{3D451C67-4AB6-46D9-A4DF-790692BBA245}"
EndProject
Project("{9A19103F-16F7-4668-BE54-9A1E7A4F7556}") = "Bing.Samples.Api", "sample\Bing.Samples.Api\Bing.Samples.Api.csproj", "{97068AC1-A622-466C-8144-FA2BEC899533}"
EndProject
Project("{9A19103F-16F7-4668-BE54-9A1E7A4F7556}") = "Bing.Logs.Exceptionless", "src\Bing.Logs.Exceptionless\Bing.Logs.Exceptionless.csproj", "{6F0F0A10-0939-4A1D-85E8-FB47294144A6}"
EndProject
Project("{9A19103F-16F7-4668-BE54-9A1E7A4F7556}") = "Bing.Logs.Log4Net", "src\Bing.Logs.Log4Net\Bing.Logs.Log4Net.csproj", "{09C7061E-53F0-480B-8ED5-858F27D5BE86}"
EndProject
Project("{9A19103F-16F7-4668-BE54-9A1E7A4F7556}") = "Bing.Datas.EntityFramework", "src\Bing.Datas.EntityFramework\Bing.Datas.EntityFramework.csproj", "{52CCF153-7CA5-4EAF-A38B-67FBBDE6F338}"
EndProject
Project("{9A19103F-16F7-4668-BE54-9A1E7A4F7556}") = "Bing.Datas.EntityFramework.MySql", "src\Bing.Datas.EntityFramework.MySql\Bing.Datas.EntityFramework.MySql.csproj", "{3C64B26A-9324-4024-B824-7AC117CE876E}"
EndProject
Project("{9A19103F-16F7-4668-BE54-9A1E7A4F7556}") = "Bing.Datas.EntityFramework.SqlServer", "src\Bing.Datas.EntityFramework.SqlServer\Bing.Datas.EntityFramework.SqlServer.csproj", "{3A3C07E6-6B41-4442-8B4A-114D27C330BD}"
EndProject
Project("{9A19103F-16F7-4668-BE54-9A1E7A4F7556}") = "Bing.Datas.EntityFramework.PgSql", "src\Bing.Datas.EntityFramework.PgSql\Bing.Datas.EntityFramework.PgSql.csproj", "{E94C294A-04EB-42E5-B924-52C009113F1F}"
EndProject
Project("{9A19103F-16F7-4668-BE54-9A1E7A4F7556}") = "Bing.Applications", "src\Bing.Applications\Bing.Applications.csproj", "{9E1C17B4-B332-499F-814D-FA4FB8226F0E}"
EndProject
Project("{9A19103F-16F7-4668-BE54-9A1E7A4F7556}") = "Bing.Webs", "src\Bing.Webs\Bing.Webs.csproj", "{6B0F31BD-C8B1-43E8-BE83-50827231AF6C}"
EndProject
Project("{9A19103F-16F7-4668-BE54-9A1E7A4F7556}") = "Bing.Encryption", "src\Bing.Encryption\Bing.Encryption.csproj", "{8F740664-3801-4AB1-B795-BC77BA6BCE40}"
EndProject
Project("{9A19103F-16F7-4668-BE54-9A1E7A4F7556}") = "Bing.Encryption.Tests", "tests\Bing.Encryption.Tests\Bing.Encryption.Tests.csproj", "{BE4D633B-7F23-4862-A8FD-EA2709F88812}"
EndProject
Project("{9A19103F-16F7-4668-BE54-9A1E7A4F7556}") = "Bing.MockData", "src\Bing.MockData\Bing.MockData.csproj", "{EFB7D058-07A4-4E68-B016-451F843B7D2D}"
EndProject
Project("{9A19103F-16F7-4668-BE54-9A1E7A4F7556}") = "Bing.MockData.Tests", "tests\Bing.MockData.Tests\Bing.MockData.Tests.csproj", "{C744ED9E-F1C4-4E5E-B9D6-FA8C96D3959C}"
EndProject
Project("{2150E333-8FDC-42A3-9474-1A3956D46DE8}") = "00-document", "00-document", "{90546346-497C-49F1-9A70-5DAD35DBE180}"
	ProjectSection(SolutionItems) = preProject
		README.md = README.md
	EndProjectSection
EndProject
Project("{9A19103F-16F7-4668-BE54-9A1E7A4F7556}") = "Bing.BankCardInfo", "src\Bing.BankCardInfo\Bing.BankCardInfo.csproj", "{5556CD02-008C-4DAB-B9F4-DD23EDACE87E}"
EndProject
Project("{9A19103F-16F7-4668-BE54-9A1E7A4F7556}") = "Bing.BankCardInfo.Tests", "tests\Bing.BankCardInfo.Tests\Bing.BankCardInfo.Tests.csproj", "{B50EC54D-B1C9-44CB-BE13-1475735FE304}"
EndProject
Project("{9A19103F-16F7-4668-BE54-9A1E7A4F7556}") = "Bing.Events", "src\Bing.Events\Bing.Events.csproj", "{B55867B3-E6FE-410D-A27F-55A7C63B8F2E}"
EndProject
Project("{2150E333-8FDC-42A3-9474-1A3956D46DE8}") = "03-Logs", "03-Logs", "{2CCF9114-3ADA-451C-AC1D-E5709CA8E4F2}"
EndProject
Project("{2150E333-8FDC-42A3-9474-1A3956D46DE8}") = "05-Datas", "05-Datas", "{919230E8-CEFA-48BC-958A-42601DB44C4A}"
EndProject
Project("{2150E333-8FDC-42A3-9474-1A3956D46DE8}") = "04-Events", "04-Events", "{2887E1A0-556A-426F-9470-96E109EF1A1D}"
EndProject
Project("{2150E333-8FDC-42A3-9474-1A3956D46DE8}") = "07-Webs", "07-Webs", "{EF20A6B0-0013-4DF1-BE01-8942E21D2B5D}"
EndProject
Project("{2150E333-8FDC-42A3-9474-1A3956D46DE8}") = "01-Core", "01-Core", "{0AF1076E-5001-4F92-A564-4E47E9C88ACE}"
EndProject
Global
	GlobalSection(SolutionConfigurationPlatforms) = preSolution
		Debug|Any CPU = Debug|Any CPU
		Release|Any CPU = Release|Any CPU
	EndGlobalSection
	GlobalSection(ProjectConfigurationPlatforms) = postSolution
		{B4159996-5640-4757-AE7F-B18989C7E5E1}.Debug|Any CPU.ActiveCfg = Debug|Any CPU
		{B4159996-5640-4757-AE7F-B18989C7E5E1}.Debug|Any CPU.Build.0 = Debug|Any CPU
		{B4159996-5640-4757-AE7F-B18989C7E5E1}.Release|Any CPU.ActiveCfg = Release|Any CPU
		{B4159996-5640-4757-AE7F-B18989C7E5E1}.Release|Any CPU.Build.0 = Release|Any CPU
		{937E7C90-19F2-4FB4-A671-8CDFEA70C79F}.Debug|Any CPU.ActiveCfg = Debug|Any CPU
		{937E7C90-19F2-4FB4-A671-8CDFEA70C79F}.Debug|Any CPU.Build.0 = Debug|Any CPU
		{937E7C90-19F2-4FB4-A671-8CDFEA70C79F}.Release|Any CPU.ActiveCfg = Release|Any CPU
		{937E7C90-19F2-4FB4-A671-8CDFEA70C79F}.Release|Any CPU.Build.0 = Release|Any CPU
		{5D1CCBDA-49CC-4DDA-94BF-C0479097E14B}.Debug|Any CPU.ActiveCfg = Debug|Any CPU
		{5D1CCBDA-49CC-4DDA-94BF-C0479097E14B}.Debug|Any CPU.Build.0 = Debug|Any CPU
		{5D1CCBDA-49CC-4DDA-94BF-C0479097E14B}.Release|Any CPU.ActiveCfg = Release|Any CPU
		{5D1CCBDA-49CC-4DDA-94BF-C0479097E14B}.Release|Any CPU.Build.0 = Release|Any CPU
		{FA1954C8-3373-401F-A0F8-7DEFB08C0279}.Debug|Any CPU.ActiveCfg = Debug|Any CPU
		{FA1954C8-3373-401F-A0F8-7DEFB08C0279}.Debug|Any CPU.Build.0 = Debug|Any CPU
		{FA1954C8-3373-401F-A0F8-7DEFB08C0279}.Release|Any CPU.ActiveCfg = Release|Any CPU
		{FA1954C8-3373-401F-A0F8-7DEFB08C0279}.Release|Any CPU.Build.0 = Release|Any CPU
		{648CFD84-B89E-4EB0-B7BF-33AB99CC522F}.Debug|Any CPU.ActiveCfg = Debug|Any CPU
		{648CFD84-B89E-4EB0-B7BF-33AB99CC522F}.Debug|Any CPU.Build.0 = Debug|Any CPU
		{648CFD84-B89E-4EB0-B7BF-33AB99CC522F}.Release|Any CPU.ActiveCfg = Release|Any CPU
		{648CFD84-B89E-4EB0-B7BF-33AB99CC522F}.Release|Any CPU.Build.0 = Release|Any CPU
		{967559B9-EC78-4AE2-8538-FE3A81B7E7E7}.Debug|Any CPU.ActiveCfg = Debug|Any CPU
		{967559B9-EC78-4AE2-8538-FE3A81B7E7E7}.Debug|Any CPU.Build.0 = Debug|Any CPU
		{967559B9-EC78-4AE2-8538-FE3A81B7E7E7}.Release|Any CPU.ActiveCfg = Release|Any CPU
		{967559B9-EC78-4AE2-8538-FE3A81B7E7E7}.Release|Any CPU.Build.0 = Release|Any CPU
		{A81C0832-539D-4970-819B-59BDA1E6AAB2}.Debug|Any CPU.ActiveCfg = Debug|Any CPU
		{A81C0832-539D-4970-819B-59BDA1E6AAB2}.Debug|Any CPU.Build.0 = Debug|Any CPU
		{A81C0832-539D-4970-819B-59BDA1E6AAB2}.Release|Any CPU.ActiveCfg = Release|Any CPU
		{A81C0832-539D-4970-819B-59BDA1E6AAB2}.Release|Any CPU.Build.0 = Release|Any CPU
		{F8EA946F-9164-4E23-AEE7-5ABE60A7367E}.Debug|Any CPU.ActiveCfg = Debug|Any CPU
		{F8EA946F-9164-4E23-AEE7-5ABE60A7367E}.Debug|Any CPU.Build.0 = Debug|Any CPU
		{F8EA946F-9164-4E23-AEE7-5ABE60A7367E}.Release|Any CPU.ActiveCfg = Release|Any CPU
		{F8EA946F-9164-4E23-AEE7-5ABE60A7367E}.Release|Any CPU.Build.0 = Release|Any CPU
		{3D451C67-4AB6-46D9-A4DF-790692BBA245}.Debug|Any CPU.ActiveCfg = Debug|Any CPU
		{3D451C67-4AB6-46D9-A4DF-790692BBA245}.Debug|Any CPU.Build.0 = Debug|Any CPU
		{3D451C67-4AB6-46D9-A4DF-790692BBA245}.Release|Any CPU.ActiveCfg = Release|Any CPU
		{3D451C67-4AB6-46D9-A4DF-790692BBA245}.Release|Any CPU.Build.0 = Release|Any CPU
		{97068AC1-A622-466C-8144-FA2BEC899533}.Debug|Any CPU.ActiveCfg = Debug|Any CPU
		{97068AC1-A622-466C-8144-FA2BEC899533}.Debug|Any CPU.Build.0 = Debug|Any CPU
		{97068AC1-A622-466C-8144-FA2BEC899533}.Release|Any CPU.ActiveCfg = Release|Any CPU
		{97068AC1-A622-466C-8144-FA2BEC899533}.Release|Any CPU.Build.0 = Release|Any CPU
		{6F0F0A10-0939-4A1D-85E8-FB47294144A6}.Debug|Any CPU.ActiveCfg = Debug|Any CPU
		{6F0F0A10-0939-4A1D-85E8-FB47294144A6}.Debug|Any CPU.Build.0 = Debug|Any CPU
		{6F0F0A10-0939-4A1D-85E8-FB47294144A6}.Release|Any CPU.ActiveCfg = Release|Any CPU
		{6F0F0A10-0939-4A1D-85E8-FB47294144A6}.Release|Any CPU.Build.0 = Release|Any CPU
		{09C7061E-53F0-480B-8ED5-858F27D5BE86}.Debug|Any CPU.ActiveCfg = Debug|Any CPU
		{09C7061E-53F0-480B-8ED5-858F27D5BE86}.Debug|Any CPU.Build.0 = Debug|Any CPU
		{09C7061E-53F0-480B-8ED5-858F27D5BE86}.Release|Any CPU.ActiveCfg = Release|Any CPU
		{09C7061E-53F0-480B-8ED5-858F27D5BE86}.Release|Any CPU.Build.0 = Release|Any CPU
		{52CCF153-7CA5-4EAF-A38B-67FBBDE6F338}.Debug|Any CPU.ActiveCfg = Debug|Any CPU
		{52CCF153-7CA5-4EAF-A38B-67FBBDE6F338}.Debug|Any CPU.Build.0 = Debug|Any CPU
		{52CCF153-7CA5-4EAF-A38B-67FBBDE6F338}.Release|Any CPU.ActiveCfg = Release|Any CPU
		{52CCF153-7CA5-4EAF-A38B-67FBBDE6F338}.Release|Any CPU.Build.0 = Release|Any CPU
		{3C64B26A-9324-4024-B824-7AC117CE876E}.Debug|Any CPU.ActiveCfg = Debug|Any CPU
		{3C64B26A-9324-4024-B824-7AC117CE876E}.Debug|Any CPU.Build.0 = Debug|Any CPU
		{3C64B26A-9324-4024-B824-7AC117CE876E}.Release|Any CPU.ActiveCfg = Release|Any CPU
		{3C64B26A-9324-4024-B824-7AC117CE876E}.Release|Any CPU.Build.0 = Release|Any CPU
		{3A3C07E6-6B41-4442-8B4A-114D27C330BD}.Debug|Any CPU.ActiveCfg = Debug|Any CPU
		{3A3C07E6-6B41-4442-8B4A-114D27C330BD}.Debug|Any CPU.Build.0 = Debug|Any CPU
		{3A3C07E6-6B41-4442-8B4A-114D27C330BD}.Release|Any CPU.ActiveCfg = Release|Any CPU
		{3A3C07E6-6B41-4442-8B4A-114D27C330BD}.Release|Any CPU.Build.0 = Release|Any CPU
		{E94C294A-04EB-42E5-B924-52C009113F1F}.Debug|Any CPU.ActiveCfg = Debug|Any CPU
		{E94C294A-04EB-42E5-B924-52C009113F1F}.Debug|Any CPU.Build.0 = Debug|Any CPU
		{E94C294A-04EB-42E5-B924-52C009113F1F}.Release|Any CPU.ActiveCfg = Release|Any CPU
		{E94C294A-04EB-42E5-B924-52C009113F1F}.Release|Any CPU.Build.0 = Release|Any CPU
		{9E1C17B4-B332-499F-814D-FA4FB8226F0E}.Debug|Any CPU.ActiveCfg = Debug|Any CPU
		{9E1C17B4-B332-499F-814D-FA4FB8226F0E}.Debug|Any CPU.Build.0 = Debug|Any CPU
		{9E1C17B4-B332-499F-814D-FA4FB8226F0E}.Release|Any CPU.ActiveCfg = Release|Any CPU
		{9E1C17B4-B332-499F-814D-FA4FB8226F0E}.Release|Any CPU.Build.0 = Release|Any CPU
		{6B0F31BD-C8B1-43E8-BE83-50827231AF6C}.Debug|Any CPU.ActiveCfg = Debug|Any CPU
		{6B0F31BD-C8B1-43E8-BE83-50827231AF6C}.Debug|Any CPU.Build.0 = Debug|Any CPU
		{6B0F31BD-C8B1-43E8-BE83-50827231AF6C}.Release|Any CPU.ActiveCfg = Release|Any CPU
		{6B0F31BD-C8B1-43E8-BE83-50827231AF6C}.Release|Any CPU.Build.0 = Release|Any CPU
		{8F740664-3801-4AB1-B795-BC77BA6BCE40}.Debug|Any CPU.ActiveCfg = Debug|Any CPU
		{8F740664-3801-4AB1-B795-BC77BA6BCE40}.Debug|Any CPU.Build.0 = Debug|Any CPU
		{8F740664-3801-4AB1-B795-BC77BA6BCE40}.Release|Any CPU.ActiveCfg = Release|Any CPU
		{8F740664-3801-4AB1-B795-BC77BA6BCE40}.Release|Any CPU.Build.0 = Release|Any CPU
		{BE4D633B-7F23-4862-A8FD-EA2709F88812}.Debug|Any CPU.ActiveCfg = Debug|Any CPU
		{BE4D633B-7F23-4862-A8FD-EA2709F88812}.Debug|Any CPU.Build.0 = Debug|Any CPU
		{BE4D633B-7F23-4862-A8FD-EA2709F88812}.Release|Any CPU.ActiveCfg = Release|Any CPU
		{BE4D633B-7F23-4862-A8FD-EA2709F88812}.Release|Any CPU.Build.0 = Release|Any CPU
		{EFB7D058-07A4-4E68-B016-451F843B7D2D}.Debug|Any CPU.ActiveCfg = Debug|Any CPU
		{EFB7D058-07A4-4E68-B016-451F843B7D2D}.Debug|Any CPU.Build.0 = Debug|Any CPU
		{EFB7D058-07A4-4E68-B016-451F843B7D2D}.Release|Any CPU.ActiveCfg = Release|Any CPU
		{EFB7D058-07A4-4E68-B016-451F843B7D2D}.Release|Any CPU.Build.0 = Release|Any CPU
		{C744ED9E-F1C4-4E5E-B9D6-FA8C96D3959C}.Debug|Any CPU.ActiveCfg = Debug|Any CPU
		{C744ED9E-F1C4-4E5E-B9D6-FA8C96D3959C}.Debug|Any CPU.Build.0 = Debug|Any CPU
		{C744ED9E-F1C4-4E5E-B9D6-FA8C96D3959C}.Release|Any CPU.ActiveCfg = Release|Any CPU
		{C744ED9E-F1C4-4E5E-B9D6-FA8C96D3959C}.Release|Any CPU.Build.0 = Release|Any CPU
		{5556CD02-008C-4DAB-B9F4-DD23EDACE87E}.Debug|Any CPU.ActiveCfg = Debug|Any CPU
		{5556CD02-008C-4DAB-B9F4-DD23EDACE87E}.Debug|Any CPU.Build.0 = Debug|Any CPU
		{5556CD02-008C-4DAB-B9F4-DD23EDACE87E}.Release|Any CPU.ActiveCfg = Release|Any CPU
		{5556CD02-008C-4DAB-B9F4-DD23EDACE87E}.Release|Any CPU.Build.0 = Release|Any CPU
		{B50EC54D-B1C9-44CB-BE13-1475735FE304}.Debug|Any CPU.ActiveCfg = Debug|Any CPU
		{B50EC54D-B1C9-44CB-BE13-1475735FE304}.Debug|Any CPU.Build.0 = Debug|Any CPU
		{B50EC54D-B1C9-44CB-BE13-1475735FE304}.Release|Any CPU.ActiveCfg = Release|Any CPU
		{B50EC54D-B1C9-44CB-BE13-1475735FE304}.Release|Any CPU.Build.0 = Release|Any CPU
		{B55867B3-E6FE-410D-A27F-55A7C63B8F2E}.Debug|Any CPU.ActiveCfg = Debug|Any CPU
		{B55867B3-E6FE-410D-A27F-55A7C63B8F2E}.Debug|Any CPU.Build.0 = Debug|Any CPU
		{B55867B3-E6FE-410D-A27F-55A7C63B8F2E}.Release|Any CPU.ActiveCfg = Release|Any CPU
		{B55867B3-E6FE-410D-A27F-55A7C63B8F2E}.Release|Any CPU.Build.0 = Release|Any CPU
	EndGlobalSection
	GlobalSection(SolutionProperties) = preSolution
		HideSolutionNode = FALSE
	EndGlobalSection
	GlobalSection(NestedProjects) = preSolution
		{B4159996-5640-4757-AE7F-B18989C7E5E1} = {0AF1076E-5001-4F92-A564-4E47E9C88ACE}
		{1ABB6E15-A36C-4667-B6C8-CCE8D5DB4B39} = {4A869F5F-6D49-458C-84C7-C202182BF4A6}
		{2B1B5674-9464-4DE8-BCB4-2A4A9BC6C40C} = {4A869F5F-6D49-458C-84C7-C202182BF4A6}
		{937E7C90-19F2-4FB4-A671-8CDFEA70C79F} = {2B1B5674-9464-4DE8-BCB4-2A4A9BC6C40C}
		{6FADCB24-306E-4EAF-8B24-594000568744} = {4A869F5F-6D49-458C-84C7-C202182BF4A6}
		{5D1CCBDA-49CC-4DDA-94BF-C0479097E14B} = {6FADCB24-306E-4EAF-8B24-594000568744}
		{FA1954C8-3373-401F-A0F8-7DEFB08C0279} = {30D5ACC1-E099-4201-AD86-4CDD039FD4F0}
		{77209C11-A719-45C3-9C49-27FA702503A1} = {CD2ACEBC-5B5D-4754-A638-916F2D071721}
		{52A836E8-CB0B-46F5-9BC5-DBFF92A5A57F} = {CD2ACEBC-5B5D-4754-A638-916F2D071721}
		{30D5ACC1-E099-4201-AD86-4CDD039FD4F0} = {CD2ACEBC-5B5D-4754-A638-916F2D071721}
		{B8B98A21-4821-425B-BF52-531F82EFE75F} = {1ABB6E15-A36C-4667-B6C8-CCE8D5DB4B39}
		{648CFD84-B89E-4EB0-B7BF-33AB99CC522F} = {52A836E8-CB0B-46F5-9BC5-DBFF92A5A57F}
		{967559B9-EC78-4AE2-8538-FE3A81B7E7E7} = {2B1B5674-9464-4DE8-BCB4-2A4A9BC6C40C}
		{A81C0832-539D-4970-819B-59BDA1E6AAB2} = {52A836E8-CB0B-46F5-9BC5-DBFF92A5A57F}
		{F8EA946F-9164-4E23-AEE7-5ABE60A7367E} = {2CCF9114-3ADA-451C-AC1D-E5709CA8E4F2}
		{3D451C67-4AB6-46D9-A4DF-790692BBA245} = {2CCF9114-3ADA-451C-AC1D-E5709CA8E4F2}
		{97068AC1-A622-466C-8144-FA2BEC899533} = {474AB182-21D2-44C4-A99C-31FC31E469CB}
		{6F0F0A10-0939-4A1D-85E8-FB47294144A6} = {2CCF9114-3ADA-451C-AC1D-E5709CA8E4F2}
		{09C7061E-53F0-480B-8ED5-858F27D5BE86} = {2CCF9114-3ADA-451C-AC1D-E5709CA8E4F2}
		{52CCF153-7CA5-4EAF-A38B-67FBBDE6F338} = {919230E8-CEFA-48BC-958A-42601DB44C4A}
		{3C64B26A-9324-4024-B824-7AC117CE876E} = {919230E8-CEFA-48BC-958A-42601DB44C4A}
		{3A3C07E6-6B41-4442-8B4A-114D27C330BD} = {919230E8-CEFA-48BC-958A-42601DB44C4A}
		{E94C294A-04EB-42E5-B924-52C009113F1F} = {919230E8-CEFA-48BC-958A-42601DB44C4A}
		{9E1C17B4-B332-499F-814D-FA4FB8226F0E} = {B8B98A21-4821-425B-BF52-531F82EFE75F}
		{6B0F31BD-C8B1-43E8-BE83-50827231AF6C} = {EF20A6B0-0013-4DF1-BE01-8942E21D2B5D}
		{8F740664-3801-4AB1-B795-BC77BA6BCE40} = {2B1B5674-9464-4DE8-BCB4-2A4A9BC6C40C}
		{BE4D633B-7F23-4862-A8FD-EA2709F88812} = {52A836E8-CB0B-46F5-9BC5-DBFF92A5A57F}
		{EFB7D058-07A4-4E68-B016-451F843B7D2D} = {2B1B5674-9464-4DE8-BCB4-2A4A9BC6C40C}
		{C744ED9E-F1C4-4E5E-B9D6-FA8C96D3959C} = {52A836E8-CB0B-46F5-9BC5-DBFF92A5A57F}
		{5556CD02-008C-4DAB-B9F4-DD23EDACE87E} = {2B1B5674-9464-4DE8-BCB4-2A4A9BC6C40C}
		{B50EC54D-B1C9-44CB-BE13-1475735FE304} = {52A836E8-CB0B-46F5-9BC5-DBFF92A5A57F}
		{B55867B3-E6FE-410D-A27F-55A7C63B8F2E} = {2887E1A0-556A-426F-9470-96E109EF1A1D}
		{2CCF9114-3ADA-451C-AC1D-E5709CA8E4F2} = {1ABB6E15-A36C-4667-B6C8-CCE8D5DB4B39}
		{919230E8-CEFA-48BC-958A-42601DB44C4A} = {1ABB6E15-A36C-4667-B6C8-CCE8D5DB4B39}
		{2887E1A0-556A-426F-9470-96E109EF1A1D} = {1ABB6E15-A36C-4667-B6C8-CCE8D5DB4B39}
		{EF20A6B0-0013-4DF1-BE01-8942E21D2B5D} = {1ABB6E15-A36C-4667-B6C8-CCE8D5DB4B39}
		{0AF1076E-5001-4F92-A564-4E47E9C88ACE} = {1ABB6E15-A36C-4667-B6C8-CCE8D5DB4B39}
	EndGlobalSection
	GlobalSection(ExtensibilityGlobals) = postSolution
		SolutionGuid = {82408448-62DC-44A6-B7C1-6FCEBCC12C93}
	EndGlobalSection
EndGlobal
