
Microsoft Visual Studio Solution File, Format Version 12.00
# Visual Studio Version 16
VisualStudioVersion = 16.0.29509.3
MinimumVisualStudioVersion = 10.0.40219.1
Project("{9A19103F-16F7-4668-BE54-9A1E7A4F7556}") = "Bing", "src\Bing\Bing.csproj", "{B4159996-5640-4757-AE7F-B18989C7E5E1}"
EndProject
Project("{2150E333-8FDC-42A3-9474-1A3956D46DE8}") = "01-src", "01-src", "{4A869F5F-6D49-458C-84C7-C202182BF4A6}"
	ProjectSection(SolutionItems) = preProject
		src\Directory.Build.props = src\Directory.Build.props
	EndProjectSection
EndProject
Project("{2150E333-8FDC-42A3-9474-1A3956D46DE8}") = "01-Core", "01-Core", "{1ABB6E15-A36C-4667-B6C8-CCE8D5DB4B39}"
EndProject
Project("{2150E333-8FDC-42A3-9474-1A3956D46DE8}") = "02-tests", "02-tests", "{CD2ACEBC-5B5D-4754-A638-916F2D071721}"
	ProjectSection(SolutionItems) = preProject
		tests\Directory.Build.props = tests\Directory.Build.props
	EndProjectSection
EndProject
Project("{2150E333-8FDC-42A3-9474-1A3956D46DE8}") = "03-sample", "03-sample", "{474AB182-21D2-44C4-A99C-31FC31E469CB}"
EndProject
Project("{2150E333-8FDC-42A3-9474-1A3956D46DE8}") = "00-Utils", "00-Utils", "{2B1B5674-9464-4DE8-BCB4-2A4A9BC6C40C}"
EndProject
Project("{9A19103F-16F7-4668-BE54-9A1E7A4F7556}") = "Bing.Utils", "src\Bing.Utils\Bing.Utils.csproj", "{937E7C90-19F2-4FB4-A671-8CDFEA70C79F}"
EndProject
Project("{2150E333-8FDC-42A3-9474-1A3956D46DE8}") = "01-Core", "01-Core", "{77209C11-A719-45C3-9C49-27FA702503A1}"
EndProject
Project("{2150E333-8FDC-42A3-9474-1A3956D46DE8}") = "00-Utils", "00-Utils", "{52A836E8-CB0B-46F5-9BC5-DBFF92A5A57F}"
EndProject
Project("{2150E333-8FDC-42A3-9474-1A3956D46DE8}") = "06-Applications", "06-Applications", "{B8B98A21-4821-425B-BF52-531F82EFE75F}"
EndProject
Project("{9A19103F-16F7-4668-BE54-9A1E7A4F7556}") = "Bing.Utils.Tests", "tests\Bing.Utils.Tests\Bing.Utils.Tests.csproj", "{648CFD84-B89E-4EB0-B7BF-33AB99CC522F}"
EndProject
Project("{9A19103F-16F7-4668-BE54-9A1E7A4F7556}") = "Bing.Logs", "src\Bing.Logs\Bing.Logs.csproj", "{F8EA946F-9164-4E23-AEE7-5ABE60A7367E}"
EndProject
Project("{9A19103F-16F7-4668-BE54-9A1E7A4F7556}") = "Bing.Logs.NLog", "src\Bing.Logs.NLog\Bing.Logs.NLog.csproj", "{3D451C67-4AB6-46D9-A4DF-790692BBA245}"
EndProject
Project("{9A19103F-16F7-4668-BE54-9A1E7A4F7556}") = "Bing.Samples.Api", "sample\Bing.Samples.Api\Bing.Samples.Api.csproj", "{97068AC1-A622-466C-8144-FA2BEC899533}"
EndProject
Project("{9A19103F-16F7-4668-BE54-9A1E7A4F7556}") = "Bing.Logs.Exceptionless", "src\Bing.Logs.Exceptionless\Bing.Logs.Exceptionless.csproj", "{6F0F0A10-0939-4A1D-85E8-FB47294144A6}"
EndProject
Project("{9A19103F-16F7-4668-BE54-9A1E7A4F7556}") = "Bing.Logs.Log4Net", "src\Bing.Logs.Log4Net\Bing.Logs.Log4Net.csproj", "{09C7061E-53F0-480B-8ED5-858F27D5BE86}"
EndProject
Project("{9A19103F-16F7-4668-BE54-9A1E7A4F7556}") = "Bing.Datas.EntityFramework", "src\Bing.Datas.EntityFramework\Bing.Datas.EntityFramework.csproj", "{52CCF153-7CA5-4EAF-A38B-67FBBDE6F338}"
EndProject
Project("{9A19103F-16F7-4668-BE54-9A1E7A4F7556}") = "Bing.Datas.EntityFramework.MySql", "src\Bing.Datas.EntityFramework.MySql\Bing.Datas.EntityFramework.MySql.csproj", "{3C64B26A-9324-4024-B824-7AC117CE876E}"
EndProject
Project("{9A19103F-16F7-4668-BE54-9A1E7A4F7556}") = "Bing.Datas.EntityFramework.SqlServer", "src\Bing.Datas.EntityFramework.SqlServer\Bing.Datas.EntityFramework.SqlServer.csproj", "{3A3C07E6-6B41-4442-8B4A-114D27C330BD}"
EndProject
Project("{9A19103F-16F7-4668-BE54-9A1E7A4F7556}") = "Bing.Datas.EntityFramework.PgSql", "src\Bing.Datas.EntityFramework.PgSql\Bing.Datas.EntityFramework.PgSql.csproj", "{E94C294A-04EB-42E5-B924-52C009113F1F}"
EndProject
Project("{9A19103F-16F7-4668-BE54-9A1E7A4F7556}") = "Bing.Applications", "src\Bing.Applications\Bing.Applications.csproj", "{9E1C17B4-B332-499F-814D-FA4FB8226F0E}"
EndProject
Project("{9A19103F-16F7-4668-BE54-9A1E7A4F7556}") = "Bing.Webs", "src\Bing.Webs\Bing.Webs.csproj", "{6B0F31BD-C8B1-43E8-BE83-50827231AF6C}"
EndProject
Project("{2150E333-8FDC-42A3-9474-1A3956D46DE8}") = "00-document", "00-document", "{90546346-497C-49F1-9A70-5DAD35DBE180}"
	ProjectSection(SolutionItems) = preProject
		build\pack.bat = build\pack.bat
		README.md = README.md
	EndProjectSection
EndProject
Project("{9A19103F-16F7-4668-BE54-9A1E7A4F7556}") = "Bing.Events", "src\Bing.Events\Bing.Events.csproj", "{B55867B3-E6FE-410D-A27F-55A7C63B8F2E}"
EndProject
Project("{2150E333-8FDC-42A3-9474-1A3956D46DE8}") = "03-Logs", "03-Logs", "{2CCF9114-3ADA-451C-AC1D-E5709CA8E4F2}"
EndProject
Project("{2150E333-8FDC-42A3-9474-1A3956D46DE8}") = "05-Datas", "05-Datas", "{919230E8-CEFA-48BC-958A-42601DB44C4A}"
EndProject
Project("{2150E333-8FDC-42A3-9474-1A3956D46DE8}") = "04-Events", "04-Events", "{2887E1A0-556A-426F-9470-96E109EF1A1D}"
EndProject
Project("{2150E333-8FDC-42A3-9474-1A3956D46DE8}") = "07-Webs", "07-Webs", "{EF20A6B0-0013-4DF1-BE01-8942E21D2B5D}"
EndProject
Project("{2150E333-8FDC-42A3-9474-1A3956D46DE8}") = "01-Core", "01-Core", "{0AF1076E-5001-4F92-A564-4E47E9C88ACE}"
EndProject
Project("{2150E333-8FDC-42A3-9474-1A3956D46DE8}") = "02-Security", "02-Security", "{54819E6C-8549-42E9-94C4-45EDB37F0C22}"
EndProject
Project("{9A19103F-16F7-4668-BE54-9A1E7A4F7556}") = "Bing.Security", "src\Bing.Security\Bing.Security.csproj", "{7FAE8699-A54C-4ED8-90FA-D4089EA3E8C3}"
EndProject
Project("{2150E333-8FDC-42A3-9474-1A3956D46DE8}") = "08-Caching", "08-Caching", "{6C2A39D9-1D73-4321-B386-468D9BC3D65D}"
EndProject
Project("{2150E333-8FDC-42A3-9474-1A3956D46DE8}") = "03-Components", "03-Components", "{FF7DDF01-C939-468A-A1D8-F85624E17856}"
EndProject
Project("{2150E333-8FDC-42A3-9474-1A3956D46DE8}") = "01-Core", "01-Core", "{1B17B393-F964-434A-BC31-58DDD6543208}"
EndProject
Project("{9A19103F-16F7-4668-BE54-9A1E7A4F7556}") = "Bing.Tests", "tests\Bing.Tests\Bing.Tests.csproj", "{F550105D-BCAF-4F54-9E09-C421C6F4BD83}"
EndProject
Project("{2150E333-8FDC-42A3-9474-1A3956D46DE8}") = "10-Mail", "10-Mail", "{68431A04-5A59-464F-B07B-6AB6A98EDBC4}"
EndProject
Project("{9A19103F-16F7-4668-BE54-9A1E7A4F7556}") = "Bing.MailKit", "src\Bing.MailKit\Bing.MailKit.csproj", "{EB765859-B21E-43D7-AF92-3A50543F6E05}"
EndProject
Project("{2150E333-8FDC-42A3-9474-1A3956D46DE8}") = "10-Mail", "10-Mail", "{26F546EE-E4AD-4B0A-B2AB-5B6F362E23C2}"
EndProject
Project("{9A19103F-16F7-4668-BE54-9A1E7A4F7556}") = "Bing.MailKit.Tests", "tests\Bing.MailKit.Tests\Bing.MailKit.Tests.csproj", "{9FB87130-502F-4819-8768-0F0C78C04DDB}"
EndProject
Project("{9A19103F-16F7-4668-BE54-9A1E7A4F7556}") = "Bing.Datas.Dapper", "src\Bing.Datas.Dapper\Bing.Datas.Dapper.csproj", "{7C3BE429-7A33-4054-854D-31FF1C0B340E}"
EndProject
Project("{2150E333-8FDC-42A3-9474-1A3956D46DE8}") = "04-Biz", "04-Biz", "{0A581A8F-E2C0-4E25-8AEB-5354D91F576E}"
EndProject
Project("{9A19103F-16F7-4668-BE54-9A1E7A4F7556}") = "Bing.Biz", "src\Bing.Biz\Bing.Biz.csproj", "{66193BA5-54EE-4482-ABCA-5E7E052C98A0}"
EndProject
Project("{9A19103F-16F7-4668-BE54-9A1E7A4F7556}") = "Bing.Logs.Serilog", "src\Bing.Logs.Serilog\Bing.Logs.Serilog.csproj", "{CF40C31C-676C-4E41-B55A-277127A4FE13}"
EndProject
Project("{9A19103F-16F7-4668-BE54-9A1E7A4F7556}") = "Bing.Samples.IdentityServer4", "sample\Bing.Samples.IdentityServer4\Bing.Samples.IdentityServer4.csproj", "{07CB0244-420B-42F3-A44C-CC287804D586}"
EndProject
Project("{9A19103F-16F7-4668-BE54-9A1E7A4F7556}") = "Bing.Biz.Payments", "src\Bing.Biz.Payments\Bing.Biz.Payments.csproj", "{1E0E74FA-91EA-4421-9C56-5650B4C8C7B0}"
EndProject
Project("{9A19103F-16F7-4668-BE54-9A1E7A4F7556}") = "Bing.Datas.Test.Integration", "tests\Bing.Datas.Test.Integration\Bing.Datas.Test.Integration.csproj", "{C6D71A66-22A2-4832-8BB8-9C45A769EDD2}"
EndProject
Project("{2150E333-8FDC-42A3-9474-1A3956D46DE8}") = "11-Mapping", "11-Mapping", "{6A3D8548-25CE-45E4-AFC7-86779FCF39B4}"
EndProject
Project("{9A19103F-16F7-4668-BE54-9A1E7A4F7556}") = "Bing.AutoMapper", "src\Bing.AutoMapper\Bing.AutoMapper.csproj", "{24789049-0DA9-4B9C-B67B-410750FC56A7}"
EndProject
Project("{2150E333-8FDC-42A3-9474-1A3956D46DE8}") = "11-Mapping", "11-Mapping", "{BA03F576-3C03-4F4A-AB8A-F36AAC0096BB}"
EndProject
Project("{9A19103F-16F7-4668-BE54-9A1E7A4F7556}") = "Bing.AutoMapper.Tests", "tests\Bing.AutoMapper.Tests\Bing.AutoMapper.Tests.csproj", "{C4A33092-EA55-40C1-B8C8-A5398B3A0053}"
EndProject
Project("{9A19103F-16F7-4668-BE54-9A1E7A4F7556}") = "Bing.AspNetCore", "src\Bing.AspNetCore\Bing.AspNetCore.csproj", "{BA1A1ED0-1659-4EDE-8398-6AF4D8F0F876}"
EndProject
Project("{9A19103F-16F7-4668-BE54-9A1E7A4F7556}") = "Bing.Biz.OAuthLogin", "src\Bing.Biz.OAuthLogin\Bing.Biz.OAuthLogin.csproj", "{CEA1D0B9-B17A-4FDA-8A87-316CF599FDE8}"
EndProject
Project("{2150E333-8FDC-42A3-9474-1A3956D46DE8}") = "04-Biz", "04-Biz", "{295D45FD-5660-497A-983E-81C75029AB60}"
EndProject
Project("{9A19103F-16F7-4668-BE54-9A1E7A4F7556}") = "Bing.Biz.Tests.Intergration", "tests\Bing.Biz.Tests.Intergration\Bing.Biz.Tests.Intergration.csproj", "{4E2B1503-1937-4FA1-8E7E-FD4129BFF7BE}"
EndProject
Project("{9A19103F-16F7-4668-BE54-9A1E7A4F7556}") = "Bing.Samples.GraphQL", "sample\Bing.Samples.GraphQL\Bing.Samples.GraphQL.csproj", "{C3A7D208-C0D8-48AC-BB23-9138EF850768}"
EndProject
Project("{9A19103F-16F7-4668-BE54-9A1E7A4F7556}") = "Bing.Utils.Drawing", "src\Bing.Utils.Drawing\Bing.Utils.Drawing.csproj", "{3F28BFCB-B1C7-4A7C-BA58-8BEA9998F0A4}"
EndProject
Project("{2150E333-8FDC-42A3-9474-1A3956D46DE8}") = "_SolutionItems", "_SolutionItems", "{268C9D9A-9655-4A48-8A5F-27815D05D224}"
	ProjectSection(SolutionItems) = preProject
		.editorconfig = .editorconfig
		.gitattributes = .gitattributes
		.gitignore = .gitignore
		.travis.yml = .travis.yml
		appveyor.yml = appveyor.yml
		Directory.Build.targets = Directory.Build.targets
		LICENSE = LICENSE
	EndProjectSection
EndProject
Project("{9A19103F-16F7-4668-BE54-9A1E7A4F7556}") = "Bing.Samples.Identity", "sample\Bing.Samples.Identity\Bing.Samples.Identity.csproj", "{BE9D370F-C77A-4F7D-AE07-5D097F9A724C}"
EndProject
Project("{9A19103F-16F7-4668-BE54-9A1E7A4F7556}") = "Bing.EasyCaching", "src\Bing.EasyCaching\Bing.EasyCaching.csproj", "{2D9D0F7E-543F-42BB-8595-B1DD93FEFE69}"
EndProject
Project("{9A19103F-16F7-4668-BE54-9A1E7A4F7556}") = "Bing.Mapster", "src\Bing.Mapster\Bing.Mapster.csproj", "{E10DB76E-BDD0-422C-87E0-089985E4C404}"
EndProject
Project("{9A19103F-16F7-4668-BE54-9A1E7A4F7556}") = "Bing.Datas.EntityFramework.Oracle", "src\Bing.Datas.EntityFramework.Oracle\Bing.Datas.EntityFramework.Oracle.csproj", "{0F28A333-5605-4E61-BD42-89FB4FC18D34}"
EndProject
Project("{9A19103F-16F7-4668-BE54-9A1E7A4F7556}") = "Bing.Datas.EntityFramework.Sqlite", "src\Bing.Datas.EntityFramework.Sqlite\Bing.Datas.EntityFramework.Sqlite.csproj", "{7D3CE260-BF01-4F48-AB9F-B73BF293FDE4}"
EndProject
Project("{9A19103F-16F7-4668-BE54-9A1E7A4F7556}") = "Bing.MiniProfiler", "src\Bing.MiniProfiler\Bing.MiniProfiler.csproj", "{EFC2120A-C3C9-472B-B464-7AF4E5F4846F}"
EndProject
Project("{9A19103F-16F7-4668-BE54-9A1E7A4F7556}") = "Bing.Permissions", "src\Bing.Permissions\Bing.Permissions.csproj", "{1DA7A52C-D593-4B04-9A5B-1136BDC3D69F}"
EndProject
Project("{9A19103F-16F7-4668-BE54-9A1E7A4F7556}") = "Bing.Samples.Jwt", "sample\Bing.Samples.Jwt\Bing.Samples.Jwt.csproj", "{0A8432D1-A6DA-4FA6-9CDD-5D6F4400C106}"
EndProject
Project("{9A19103F-16F7-4668-BE54-9A1E7A4F7556}") = "Bing.Samples", "sample\Bing.Samples\Bing.Samples.csproj", "{ED93A6B1-F0B6-4237-A1CA-1F900B181D8D}"
EndProject
Project("{9A19103F-16F7-4668-BE54-9A1E7A4F7556}") = "Bing.Samples.EventHandlers", "sample\Bing.Samples.EventHandlers\Bing.Samples.EventHandlers.csproj", "{5927210C-957F-445E-BA2E-D066DCB46D3F}"
EndProject
Project("{9A19103F-16F7-4668-BE54-9A1E7A4F7556}") = "Bing.Samples.Data", "sample\Bing.Samples.Data\Bing.Samples.Data.csproj", "{E7568FB5-8E06-48A9-98EC-8501A94F294D}"
EndProject
Project("{9A19103F-16F7-4668-BE54-9A1E7A4F7556}") = "Bing.Samples.Domain", "sample\Bing.Samples.Domain\Bing.Samples.Domain.csproj", "{8B98D599-54DD-40E9-B6E0-14201B076FFD}"
EndProject
Project("{9A19103F-16F7-4668-BE54-9A1E7A4F7556}") = "Bing.Samples.Service", "sample\Bing.Samples.Service\Bing.Samples.Service.csproj", "{C705C4C2-96E2-428C-9F82-1FB9ABD5EDDC}"
EndProject
Project("{9A19103F-16F7-4668-BE54-9A1E7A4F7556}") = "Bing.Samples.Infrastructure", "sample\Bing.Samples.Infrastructure\Bing.Samples.Infrastructure.csproj", "{6177D37F-F047-4EB7-BC48-361341E15119}"
EndProject
Project("{2150E333-8FDC-42A3-9474-1A3956D46DE8}") = "01-Presentation", "01-Presentation", "{A051CB18-7AA2-4809-A7A8-1F574A0782CE}"
EndProject
Project("{2150E333-8FDC-42A3-9474-1A3956D46DE8}") = "02-Service", "02-Service", "{FA4C95B5-488F-4515-BD97-FC4CC412D3CD}"
EndProject
Project("{2150E333-8FDC-42A3-9474-1A3956D46DE8}") = "03-Domain", "03-Domain", "{72AC5356-5FCA-4D9C-A8DD-1519228665C1}"
EndProject
Project("{2150E333-8FDC-42A3-9474-1A3956D46DE8}") = "04-Infrastructure", "04-Infrastructure", "{64C31B2B-8532-4C98-9475-7E5B5A2AA635}"
EndProject
Project("{2150E333-8FDC-42A3-9474-1A3956D46DE8}") = "99-Other", "99-Other", "{2D0D80CE-BE06-49D9-A392-E7D122F91534}"
EndProject
Project("{2150E333-8FDC-42A3-9474-1A3956D46DE8}") = "build", "build", "{E6769B84-BD45-407E-B1DC-34349F1A8F05}"
	ProjectSection(SolutionItems) = preProject
		build\common.props = build\common.props
	EndProjectSection
EndProject
Project("{9A19103F-16F7-4668-BE54-9A1E7A4F7556}") = "Bing.Tests.Samples", "tests\Bing.Tests.Samples\Bing.Tests.Samples.csproj", "{0891B837-01AB-4C2B-B516-4129A076F34E}"
EndProject
Project("{2150E333-8FDC-42A3-9474-1A3956D46DE8}") = "01-Quartz", "01-Quartz", "{7FBEB621-9962-4357-8D8E-6B7EA833D06F}"
EndProject
Project("{9A19103F-16F7-4668-BE54-9A1E7A4F7556}") = "Bing.Quartz", "src\Bing.Quartz\Bing.Quartz.csproj", "{DA1FE566-B80A-4B6C-B33B-7AC645131611}"
EndProject
Project("{9A19103F-16F7-4668-BE54-9A1E7A4F7556}") = "Bing.Datas", "src\Bing.Datas\Bing.Datas.csproj", "{0D315460-8341-446F-A1A3-819600AA69FF}"
EndProject
Project("{FAE04EC0-301F-11D3-BF4B-00C04F79EFBC}") = "Bing.Caching.CSRedis", "src\Bing.Caching.CSRedis\Bing.Caching.CSRedis.csproj", "{98E58A27-5CFE-4E14-8651-D20A6F99B051}"
EndProject
Global
	GlobalSection(SolutionConfigurationPlatforms) = preSolution
		Debug|Any CPU = Debug|Any CPU
		Release|Any CPU = Release|Any CPU
	EndGlobalSection
	GlobalSection(ProjectConfigurationPlatforms) = postSolution
		{B4159996-5640-4757-AE7F-B18989C7E5E1}.Debug|Any CPU.ActiveCfg = Debug|Any CPU
		{B4159996-5640-4757-AE7F-B18989C7E5E1}.Debug|Any CPU.Build.0 = Debug|Any CPU
		{B4159996-5640-4757-AE7F-B18989C7E5E1}.Release|Any CPU.ActiveCfg = Release|Any CPU
		{B4159996-5640-4757-AE7F-B18989C7E5E1}.Release|Any CPU.Build.0 = Release|Any CPU
		{937E7C90-19F2-4FB4-A671-8CDFEA70C79F}.Debug|Any CPU.ActiveCfg = Debug|Any CPU
		{937E7C90-19F2-4FB4-A671-8CDFEA70C79F}.Debug|Any CPU.Build.0 = Debug|Any CPU
		{937E7C90-19F2-4FB4-A671-8CDFEA70C79F}.Release|Any CPU.ActiveCfg = Release|Any CPU
		{937E7C90-19F2-4FB4-A671-8CDFEA70C79F}.Release|Any CPU.Build.0 = Release|Any CPU
		{648CFD84-B89E-4EB0-B7BF-33AB99CC522F}.Debug|Any CPU.ActiveCfg = Debug|Any CPU
		{648CFD84-B89E-4EB0-B7BF-33AB99CC522F}.Debug|Any CPU.Build.0 = Debug|Any CPU
		{648CFD84-B89E-4EB0-B7BF-33AB99CC522F}.Release|Any CPU.ActiveCfg = Release|Any CPU
		{648CFD84-B89E-4EB0-B7BF-33AB99CC522F}.Release|Any CPU.Build.0 = Release|Any CPU
		{F8EA946F-9164-4E23-AEE7-5ABE60A7367E}.Debug|Any CPU.ActiveCfg = Debug|Any CPU
		{F8EA946F-9164-4E23-AEE7-5ABE60A7367E}.Debug|Any CPU.Build.0 = Debug|Any CPU
		{F8EA946F-9164-4E23-AEE7-5ABE60A7367E}.Release|Any CPU.ActiveCfg = Release|Any CPU
		{F8EA946F-9164-4E23-AEE7-5ABE60A7367E}.Release|Any CPU.Build.0 = Release|Any CPU
		{3D451C67-4AB6-46D9-A4DF-790692BBA245}.Debug|Any CPU.ActiveCfg = Debug|Any CPU
		{3D451C67-4AB6-46D9-A4DF-790692BBA245}.Debug|Any CPU.Build.0 = Debug|Any CPU
		{3D451C67-4AB6-46D9-A4DF-790692BBA245}.Release|Any CPU.ActiveCfg = Release|Any CPU
		{3D451C67-4AB6-46D9-A4DF-790692BBA245}.Release|Any CPU.Build.0 = Release|Any CPU
		{97068AC1-A622-466C-8144-FA2BEC899533}.Debug|Any CPU.ActiveCfg = Debug|Any CPU
		{97068AC1-A622-466C-8144-FA2BEC899533}.Debug|Any CPU.Build.0 = Debug|Any CPU
		{97068AC1-A622-466C-8144-FA2BEC899533}.Release|Any CPU.ActiveCfg = Release|Any CPU
		{97068AC1-A622-466C-8144-FA2BEC899533}.Release|Any CPU.Build.0 = Release|Any CPU
		{6F0F0A10-0939-4A1D-85E8-FB47294144A6}.Debug|Any CPU.ActiveCfg = Debug|Any CPU
		{6F0F0A10-0939-4A1D-85E8-FB47294144A6}.Debug|Any CPU.Build.0 = Debug|Any CPU
		{6F0F0A10-0939-4A1D-85E8-FB47294144A6}.Release|Any CPU.ActiveCfg = Release|Any CPU
		{6F0F0A10-0939-4A1D-85E8-FB47294144A6}.Release|Any CPU.Build.0 = Release|Any CPU
		{09C7061E-53F0-480B-8ED5-858F27D5BE86}.Debug|Any CPU.ActiveCfg = Debug|Any CPU
		{09C7061E-53F0-480B-8ED5-858F27D5BE86}.Debug|Any CPU.Build.0 = Debug|Any CPU
		{09C7061E-53F0-480B-8ED5-858F27D5BE86}.Release|Any CPU.ActiveCfg = Release|Any CPU
		{09C7061E-53F0-480B-8ED5-858F27D5BE86}.Release|Any CPU.Build.0 = Release|Any CPU
		{52CCF153-7CA5-4EAF-A38B-67FBBDE6F338}.Debug|Any CPU.ActiveCfg = Debug|Any CPU
		{52CCF153-7CA5-4EAF-A38B-67FBBDE6F338}.Debug|Any CPU.Build.0 = Debug|Any CPU
		{52CCF153-7CA5-4EAF-A38B-67FBBDE6F338}.Release|Any CPU.ActiveCfg = Release|Any CPU
		{52CCF153-7CA5-4EAF-A38B-67FBBDE6F338}.Release|Any CPU.Build.0 = Release|Any CPU
		{3C64B26A-9324-4024-B824-7AC117CE876E}.Debug|Any CPU.ActiveCfg = Debug|Any CPU
		{3C64B26A-9324-4024-B824-7AC117CE876E}.Debug|Any CPU.Build.0 = Debug|Any CPU
		{3C64B26A-9324-4024-B824-7AC117CE876E}.Release|Any CPU.ActiveCfg = Release|Any CPU
		{3C64B26A-9324-4024-B824-7AC117CE876E}.Release|Any CPU.Build.0 = Release|Any CPU
		{3A3C07E6-6B41-4442-8B4A-114D27C330BD}.Debug|Any CPU.ActiveCfg = Debug|Any CPU
		{3A3C07E6-6B41-4442-8B4A-114D27C330BD}.Debug|Any CPU.Build.0 = Debug|Any CPU
		{3A3C07E6-6B41-4442-8B4A-114D27C330BD}.Release|Any CPU.ActiveCfg = Release|Any CPU
		{3A3C07E6-6B41-4442-8B4A-114D27C330BD}.Release|Any CPU.Build.0 = Release|Any CPU
		{E94C294A-04EB-42E5-B924-52C009113F1F}.Debug|Any CPU.ActiveCfg = Debug|Any CPU
		{E94C294A-04EB-42E5-B924-52C009113F1F}.Debug|Any CPU.Build.0 = Debug|Any CPU
		{E94C294A-04EB-42E5-B924-52C009113F1F}.Release|Any CPU.ActiveCfg = Release|Any CPU
		{E94C294A-04EB-42E5-B924-52C009113F1F}.Release|Any CPU.Build.0 = Release|Any CPU
		{9E1C17B4-B332-499F-814D-FA4FB8226F0E}.Debug|Any CPU.ActiveCfg = Debug|Any CPU
		{9E1C17B4-B332-499F-814D-FA4FB8226F0E}.Debug|Any CPU.Build.0 = Debug|Any CPU
		{9E1C17B4-B332-499F-814D-FA4FB8226F0E}.Release|Any CPU.ActiveCfg = Release|Any CPU
		{9E1C17B4-B332-499F-814D-FA4FB8226F0E}.Release|Any CPU.Build.0 = Release|Any CPU
		{6B0F31BD-C8B1-43E8-BE83-50827231AF6C}.Debug|Any CPU.ActiveCfg = Debug|Any CPU
		{6B0F31BD-C8B1-43E8-BE83-50827231AF6C}.Debug|Any CPU.Build.0 = Debug|Any CPU
		{6B0F31BD-C8B1-43E8-BE83-50827231AF6C}.Release|Any CPU.ActiveCfg = Release|Any CPU
		{6B0F31BD-C8B1-43E8-BE83-50827231AF6C}.Release|Any CPU.Build.0 = Release|Any CPU
		{B55867B3-E6FE-410D-A27F-55A7C63B8F2E}.Debug|Any CPU.ActiveCfg = Debug|Any CPU
		{B55867B3-E6FE-410D-A27F-55A7C63B8F2E}.Debug|Any CPU.Build.0 = Debug|Any CPU
		{B55867B3-E6FE-410D-A27F-55A7C63B8F2E}.Release|Any CPU.ActiveCfg = Release|Any CPU
		{B55867B3-E6FE-410D-A27F-55A7C63B8F2E}.Release|Any CPU.Build.0 = Release|Any CPU
		{7FAE8699-A54C-4ED8-90FA-D4089EA3E8C3}.Debug|Any CPU.ActiveCfg = Debug|Any CPU
		{7FAE8699-A54C-4ED8-90FA-D4089EA3E8C3}.Debug|Any CPU.Build.0 = Debug|Any CPU
		{7FAE8699-A54C-4ED8-90FA-D4089EA3E8C3}.Release|Any CPU.ActiveCfg = Release|Any CPU
		{7FAE8699-A54C-4ED8-90FA-D4089EA3E8C3}.Release|Any CPU.Build.0 = Release|Any CPU
		{F550105D-BCAF-4F54-9E09-C421C6F4BD83}.Debug|Any CPU.ActiveCfg = Debug|Any CPU
		{F550105D-BCAF-4F54-9E09-C421C6F4BD83}.Debug|Any CPU.Build.0 = Debug|Any CPU
		{F550105D-BCAF-4F54-9E09-C421C6F4BD83}.Release|Any CPU.ActiveCfg = Release|Any CPU
		{F550105D-BCAF-4F54-9E09-C421C6F4BD83}.Release|Any CPU.Build.0 = Release|Any CPU
		{EB765859-B21E-43D7-AF92-3A50543F6E05}.Debug|Any CPU.ActiveCfg = Debug|Any CPU
		{EB765859-B21E-43D7-AF92-3A50543F6E05}.Debug|Any CPU.Build.0 = Debug|Any CPU
		{EB765859-B21E-43D7-AF92-3A50543F6E05}.Release|Any CPU.ActiveCfg = Release|Any CPU
		{EB765859-B21E-43D7-AF92-3A50543F6E05}.Release|Any CPU.Build.0 = Release|Any CPU
		{9FB87130-502F-4819-8768-0F0C78C04DDB}.Debug|Any CPU.ActiveCfg = Debug|Any CPU
		{9FB87130-502F-4819-8768-0F0C78C04DDB}.Debug|Any CPU.Build.0 = Debug|Any CPU
		{9FB87130-502F-4819-8768-0F0C78C04DDB}.Release|Any CPU.ActiveCfg = Release|Any CPU
		{9FB87130-502F-4819-8768-0F0C78C04DDB}.Release|Any CPU.Build.0 = Release|Any CPU
		{7C3BE429-7A33-4054-854D-31FF1C0B340E}.Debug|Any CPU.ActiveCfg = Debug|Any CPU
		{7C3BE429-7A33-4054-854D-31FF1C0B340E}.Debug|Any CPU.Build.0 = Debug|Any CPU
		{7C3BE429-7A33-4054-854D-31FF1C0B340E}.Release|Any CPU.ActiveCfg = Release|Any CPU
		{7C3BE429-7A33-4054-854D-31FF1C0B340E}.Release|Any CPU.Build.0 = Release|Any CPU
		{66193BA5-54EE-4482-ABCA-5E7E052C98A0}.Debug|Any CPU.ActiveCfg = Debug|Any CPU
		{66193BA5-54EE-4482-ABCA-5E7E052C98A0}.Debug|Any CPU.Build.0 = Debug|Any CPU
		{66193BA5-54EE-4482-ABCA-5E7E052C98A0}.Release|Any CPU.ActiveCfg = Release|Any CPU
		{66193BA5-54EE-4482-ABCA-5E7E052C98A0}.Release|Any CPU.Build.0 = Release|Any CPU
		{CF40C31C-676C-4E41-B55A-277127A4FE13}.Debug|Any CPU.ActiveCfg = Debug|Any CPU
		{CF40C31C-676C-4E41-B55A-277127A4FE13}.Debug|Any CPU.Build.0 = Debug|Any CPU
		{CF40C31C-676C-4E41-B55A-277127A4FE13}.Release|Any CPU.ActiveCfg = Release|Any CPU
		{CF40C31C-676C-4E41-B55A-277127A4FE13}.Release|Any CPU.Build.0 = Release|Any CPU
		{07CB0244-420B-42F3-A44C-CC287804D586}.Debug|Any CPU.ActiveCfg = Debug|Any CPU
		{07CB0244-420B-42F3-A44C-CC287804D586}.Debug|Any CPU.Build.0 = Debug|Any CPU
		{07CB0244-420B-42F3-A44C-CC287804D586}.Release|Any CPU.ActiveCfg = Release|Any CPU
		{07CB0244-420B-42F3-A44C-CC287804D586}.Release|Any CPU.Build.0 = Release|Any CPU
		{1E0E74FA-91EA-4421-9C56-5650B4C8C7B0}.Debug|Any CPU.ActiveCfg = Debug|Any CPU
		{1E0E74FA-91EA-4421-9C56-5650B4C8C7B0}.Debug|Any CPU.Build.0 = Debug|Any CPU
		{1E0E74FA-91EA-4421-9C56-5650B4C8C7B0}.Release|Any CPU.ActiveCfg = Release|Any CPU
		{1E0E74FA-91EA-4421-9C56-5650B4C8C7B0}.Release|Any CPU.Build.0 = Release|Any CPU
		{C6D71A66-22A2-4832-8BB8-9C45A769EDD2}.Debug|Any CPU.ActiveCfg = Debug|Any CPU
		{C6D71A66-22A2-4832-8BB8-9C45A769EDD2}.Debug|Any CPU.Build.0 = Debug|Any CPU
		{C6D71A66-22A2-4832-8BB8-9C45A769EDD2}.Release|Any CPU.ActiveCfg = Release|Any CPU
		{C6D71A66-22A2-4832-8BB8-9C45A769EDD2}.Release|Any CPU.Build.0 = Release|Any CPU
		{24789049-0DA9-4B9C-B67B-410750FC56A7}.Debug|Any CPU.ActiveCfg = Debug|Any CPU
		{24789049-0DA9-4B9C-B67B-410750FC56A7}.Debug|Any CPU.Build.0 = Debug|Any CPU
		{24789049-0DA9-4B9C-B67B-410750FC56A7}.Release|Any CPU.ActiveCfg = Release|Any CPU
		{24789049-0DA9-4B9C-B67B-410750FC56A7}.Release|Any CPU.Build.0 = Release|Any CPU
		{C4A33092-EA55-40C1-B8C8-A5398B3A0053}.Debug|Any CPU.ActiveCfg = Debug|Any CPU
		{C4A33092-EA55-40C1-B8C8-A5398B3A0053}.Debug|Any CPU.Build.0 = Debug|Any CPU
		{C4A33092-EA55-40C1-B8C8-A5398B3A0053}.Release|Any CPU.ActiveCfg = Release|Any CPU
		{C4A33092-EA55-40C1-B8C8-A5398B3A0053}.Release|Any CPU.Build.0 = Release|Any CPU
		{BA1A1ED0-1659-4EDE-8398-6AF4D8F0F876}.Debug|Any CPU.ActiveCfg = Debug|Any CPU
		{BA1A1ED0-1659-4EDE-8398-6AF4D8F0F876}.Debug|Any CPU.Build.0 = Debug|Any CPU
		{BA1A1ED0-1659-4EDE-8398-6AF4D8F0F876}.Release|Any CPU.ActiveCfg = Release|Any CPU
		{BA1A1ED0-1659-4EDE-8398-6AF4D8F0F876}.Release|Any CPU.Build.0 = Release|Any CPU
		{CEA1D0B9-B17A-4FDA-8A87-316CF599FDE8}.Debug|Any CPU.ActiveCfg = Debug|Any CPU
		{CEA1D0B9-B17A-4FDA-8A87-316CF599FDE8}.Debug|Any CPU.Build.0 = Debug|Any CPU
		{CEA1D0B9-B17A-4FDA-8A87-316CF599FDE8}.Release|Any CPU.ActiveCfg = Release|Any CPU
		{CEA1D0B9-B17A-4FDA-8A87-316CF599FDE8}.Release|Any CPU.Build.0 = Release|Any CPU
		{4E2B1503-1937-4FA1-8E7E-FD4129BFF7BE}.Debug|Any CPU.ActiveCfg = Debug|Any CPU
		{4E2B1503-1937-4FA1-8E7E-FD4129BFF7BE}.Debug|Any CPU.Build.0 = Debug|Any CPU
		{4E2B1503-1937-4FA1-8E7E-FD4129BFF7BE}.Release|Any CPU.ActiveCfg = Release|Any CPU
		{4E2B1503-1937-4FA1-8E7E-FD4129BFF7BE}.Release|Any CPU.Build.0 = Release|Any CPU
		{C3A7D208-C0D8-48AC-BB23-9138EF850768}.Debug|Any CPU.ActiveCfg = Debug|Any CPU
		{C3A7D208-C0D8-48AC-BB23-9138EF850768}.Debug|Any CPU.Build.0 = Debug|Any CPU
		{C3A7D208-C0D8-48AC-BB23-9138EF850768}.Release|Any CPU.ActiveCfg = Release|Any CPU
		{C3A7D208-C0D8-48AC-BB23-9138EF850768}.Release|Any CPU.Build.0 = Release|Any CPU
		{3F28BFCB-B1C7-4A7C-BA58-8BEA9998F0A4}.Debug|Any CPU.ActiveCfg = Debug|Any CPU
		{3F28BFCB-B1C7-4A7C-BA58-8BEA9998F0A4}.Debug|Any CPU.Build.0 = Debug|Any CPU
		{3F28BFCB-B1C7-4A7C-BA58-8BEA9998F0A4}.Release|Any CPU.ActiveCfg = Release|Any CPU
		{3F28BFCB-B1C7-4A7C-BA58-8BEA9998F0A4}.Release|Any CPU.Build.0 = Release|Any CPU
		{BE9D370F-C77A-4F7D-AE07-5D097F9A724C}.Debug|Any CPU.ActiveCfg = Debug|Any CPU
		{BE9D370F-C77A-4F7D-AE07-5D097F9A724C}.Debug|Any CPU.Build.0 = Debug|Any CPU
		{BE9D370F-C77A-4F7D-AE07-5D097F9A724C}.Release|Any CPU.ActiveCfg = Release|Any CPU
		{BE9D370F-C77A-4F7D-AE07-5D097F9A724C}.Release|Any CPU.Build.0 = Release|Any CPU
		{2D9D0F7E-543F-42BB-8595-B1DD93FEFE69}.Debug|Any CPU.ActiveCfg = Debug|Any CPU
		{2D9D0F7E-543F-42BB-8595-B1DD93FEFE69}.Debug|Any CPU.Build.0 = Debug|Any CPU
		{2D9D0F7E-543F-42BB-8595-B1DD93FEFE69}.Release|Any CPU.ActiveCfg = Release|Any CPU
		{2D9D0F7E-543F-42BB-8595-B1DD93FEFE69}.Release|Any CPU.Build.0 = Release|Any CPU
		{E10DB76E-BDD0-422C-87E0-089985E4C404}.Debug|Any CPU.ActiveCfg = Debug|Any CPU
		{E10DB76E-BDD0-422C-87E0-089985E4C404}.Debug|Any CPU.Build.0 = Debug|Any CPU
		{E10DB76E-BDD0-422C-87E0-089985E4C404}.Release|Any CPU.ActiveCfg = Release|Any CPU
		{E10DB76E-BDD0-422C-87E0-089985E4C404}.Release|Any CPU.Build.0 = Release|Any CPU
		{0F28A333-5605-4E61-BD42-89FB4FC18D34}.Debug|Any CPU.ActiveCfg = Debug|Any CPU
		{0F28A333-5605-4E61-BD42-89FB4FC18D34}.Debug|Any CPU.Build.0 = Debug|Any CPU
		{0F28A333-5605-4E61-BD42-89FB4FC18D34}.Release|Any CPU.ActiveCfg = Release|Any CPU
		{0F28A333-5605-4E61-BD42-89FB4FC18D34}.Release|Any CPU.Build.0 = Release|Any CPU
		{7D3CE260-BF01-4F48-AB9F-B73BF293FDE4}.Debug|Any CPU.ActiveCfg = Debug|Any CPU
		{7D3CE260-BF01-4F48-AB9F-B73BF293FDE4}.Debug|Any CPU.Build.0 = Debug|Any CPU
		{7D3CE260-BF01-4F48-AB9F-B73BF293FDE4}.Release|Any CPU.ActiveCfg = Release|Any CPU
		{7D3CE260-BF01-4F48-AB9F-B73BF293FDE4}.Release|Any CPU.Build.0 = Release|Any CPU
		{EFC2120A-C3C9-472B-B464-7AF4E5F4846F}.Debug|Any CPU.ActiveCfg = Debug|Any CPU
		{EFC2120A-C3C9-472B-B464-7AF4E5F4846F}.Debug|Any CPU.Build.0 = Debug|Any CPU
		{EFC2120A-C3C9-472B-B464-7AF4E5F4846F}.Release|Any CPU.ActiveCfg = Release|Any CPU
		{EFC2120A-C3C9-472B-B464-7AF4E5F4846F}.Release|Any CPU.Build.0 = Release|Any CPU
		{1DA7A52C-D593-4B04-9A5B-1136BDC3D69F}.Debug|Any CPU.ActiveCfg = Debug|Any CPU
		{1DA7A52C-D593-4B04-9A5B-1136BDC3D69F}.Debug|Any CPU.Build.0 = Debug|Any CPU
		{1DA7A52C-D593-4B04-9A5B-1136BDC3D69F}.Release|Any CPU.ActiveCfg = Release|Any CPU
		{1DA7A52C-D593-4B04-9A5B-1136BDC3D69F}.Release|Any CPU.Build.0 = Release|Any CPU
		{0A8432D1-A6DA-4FA6-9CDD-5D6F4400C106}.Debug|Any CPU.ActiveCfg = Debug|Any CPU
		{0A8432D1-A6DA-4FA6-9CDD-5D6F4400C106}.Debug|Any CPU.Build.0 = Debug|Any CPU
		{0A8432D1-A6DA-4FA6-9CDD-5D6F4400C106}.Release|Any CPU.ActiveCfg = Release|Any CPU
		{0A8432D1-A6DA-4FA6-9CDD-5D6F4400C106}.Release|Any CPU.Build.0 = Release|Any CPU
		{ED93A6B1-F0B6-4237-A1CA-1F900B181D8D}.Debug|Any CPU.ActiveCfg = Debug|Any CPU
		{ED93A6B1-F0B6-4237-A1CA-1F900B181D8D}.Debug|Any CPU.Build.0 = Debug|Any CPU
		{ED93A6B1-F0B6-4237-A1CA-1F900B181D8D}.Release|Any CPU.ActiveCfg = Release|Any CPU
		{ED93A6B1-F0B6-4237-A1CA-1F900B181D8D}.Release|Any CPU.Build.0 = Release|Any CPU
		{5927210C-957F-445E-BA2E-D066DCB46D3F}.Debug|Any CPU.ActiveCfg = Debug|Any CPU
		{5927210C-957F-445E-BA2E-D066DCB46D3F}.Debug|Any CPU.Build.0 = Debug|Any CPU
		{5927210C-957F-445E-BA2E-D066DCB46D3F}.Release|Any CPU.ActiveCfg = Release|Any CPU
		{5927210C-957F-445E-BA2E-D066DCB46D3F}.Release|Any CPU.Build.0 = Release|Any CPU
		{E7568FB5-8E06-48A9-98EC-8501A94F294D}.Debug|Any CPU.ActiveCfg = Debug|Any CPU
		{E7568FB5-8E06-48A9-98EC-8501A94F294D}.Debug|Any CPU.Build.0 = Debug|Any CPU
		{E7568FB5-8E06-48A9-98EC-8501A94F294D}.Release|Any CPU.ActiveCfg = Release|Any CPU
		{E7568FB5-8E06-48A9-98EC-8501A94F294D}.Release|Any CPU.Build.0 = Release|Any CPU
		{8B98D599-54DD-40E9-B6E0-14201B076FFD}.Debug|Any CPU.ActiveCfg = Debug|Any CPU
		{8B98D599-54DD-40E9-B6E0-14201B076FFD}.Debug|Any CPU.Build.0 = Debug|Any CPU
		{8B98D599-54DD-40E9-B6E0-14201B076FFD}.Release|Any CPU.ActiveCfg = Release|Any CPU
		{8B98D599-54DD-40E9-B6E0-14201B076FFD}.Release|Any CPU.Build.0 = Release|Any CPU
		{C705C4C2-96E2-428C-9F82-1FB9ABD5EDDC}.Debug|Any CPU.ActiveCfg = Debug|Any CPU
		{C705C4C2-96E2-428C-9F82-1FB9ABD5EDDC}.Debug|Any CPU.Build.0 = Debug|Any CPU
		{C705C4C2-96E2-428C-9F82-1FB9ABD5EDDC}.Release|Any CPU.ActiveCfg = Release|Any CPU
		{C705C4C2-96E2-428C-9F82-1FB9ABD5EDDC}.Release|Any CPU.Build.0 = Release|Any CPU
		{6177D37F-F047-4EB7-BC48-361341E15119}.Debug|Any CPU.ActiveCfg = Debug|Any CPU
		{6177D37F-F047-4EB7-BC48-361341E15119}.Debug|Any CPU.Build.0 = Debug|Any CPU
		{6177D37F-F047-4EB7-BC48-361341E15119}.Release|Any CPU.ActiveCfg = Release|Any CPU
		{6177D37F-F047-4EB7-BC48-361341E15119}.Release|Any CPU.Build.0 = Release|Any CPU
		{0891B837-01AB-4C2B-B516-4129A076F34E}.Debug|Any CPU.ActiveCfg = Debug|Any CPU
		{0891B837-01AB-4C2B-B516-4129A076F34E}.Debug|Any CPU.Build.0 = Debug|Any CPU
		{0891B837-01AB-4C2B-B516-4129A076F34E}.Release|Any CPU.ActiveCfg = Release|Any CPU
		{0891B837-01AB-4C2B-B516-4129A076F34E}.Release|Any CPU.Build.0 = Release|Any CPU
		{DA1FE566-B80A-4B6C-B33B-7AC645131611}.Debug|Any CPU.ActiveCfg = Debug|Any CPU
		{DA1FE566-B80A-4B6C-B33B-7AC645131611}.Debug|Any CPU.Build.0 = Debug|Any CPU
		{DA1FE566-B80A-4B6C-B33B-7AC645131611}.Release|Any CPU.ActiveCfg = Release|Any CPU
		{DA1FE566-B80A-4B6C-B33B-7AC645131611}.Release|Any CPU.Build.0 = Release|Any CPU
		{0D315460-8341-446F-A1A3-819600AA69FF}.Debug|Any CPU.ActiveCfg = Debug|Any CPU
		{0D315460-8341-446F-A1A3-819600AA69FF}.Debug|Any CPU.Build.0 = Debug|Any CPU
		{0D315460-8341-446F-A1A3-819600AA69FF}.Release|Any CPU.ActiveCfg = Release|Any CPU
		{0D315460-8341-446F-A1A3-819600AA69FF}.Release|Any CPU.Build.0 = Release|Any CPU
		{98E58A27-5CFE-4E14-8651-D20A6F99B051}.Debug|Any CPU.ActiveCfg = Debug|Any CPU
		{98E58A27-5CFE-4E14-8651-D20A6F99B051}.Debug|Any CPU.Build.0 = Debug|Any CPU
		{98E58A27-5CFE-4E14-8651-D20A6F99B051}.Release|Any CPU.ActiveCfg = Release|Any CPU
		{98E58A27-5CFE-4E14-8651-D20A6F99B051}.Release|Any CPU.Build.0 = Release|Any CPU
	EndGlobalSection
	GlobalSection(SolutionProperties) = preSolution
		HideSolutionNode = FALSE
	EndGlobalSection
	GlobalSection(NestedProjects) = preSolution
		{B4159996-5640-4757-AE7F-B18989C7E5E1} = {0AF1076E-5001-4F92-A564-4E47E9C88ACE}
		{1ABB6E15-A36C-4667-B6C8-CCE8D5DB4B39} = {4A869F5F-6D49-458C-84C7-C202182BF4A6}
		{2B1B5674-9464-4DE8-BCB4-2A4A9BC6C40C} = {4A869F5F-6D49-458C-84C7-C202182BF4A6}
		{937E7C90-19F2-4FB4-A671-8CDFEA70C79F} = {2B1B5674-9464-4DE8-BCB4-2A4A9BC6C40C}
		{77209C11-A719-45C3-9C49-27FA702503A1} = {CD2ACEBC-5B5D-4754-A638-916F2D071721}
		{52A836E8-CB0B-46F5-9BC5-DBFF92A5A57F} = {CD2ACEBC-5B5D-4754-A638-916F2D071721}
		{B8B98A21-4821-425B-BF52-531F82EFE75F} = {1ABB6E15-A36C-4667-B6C8-CCE8D5DB4B39}
		{648CFD84-B89E-4EB0-B7BF-33AB99CC522F} = {52A836E8-CB0B-46F5-9BC5-DBFF92A5A57F}
		{F8EA946F-9164-4E23-AEE7-5ABE60A7367E} = {2CCF9114-3ADA-451C-AC1D-E5709CA8E4F2}
		{3D451C67-4AB6-46D9-A4DF-790692BBA245} = {2CCF9114-3ADA-451C-AC1D-E5709CA8E4F2}
		{97068AC1-A622-466C-8144-FA2BEC899533} = {2D0D80CE-BE06-49D9-A392-E7D122F91534}
		{6F0F0A10-0939-4A1D-85E8-FB47294144A6} = {2CCF9114-3ADA-451C-AC1D-E5709CA8E4F2}
		{09C7061E-53F0-480B-8ED5-858F27D5BE86} = {2CCF9114-3ADA-451C-AC1D-E5709CA8E4F2}
		{52CCF153-7CA5-4EAF-A38B-67FBBDE6F338} = {919230E8-CEFA-48BC-958A-42601DB44C4A}
		{3C64B26A-9324-4024-B824-7AC117CE876E} = {919230E8-CEFA-48BC-958A-42601DB44C4A}
		{3A3C07E6-6B41-4442-8B4A-114D27C330BD} = {919230E8-CEFA-48BC-958A-42601DB44C4A}
		{E94C294A-04EB-42E5-B924-52C009113F1F} = {919230E8-CEFA-48BC-958A-42601DB44C4A}
		{9E1C17B4-B332-499F-814D-FA4FB8226F0E} = {B8B98A21-4821-425B-BF52-531F82EFE75F}
		{6B0F31BD-C8B1-43E8-BE83-50827231AF6C} = {EF20A6B0-0013-4DF1-BE01-8942E21D2B5D}
		{B55867B3-E6FE-410D-A27F-55A7C63B8F2E} = {2887E1A0-556A-426F-9470-96E109EF1A1D}
		{2CCF9114-3ADA-451C-AC1D-E5709CA8E4F2} = {1ABB6E15-A36C-4667-B6C8-CCE8D5DB4B39}
		{919230E8-CEFA-48BC-958A-42601DB44C4A} = {1ABB6E15-A36C-4667-B6C8-CCE8D5DB4B39}
		{2887E1A0-556A-426F-9470-96E109EF1A1D} = {1ABB6E15-A36C-4667-B6C8-CCE8D5DB4B39}
		{EF20A6B0-0013-4DF1-BE01-8942E21D2B5D} = {1ABB6E15-A36C-4667-B6C8-CCE8D5DB4B39}
		{0AF1076E-5001-4F92-A564-4E47E9C88ACE} = {1ABB6E15-A36C-4667-B6C8-CCE8D5DB4B39}
		{54819E6C-8549-42E9-94C4-45EDB37F0C22} = {1ABB6E15-A36C-4667-B6C8-CCE8D5DB4B39}
		{7FAE8699-A54C-4ED8-90FA-D4089EA3E8C3} = {54819E6C-8549-42E9-94C4-45EDB37F0C22}
		{6C2A39D9-1D73-4321-B386-468D9BC3D65D} = {1ABB6E15-A36C-4667-B6C8-CCE8D5DB4B39}
		{FF7DDF01-C939-468A-A1D8-F85624E17856} = {4A869F5F-6D49-458C-84C7-C202182BF4A6}
		{1B17B393-F964-434A-BC31-58DDD6543208} = {77209C11-A719-45C3-9C49-27FA702503A1}
		{F550105D-BCAF-4F54-9E09-C421C6F4BD83} = {1B17B393-F964-434A-BC31-58DDD6543208}
		{68431A04-5A59-464F-B07B-6AB6A98EDBC4} = {1ABB6E15-A36C-4667-B6C8-CCE8D5DB4B39}
		{EB765859-B21E-43D7-AF92-3A50543F6E05} = {68431A04-5A59-464F-B07B-6AB6A98EDBC4}
		{26F546EE-E4AD-4B0A-B2AB-5B6F362E23C2} = {77209C11-A719-45C3-9C49-27FA702503A1}
		{9FB87130-502F-4819-8768-0F0C78C04DDB} = {26F546EE-E4AD-4B0A-B2AB-5B6F362E23C2}
		{7C3BE429-7A33-4054-854D-31FF1C0B340E} = {919230E8-CEFA-48BC-958A-42601DB44C4A}
		{0A581A8F-E2C0-4E25-8AEB-5354D91F576E} = {4A869F5F-6D49-458C-84C7-C202182BF4A6}
		{66193BA5-54EE-4482-ABCA-5E7E052C98A0} = {0A581A8F-E2C0-4E25-8AEB-5354D91F576E}
		{CF40C31C-676C-4E41-B55A-277127A4FE13} = {2CCF9114-3ADA-451C-AC1D-E5709CA8E4F2}
		{07CB0244-420B-42F3-A44C-CC287804D586} = {2D0D80CE-BE06-49D9-A392-E7D122F91534}
		{1E0E74FA-91EA-4421-9C56-5650B4C8C7B0} = {0A581A8F-E2C0-4E25-8AEB-5354D91F576E}
		{C6D71A66-22A2-4832-8BB8-9C45A769EDD2} = {1B17B393-F964-434A-BC31-58DDD6543208}
		{6A3D8548-25CE-45E4-AFC7-86779FCF39B4} = {1ABB6E15-A36C-4667-B6C8-CCE8D5DB4B39}
		{24789049-0DA9-4B9C-B67B-410750FC56A7} = {6A3D8548-25CE-45E4-AFC7-86779FCF39B4}
		{BA03F576-3C03-4F4A-AB8A-F36AAC0096BB} = {77209C11-A719-45C3-9C49-27FA702503A1}
		{C4A33092-EA55-40C1-B8C8-A5398B3A0053} = {BA03F576-3C03-4F4A-AB8A-F36AAC0096BB}
		{BA1A1ED0-1659-4EDE-8398-6AF4D8F0F876} = {0AF1076E-5001-4F92-A564-4E47E9C88ACE}
		{CEA1D0B9-B17A-4FDA-8A87-316CF599FDE8} = {0A581A8F-E2C0-4E25-8AEB-5354D91F576E}
		{295D45FD-5660-497A-983E-81C75029AB60} = {77209C11-A719-45C3-9C49-27FA702503A1}
		{4E2B1503-1937-4FA1-8E7E-FD4129BFF7BE} = {295D45FD-5660-497A-983E-81C75029AB60}
		{C3A7D208-C0D8-48AC-BB23-9138EF850768} = {2D0D80CE-BE06-49D9-A392-E7D122F91534}
		{3F28BFCB-B1C7-4A7C-BA58-8BEA9998F0A4} = {2B1B5674-9464-4DE8-BCB4-2A4A9BC6C40C}
		{BE9D370F-C77A-4F7D-AE07-5D097F9A724C} = {2D0D80CE-BE06-49D9-A392-E7D122F91534}
		{2D9D0F7E-543F-42BB-8595-B1DD93FEFE69} = {6C2A39D9-1D73-4321-B386-468D9BC3D65D}
		{E10DB76E-BDD0-422C-87E0-089985E4C404} = {6A3D8548-25CE-45E4-AFC7-86779FCF39B4}
		{0F28A333-5605-4E61-BD42-89FB4FC18D34} = {919230E8-CEFA-48BC-958A-42601DB44C4A}
		{7D3CE260-BF01-4F48-AB9F-B73BF293FDE4} = {919230E8-CEFA-48BC-958A-42601DB44C4A}
		{EFC2120A-C3C9-472B-B464-7AF4E5F4846F} = {FF7DDF01-C939-468A-A1D8-F85624E17856}
		{1DA7A52C-D593-4B04-9A5B-1136BDC3D69F} = {54819E6C-8549-42E9-94C4-45EDB37F0C22}
		{0A8432D1-A6DA-4FA6-9CDD-5D6F4400C106} = {2D0D80CE-BE06-49D9-A392-E7D122F91534}
		{ED93A6B1-F0B6-4237-A1CA-1F900B181D8D} = {A051CB18-7AA2-4809-A7A8-1F574A0782CE}
		{5927210C-957F-445E-BA2E-D066DCB46D3F} = {FA4C95B5-488F-4515-BD97-FC4CC412D3CD}
		{E7568FB5-8E06-48A9-98EC-8501A94F294D} = {64C31B2B-8532-4C98-9475-7E5B5A2AA635}
		{8B98D599-54DD-40E9-B6E0-14201B076FFD} = {72AC5356-5FCA-4D9C-A8DD-1519228665C1}
		{C705C4C2-96E2-428C-9F82-1FB9ABD5EDDC} = {FA4C95B5-488F-4515-BD97-FC4CC412D3CD}
		{6177D37F-F047-4EB7-BC48-361341E15119} = {64C31B2B-8532-4C98-9475-7E5B5A2AA635}
		{A051CB18-7AA2-4809-A7A8-1F574A0782CE} = {474AB182-21D2-44C4-A99C-31FC31E469CB}
		{FA4C95B5-488F-4515-BD97-FC4CC412D3CD} = {474AB182-21D2-44C4-A99C-31FC31E469CB}
		{72AC5356-5FCA-4D9C-A8DD-1519228665C1} = {474AB182-21D2-44C4-A99C-31FC31E469CB}
		{64C31B2B-8532-4C98-9475-7E5B5A2AA635} = {474AB182-21D2-44C4-A99C-31FC31E469CB}
		{2D0D80CE-BE06-49D9-A392-E7D122F91534} = {474AB182-21D2-44C4-A99C-31FC31E469CB}
		{E6769B84-BD45-407E-B1DC-34349F1A8F05} = {268C9D9A-9655-4A48-8A5F-27815D05D224}
		{0891B837-01AB-4C2B-B516-4129A076F34E} = {CD2ACEBC-5B5D-4754-A638-916F2D071721}
		{7FBEB621-9962-4357-8D8E-6B7EA833D06F} = {FF7DDF01-C939-468A-A1D8-F85624E17856}
		{DA1FE566-B80A-4B6C-B33B-7AC645131611} = {7FBEB621-9962-4357-8D8E-6B7EA833D06F}
		{0D315460-8341-446F-A1A3-819600AA69FF} = {919230E8-CEFA-48BC-958A-42601DB44C4A}
		{98E58A27-5CFE-4E14-8651-D20A6F99B051} = {6C2A39D9-1D73-4321-B386-468D9BC3D65D}
	EndGlobalSection
	GlobalSection(ExtensibilityGlobals) = postSolution
		SolutionGuid = {82408448-62DC-44A6-B7C1-6FCEBCC12C93}
	EndGlobalSection
EndGlobal
