
Microsoft Visual Studio Solution File, Format Version 12.00
# Visual Studio Version 16
VisualStudioVersion = 16.0.29911.84
MinimumVisualStudioVersion = 10.0.40219.1
Project("{2150E333-8FDC-42A3-9474-1A3956D46DE8}") = "01-framework", "01-framework", "{A3E29077-2385-4F4F-B2BB-01975E24979C}"
EndProject
Project("{2150E333-8FDC-42A3-9474-1A3956D46DE8}") = "01-src", "01-src", "{472FFE79-B8B1-41A1-91F2-CFA0F8406BC9}"
EndProject
Project("{9A19103F-16F7-4668-BE54-9A1E7A4F7556}") = "Bing", "framework\src\Bing\Bing.csproj", "{F573919A-D73A-4186-9E9D-9A514A5D7244}"
EndProject
Project("{9A19103F-16F7-4668-BE54-9A1E7A4F7556}") = "Bing.AspNetCore", "framework\src\Bing.AspNetCore\Bing.AspNetCore.csproj", "{7884D11A-8935-4BB0-B027-64EE9CC2CE33}"
EndProject
Project("{9A19103F-16F7-4668-BE54-9A1E7A4F7556}") = "Bing.Logs", "framework\src\Bing.Logs\Bing.Logs.csproj", "{EA652176-7921-4F6C-9B38-C722B96D7A0E}"
EndProject
Project("{9A19103F-16F7-4668-BE54-9A1E7A4F7556}") = "Bing.Security", "framework\src\Bing.Security\Bing.Security.csproj", "{E1B69A13-88EE-4705-8604-F2E9453D0D60}"
EndProject
Project("{9A19103F-16F7-4668-BE54-9A1E7A4F7556}") = "Bing.Logs.Exceptionless", "framework\src\Bing.Logs.Exceptionless\Bing.Logs.Exceptionless.csproj", "{4A5960C8-3EBC-4725-8751-BF96CEEE2686}"
EndProject
Project("{9A19103F-16F7-4668-BE54-9A1E7A4F7556}") = "Bing.Logs.Log4Net", "framework\src\Bing.Logs.Log4Net\Bing.Logs.Log4Net.csproj", "{CE41595A-0FA0-4B22-9507-511C957571D8}"
EndProject
Project("{9A19103F-16F7-4668-BE54-9A1E7A4F7556}") = "Bing.Logs.NLog", "framework\src\Bing.Logs.NLog\Bing.Logs.NLog.csproj", "{BB2F6FF3-7F39-4C92-8F3C-74F3B43666E5}"
EndProject
Project("{9A19103F-16F7-4668-BE54-9A1E7A4F7556}") = "Bing.Logs.Serilog", "framework\src\Bing.Logs.Serilog\Bing.Logs.Serilog.csproj", "{8B4E37FC-19DA-47B4-BE06-00E50EA354B7}"
EndProject
Project("{9A19103F-16F7-4668-BE54-9A1E7A4F7556}") = "Bing.Datas.Dapper", "framework\src\Bing.Datas.Dapper\Bing.Datas.Dapper.csproj", "{513512D1-39CF-4F50-AFFA-40C5558C3F8A}"
EndProject
Project("{9A19103F-16F7-4668-BE54-9A1E7A4F7556}") = "Bing.Datas.EntityFramework", "framework\src\Bing.Datas.EntityFramework\Bing.Datas.EntityFramework.csproj", "{4C99DD4C-F671-45C3-B696-E9C3BDEE667F}"
EndProject
Project("{9A19103F-16F7-4668-BE54-9A1E7A4F7556}") = "Bing.Datas.EntityFramework.MySql", "framework\src\Bing.Datas.EntityFramework.MySql\Bing.Datas.EntityFramework.MySql.csproj", "{A5BE8634-522D-4CEC-B60C-EECCD2D0F946}"
EndProject
Project("{9A19103F-16F7-4668-BE54-9A1E7A4F7556}") = "Bing.Datas.EntityFramework.Oracle", "framework\src\Bing.Datas.EntityFramework.Oracle\Bing.Datas.EntityFramework.Oracle.csproj", "{C9E70A76-90AA-445B-963B-CE3B07FA8AE2}"
EndProject
Project("{9A19103F-16F7-4668-BE54-9A1E7A4F7556}") = "Bing.Datas.EntityFramework.PgSql", "framework\src\Bing.Datas.EntityFramework.PgSql\Bing.Datas.EntityFramework.PgSql.csproj", "{D92EA2DD-FD45-4B27-90DE-EEE5FAA87452}"
EndProject
Project("{9A19103F-16F7-4668-BE54-9A1E7A4F7556}") = "Bing.Datas.EntityFramework.Sqlite", "framework\src\Bing.Datas.EntityFramework.Sqlite\Bing.Datas.EntityFramework.Sqlite.csproj", "{35179009-D18F-45BF-AFF6-68934C727507}"
EndProject
Project("{9A19103F-16F7-4668-BE54-9A1E7A4F7556}") = "Bing.Datas.EntityFramework.SqlServer", "framework\src\Bing.Datas.EntityFramework.SqlServer\Bing.Datas.EntityFramework.SqlServer.csproj", "{EA770A35-5114-45F5-9BEB-DE2BA949903F}"
EndProject
Project("{9A19103F-16F7-4668-BE54-9A1E7A4F7556}") = "Bing.Caching.CSRedis", "framework\src\Bing.Caching.CSRedis\Bing.Caching.CSRedis.csproj", "{3EB6A053-396B-429E-AB06-C24BA66E488F}"
EndProject
Project("{9A19103F-16F7-4668-BE54-9A1E7A4F7556}") = "Bing.EasyCaching", "framework\src\Bing.EasyCaching\Bing.EasyCaching.csproj", "{F125B463-4B54-4740-BFED-3F6CD4DB7BD0}"
EndProject
Project("{9A19103F-16F7-4668-BE54-9A1E7A4F7556}") = "Bing.Permissions", "framework\src\Bing.Permissions\Bing.Permissions.csproj", "{781C490B-D632-48C2-B9B7-158A1A4E42A3}"
EndProject
Project("{9A19103F-16F7-4668-BE54-9A1E7A4F7556}") = "Bing.AutoMapper", "framework\src\Bing.AutoMapper\Bing.AutoMapper.csproj", "{BE5C8B21-F0D9-49E7-B9EF-DA2C2B30F608}"
EndProject
Project("{9A19103F-16F7-4668-BE54-9A1E7A4F7556}") = "Bing.Events", "framework\src\Bing.Events\Bing.Events.csproj", "{B72B3024-B5A6-4C42-9519-349B2D1B9DF1}"
EndProject
Project("{9A19103F-16F7-4668-BE54-9A1E7A4F7556}") = "Bing.MailKit", "framework\src\Bing.MailKit\Bing.MailKit.csproj", "{D58C77ED-ED4B-45F1-B6C4-A14FE6B70083}"
EndProject
Project("{9A19103F-16F7-4668-BE54-9A1E7A4F7556}") = "Bing.MiniProfiler", "framework\src\Bing.MiniProfiler\Bing.MiniProfiler.csproj", "{43BE3B85-AA7B-47B5-AC09-EE66B52358EA}"
EndProject
Project("{2150E333-8FDC-42A3-9474-1A3956D46DE8}") = "_SolutionItems", "_SolutionItems", "{2BA5C677-C0B9-458B-8A6D-D3E74B6F60EA}"
	ProjectSection(SolutionItems) = preProject
		.editorconfig = .editorconfig
		.gitattributes = .gitattributes
		.gitignore = .gitignore
		common.props = common.props
		Directory.Build.targets = Directory.Build.targets
		LICENSE = LICENSE
		README.md = README.md
		version.props = version.props
	EndProjectSection
EndProject
Project("{2150E333-8FDC-42A3-9474-1A3956D46DE8}") = "build", "build", "{6690993E-6659-451F-907C-A48FE1121D40}"
	ProjectSection(SolutionItems) = preProject
		build\common.props = build\common.props
	EndProjectSection
EndProject
Project("{2150E333-8FDC-42A3-9474-1A3956D46DE8}") = "03-modules", "03-modules", "{4A4E88DE-5CE7-433E-BED8-D269E385ECFD}"
EndProject
Project("{9A19103F-16F7-4668-BE54-9A1E7A4F7556}") = "Bing.Admin.Infrastructure", "modules\admin\src\Bing.Admin.Infrastructure\Bing.Admin.Infrastructure.csproj", "{8C24C67A-DFF6-4752-827F-98BE6190EF47}"
EndProject
Project("{9A19103F-16F7-4668-BE54-9A1E7A4F7556}") = "Bing.Admin.Domain.Shared", "modules\admin\src\Bing.Admin.Domain.Shared\Bing.Admin.Domain.Shared.csproj", "{A8F21802-C874-4EA1-A02F-C6C0000C6284}"
EndProject
Project("{9A19103F-16F7-4668-BE54-9A1E7A4F7556}") = "Bing.Admin.Commons.Domain", "modules\admin\src\Bing.Admin.Commons.Domain\Bing.Admin.Commons.Domain.csproj", "{66E249CA-9BE0-4E09-AC85-A61EB68D56F8}"
EndProject
Project("{9A19103F-16F7-4668-BE54-9A1E7A4F7556}") = "Bing.Admin.Systems.Domain", "modules\admin\src\Bing.Admin.Systems.Domain\Bing.Admin.Systems.Domain.csproj", "{23C259F5-8542-420C-A94D-5F683D097CD8}"
EndProject
Project("{9A19103F-16F7-4668-BE54-9A1E7A4F7556}") = "Bing.Admin.Data", "modules\admin\src\Bing.Admin.Data\Bing.Admin.Data.csproj", "{2E48FFA9-478E-445B-BDD7-37D30C02380A}"
EndProject
Project("{9A19103F-16F7-4668-BE54-9A1E7A4F7556}") = "Bing.Admin.Service", "modules\admin\src\Bing.Admin.Service\Bing.Admin.Service.csproj", "{9346796F-E499-4239-9224-4CE2CA0704A5}"
EndProject
Project("{9A19103F-16F7-4668-BE54-9A1E7A4F7556}") = "Bing.Admin.EventHandlers", "modules\admin\src\Bing.Admin.EventHandlers\Bing.Admin.EventHandlers.csproj", "{27C22FD6-37D3-41A0-BF34-5D9F5031EAF8}"
EndProject
Project("{9A19103F-16F7-4668-BE54-9A1E7A4F7556}") = "Bing.Admin", "modules\admin\src\Bing.Admin\Bing.Admin.csproj", "{D45DFEED-3A83-436D-ACBD-771DDDC4718F}"
EndProject
Project("{2150E333-8FDC-42A3-9474-1A3956D46DE8}") = "01-admin", "01-admin", "{BDBABE46-FAAE-459D-BC78-B5BA6503EBBA}"
EndProject
Project("{2150E333-8FDC-42A3-9474-1A3956D46DE8}") = "02-tests", "02-tests", "{5C7976B4-C243-41B9-8303-8E8FAE099D31}"
	ProjectSection(SolutionItems) = preProject
		framework\tests\Directory.Build.props = framework\tests\Directory.Build.props
	EndProjectSection
EndProject
Project("{9A19103F-16F7-4668-BE54-9A1E7A4F7556}") = "Bing.AutoMapper.Tests", "framework\tests\Bing.AutoMapper.Tests\Bing.AutoMapper.Tests.csproj", "{741EE94D-5F03-426E-9D34-CBDA41671742}"
EndProject
Project("{9A19103F-16F7-4668-BE54-9A1E7A4F7556}") = "Bing.Tests.Samples", "tests\Bing.Tests.Samples\Bing.Tests.Samples.csproj", "{A66F9341-005F-4FAC-BF93-D676329A34B4}"
EndProject
Project("{9A19103F-16F7-4668-BE54-9A1E7A4F7556}") = "Bing.Tests", "framework\tests\Bing.Tests\Bing.Tests.csproj", "{58BE2219-6694-4630-85E6-7953A608A2D6}"
EndProject
Project("{9A19103F-16F7-4668-BE54-9A1E7A4F7556}") = "Bing.Datas.Test.Integration", "framework\tests\Bing.Datas.Test.Integration\Bing.Datas.Test.Integration.csproj", "{0F86BCCF-6A1D-41DD-A9C0-4B3BF8A840BF}"
EndProject
Project("{2150E333-8FDC-42A3-9474-1A3956D46DE8}") = "03-demo", "03-demo", "{2DABEEC3-E915-44D7-A4B4-50972CAF45FB}"
EndProject
Project("{9A19103F-16F7-4668-BE54-9A1E7A4F7556}") = "Bing.Datas.SqlBuilder.Console", "framework\demo\Bing.Datas.SqlBuilder.Console\Bing.Datas.SqlBuilder.Console.csproj", "{77817263-DB2A-4500-86A5-1ADBE3318A73}"
EndProject
Project("{9A19103F-16F7-4668-BE54-9A1E7A4F7556}") = "Bing.Ddd.Domain", "framework\src\Bing.Ddd.Domain\Bing.Ddd.Domain.csproj", "{25107D91-1E7D-422C-8B03-B1C94EE3A1B5}"
EndProject
Project("{9A19103F-16F7-4668-BE54-9A1E7A4F7556}") = "Bing.Ddd.Application", "framework\src\Bing.Ddd.Application\Bing.Ddd.Application.csproj", "{CAC738F2-8F95-4940-90D2-76DABF403581}"
EndProject
Project("{9A19103F-16F7-4668-BE54-9A1E7A4F7556}") = "Bing.Ddd.Application.Contracts", "framework\src\Bing.Ddd.Application.Contracts\Bing.Ddd.Application.Contracts.csproj", "{577D3EA3-5342-4E0D-AE51-39CBEE217089}"
EndProject
Project("{9A19103F-16F7-4668-BE54-9A1E7A4F7556}") = "Bing.Validation.Abstractions", "framework\src\Bing.Validation.Abstractions\Bing.Validation.Abstractions.csproj", "{DB0D25EE-7489-4DD1-8CF9-A8F839B58446}"
EndProject
Project("{9A19103F-16F7-4668-BE54-9A1E7A4F7556}") = "Bing.Auditing", "framework\src\Bing.Auditing\Bing.Auditing.csproj", "{F084AFFB-9136-43CE-874C-777DBA4D5205}"
EndProject
Project("{9A19103F-16F7-4668-BE54-9A1E7A4F7556}") = "Bing.Emailing", "framework\src\Bing.Emailing\Bing.Emailing.csproj", "{5D81881D-FF17-4902-8BEB-A1D58D0EF688}"
EndProject
Project("{9A19103F-16F7-4668-BE54-9A1E7A4F7556}") = "Bing.AspNetCore.Mvc.Contracts", "framework\src\Bing.AspNetCore.Mvc.Contracts\Bing.AspNetCore.Mvc.Contracts.csproj", "{256EB128-60DC-406C-BED0-9D0013A6B49A}"
EndProject
Project("{9A19103F-16F7-4668-BE54-9A1E7A4F7556}") = "Bing.AspNetCore.Mvc", "framework\src\Bing.AspNetCore.Mvc\Bing.AspNetCore.Mvc.csproj", "{027BE8C0-24D8-45BC-9A97-08B6924FB39D}"
EndProject
Project("{2150E333-8FDC-42A3-9474-1A3956D46DE8}") = "01-Presentation", "01-Presentation", "{DB31385F-49B0-49FB-946A-DBAD2A070B7A}"
EndProject
Project("{2150E333-8FDC-42A3-9474-1A3956D46DE8}") = "02-Service", "02-Service", "{24481196-FEE8-4AD7-9FA6-5C9655A80C18}"
EndProject
Project("{2150E333-8FDC-42A3-9474-1A3956D46DE8}") = "03-Domain", "03-Domain", "{525BCCB3-B4EC-4DDD-BE84-513242EEE2E8}"
EndProject
Project("{2150E333-8FDC-42A3-9474-1A3956D46DE8}") = "04-Infrastructure", "04-Infrastructure", "{BC0DA397-CCD6-407C-B675-87E5B702318A}"
EndProject
Project("{9A19103F-16F7-4668-BE54-9A1E7A4F7556}") = "Bing.Admin.Service.Shared", "modules\admin\src\Bing.Admin.Service.Shared\Bing.Admin.Service.Shared.csproj", "{08534D50-E0D2-47C6-8DCD-4F0A4ADD7AF7}"
EndProject
Project("{9A19103F-16F7-4668-BE54-9A1E7A4F7556}") = "Bing.AspNetCore.Mvc.UI", "framework\src\Bing.AspNetCore.Mvc.UI\Bing.AspNetCore.Mvc.UI.csproj", "{72DFB0D0-9D28-4788-9FD2-123E3C7E5032}"
EndProject
Project("{9A19103F-16F7-4668-BE54-9A1E7A4F7556}") = "Bing.Data", "framework\src\Bing.Data\Bing.Data.csproj", "{3E497AE7-0721-4E65-B953-05DF15F206A6}"
EndProject
Project("{9A19103F-16F7-4668-BE54-9A1E7A4F7556}") = "Bing.Data.Sql", "framework\src\Bing.Data.Sql\Bing.Data.Sql.csproj", "{2DD64F70-8DAF-4C70-8986-BF2812A95C8F}"
EndProject
Project("{2150E333-8FDC-42A3-9474-1A3956D46DE8}") = "02-components", "02-components", "{8E2070BF-F6CF-47CC-8DB8-56B74EDFA7EB}"
EndProject
Project("{2150E333-8FDC-42A3-9474-1A3956D46DE8}") = "01-src", "01-src", "{9EC1188A-A524-4D44-B3DA-37065AA96E2D}"
	ProjectSection(SolutionItems) = preProject
		components\src\Directory.Build.props = components\src\Directory.Build.props
	EndProjectSection
EndProject
Project("{9A19103F-16F7-4668-BE54-9A1E7A4F7556}") = "Bing.Biz", "components\src\Bing.Biz\Bing.Biz.csproj", "{E15B13DE-7E40-4441-A825-B6931E01C0D6}"
EndProject
Project("{9A19103F-16F7-4668-BE54-9A1E7A4F7556}") = "Bing.Biz.OAuthLogin", "components\src\Bing.Biz.OAuthLogin\Bing.Biz.OAuthLogin.csproj", "{83EF98FE-4212-4C92-9F8A-E3BAC081DF1F}"
EndProject
Project("{9A19103F-16F7-4668-BE54-9A1E7A4F7556}") = "Bing.Biz.Payments", "components\src\Bing.Biz.Payments\Bing.Biz.Payments.csproj", "{9B472B86-C6CD-42D8-A610-A54012BDCEC5}"
EndProject
Project("{9A19103F-16F7-4668-BE54-9A1E7A4F7556}") = "Bing.MultiTenancy", "framework\src\Bing.MultiTenancy\Bing.MultiTenancy.csproj", "{C19FEF8C-99C0-4C8A-9499-138A79433AA7}"
EndProject
Project("{9A19103F-16F7-4668-BE54-9A1E7A4F7556}") = "Bing.MailKit.Tests", "framework\tests\Bing.MailKit.Tests\Bing.MailKit.Tests.csproj", "{247D8684-6AA3-45E6-B519-4332C89CE1F4}"
EndProject
Project("{9A19103F-16F7-4668-BE54-9A1E7A4F7556}") = "Bing.FreeSQL", "framework\src\Bing.FreeSQL\Bing.FreeSQL.csproj", "{241F44DA-4A52-4086-8E0B-6ABDB662387F}"
EndProject
Project("{9A19103F-16F7-4668-BE54-9A1E7A4F7556}") = "Bing.FreeSQL.MySql", "framework\src\Bing.FreeSQL.MySql\Bing.FreeSQL.MySql.csproj", "{2F9FBA44-C1F8-4E34-B3CE-9EEBEB1AA7B2}"
EndProject
Project("{2150E333-8FDC-42A3-9474-1A3956D46DE8}") = "01-Biz", "01-Biz", "{16E3259B-3FBE-43BB-976E-F23409F73787}"
EndProject
Project("{2150E333-8FDC-42A3-9474-1A3956D46DE8}") = "02-Serialization", "02-Serialization", "{6883A733-F108-4018-B38A-322804F78DAE}"
EndProject
Project("{2150E333-8FDC-42A3-9474-1A3956D46DE8}") = "DDD", "DDD", "{AED4D92B-5196-47E9-BD2C-84D4077F5A70}"
EndProject
Project("{2150E333-8FDC-42A3-9474-1A3956D46DE8}") = "ORM", "ORM", "{93A682FB-8EA0-4F10-AC03-CD688025E624}"
EndProject
Project("{2150E333-8FDC-42A3-9474-1A3956D46DE8}") = "Logs", "Logs", "{33F6CAB3-FD8A-4B91-9B94-A1E2DBC2759B}"
EndProject
Project("{2150E333-8FDC-42A3-9474-1A3956D46DE8}") = "Core", "Core", "{C6B2743E-B7EE-418C-9F9B-79976B71C46B}"
EndProject
Project("{2150E333-8FDC-42A3-9474-1A3956D46DE8}") = "Web", "Web", "{052D4342-8B65-4836-A9B6-681A7812760E}"
EndProject
Project("{2150E333-8FDC-42A3-9474-1A3956D46DE8}") = "Caching", "Caching", "{9559AE76-7924-4647-8619-35EE39569D6C}"
EndProject
Project("{2150E333-8FDC-42A3-9474-1A3956D46DE8}") = "Emailing", "Emailing", "{B8142AAE-3792-44C0-9197-0F14A9749E33}"
EndProject
Project("{2150E333-8FDC-42A3-9474-1A3956D46DE8}") = "Events", "Events", "{B5285F1C-479F-43F5-B3DE-3E930516AF6D}"
EndProject
Project("{9A19103F-16F7-4668-BE54-9A1E7A4F7556}") = "Bing.Abstractions", "framework\src\Bing.Abstractions\Bing.Abstractions.csproj", "{040209E9-B364-47E0-8922-89210ACCFB24}"
EndProject
Project("{2150E333-8FDC-42A3-9474-1A3956D46DE8}") = "04-samples", "04-samples", "{3F07E19F-C285-47B5-9441-46F375ECD5C9}"
EndProject
Project("{9A19103F-16F7-4668-BE54-9A1E7A4F7556}") = "Bing.Samples.Hangfire", "samples\Bing.Samples.Hangfire\Bing.Samples.Hangfire.csproj", "{08B987F1-0DAC-4F94-9B56-C992B731B943}"
EndProject
Project("{2150E333-8FDC-42A3-9474-1A3956D46DE8}") = "asset", "asset", "{F40A8736-2FEC-446A-99FD-3660729893FC}"
EndProject
Project("{2150E333-8FDC-42A3-9474-1A3956D46DE8}") = "props", "props", "{D77F42E0-7AF5-4CE7-AC49-84BC6C6ADC34}"
	ProjectSection(SolutionItems) = preProject
		asset\props\misc.props = asset\props\misc.props
		asset\props\package.props = asset\props\package.props
	EndProjectSection
EndProject
Project("{9A19103F-16F7-4668-BE54-9A1E7A4F7556}") = "Bing.Admin.Data.FreeSQL", "modules\admin\src\Bing.Admin.Data.FreeSQL\Bing.Admin.Data.FreeSQL.csproj", "{05DFA67F-C861-48F9-BBD9-7777972A918F}"
EndProject
Project("{9A19103F-16F7-4668-BE54-9A1E7A4F7556}") = "Bing.Admin.Data.EFCore", "modules\admin\src\Bing.Admin.Data.EFCore\Bing.Admin.Data.EFCore.csproj", "{B05ACE65-AFBD-48B8-9C39-DF4DCF8B3E57}"
EndProject
Project("{9A19103F-16F7-4668-BE54-9A1E7A4F7556}") = "Bing.Events.Cap.MySql", "framework\src\Bing.Events.Cap.MySql\Bing.Events.Cap.MySql.csproj", "{7A4966A7-BE64-4589-8FD3-59AA8869A30F}"
EndProject
Project("{9A19103F-16F7-4668-BE54-9A1E7A4F7556}") = "Bing.Caching.FreeRedis", "framework\src\Bing.Caching.FreeRedis\Bing.Caching.FreeRedis.csproj", "{591D9280-33FD-4090-AFBE-D513A2A18316}"
EndProject
Project("{FAE04EC0-301F-11D3-BF4B-00C04F79EFBC}") = "Bing.Admin.FreeSQL", "modules\admin\src\Bing.Admin.FreeSQL\Bing.Admin.FreeSQL.csproj", "{872470DC-8FC6-4AD4-BE9E-F3F2CA9DC616}"
EndProject
Global
	GlobalSection(SolutionConfigurationPlatforms) = preSolution
		Debug|Any CPU = Debug|Any CPU
		Release|Any CPU = Release|Any CPU
	EndGlobalSection
	GlobalSection(ProjectConfigurationPlatforms) = postSolution
		{F573919A-D73A-4186-9E9D-9A514A5D7244}.Debug|Any CPU.ActiveCfg = Debug|Any CPU
		{F573919A-D73A-4186-9E9D-9A514A5D7244}.Debug|Any CPU.Build.0 = Debug|Any CPU
		{F573919A-D73A-4186-9E9D-9A514A5D7244}.Release|Any CPU.ActiveCfg = Release|Any CPU
		{F573919A-D73A-4186-9E9D-9A514A5D7244}.Release|Any CPU.Build.0 = Release|Any CPU
		{7884D11A-8935-4BB0-B027-64EE9CC2CE33}.Debug|Any CPU.ActiveCfg = Debug|Any CPU
		{7884D11A-8935-4BB0-B027-64EE9CC2CE33}.Debug|Any CPU.Build.0 = Debug|Any CPU
		{7884D11A-8935-4BB0-B027-64EE9CC2CE33}.Release|Any CPU.ActiveCfg = Release|Any CPU
		{7884D11A-8935-4BB0-B027-64EE9CC2CE33}.Release|Any CPU.Build.0 = Release|Any CPU
		{EA652176-7921-4F6C-9B38-C722B96D7A0E}.Debug|Any CPU.ActiveCfg = Debug|Any CPU
		{EA652176-7921-4F6C-9B38-C722B96D7A0E}.Debug|Any CPU.Build.0 = Debug|Any CPU
		{EA652176-7921-4F6C-9B38-C722B96D7A0E}.Release|Any CPU.ActiveCfg = Release|Any CPU
		{EA652176-7921-4F6C-9B38-C722B96D7A0E}.Release|Any CPU.Build.0 = Release|Any CPU
		{E1B69A13-88EE-4705-8604-F2E9453D0D60}.Debug|Any CPU.ActiveCfg = Debug|Any CPU
		{E1B69A13-88EE-4705-8604-F2E9453D0D60}.Debug|Any CPU.Build.0 = Debug|Any CPU
		{E1B69A13-88EE-4705-8604-F2E9453D0D60}.Release|Any CPU.ActiveCfg = Release|Any CPU
		{E1B69A13-88EE-4705-8604-F2E9453D0D60}.Release|Any CPU.Build.0 = Release|Any CPU
		{4A5960C8-3EBC-4725-8751-BF96CEEE2686}.Debug|Any CPU.ActiveCfg = Debug|Any CPU
		{4A5960C8-3EBC-4725-8751-BF96CEEE2686}.Debug|Any CPU.Build.0 = Debug|Any CPU
		{4A5960C8-3EBC-4725-8751-BF96CEEE2686}.Release|Any CPU.ActiveCfg = Release|Any CPU
		{4A5960C8-3EBC-4725-8751-BF96CEEE2686}.Release|Any CPU.Build.0 = Release|Any CPU
		{CE41595A-0FA0-4B22-9507-511C957571D8}.Debug|Any CPU.ActiveCfg = Debug|Any CPU
		{CE41595A-0FA0-4B22-9507-511C957571D8}.Debug|Any CPU.Build.0 = Debug|Any CPU
		{CE41595A-0FA0-4B22-9507-511C957571D8}.Release|Any CPU.ActiveCfg = Release|Any CPU
		{CE41595A-0FA0-4B22-9507-511C957571D8}.Release|Any CPU.Build.0 = Release|Any CPU
		{BB2F6FF3-7F39-4C92-8F3C-74F3B43666E5}.Debug|Any CPU.ActiveCfg = Debug|Any CPU
		{BB2F6FF3-7F39-4C92-8F3C-74F3B43666E5}.Debug|Any CPU.Build.0 = Debug|Any CPU
		{BB2F6FF3-7F39-4C92-8F3C-74F3B43666E5}.Release|Any CPU.ActiveCfg = Release|Any CPU
		{BB2F6FF3-7F39-4C92-8F3C-74F3B43666E5}.Release|Any CPU.Build.0 = Release|Any CPU
		{8B4E37FC-19DA-47B4-BE06-00E50EA354B7}.Debug|Any CPU.ActiveCfg = Debug|Any CPU
		{8B4E37FC-19DA-47B4-BE06-00E50EA354B7}.Debug|Any CPU.Build.0 = Debug|Any CPU
		{8B4E37FC-19DA-47B4-BE06-00E50EA354B7}.Release|Any CPU.ActiveCfg = Release|Any CPU
		{8B4E37FC-19DA-47B4-BE06-00E50EA354B7}.Release|Any CPU.Build.0 = Release|Any CPU
		{513512D1-39CF-4F50-AFFA-40C5558C3F8A}.Debug|Any CPU.ActiveCfg = Debug|Any CPU
		{513512D1-39CF-4F50-AFFA-40C5558C3F8A}.Debug|Any CPU.Build.0 = Debug|Any CPU
		{513512D1-39CF-4F50-AFFA-40C5558C3F8A}.Release|Any CPU.ActiveCfg = Release|Any CPU
		{513512D1-39CF-4F50-AFFA-40C5558C3F8A}.Release|Any CPU.Build.0 = Release|Any CPU
		{4C99DD4C-F671-45C3-B696-E9C3BDEE667F}.Debug|Any CPU.ActiveCfg = Debug|Any CPU
		{4C99DD4C-F671-45C3-B696-E9C3BDEE667F}.Debug|Any CPU.Build.0 = Debug|Any CPU
		{4C99DD4C-F671-45C3-B696-E9C3BDEE667F}.Release|Any CPU.ActiveCfg = Release|Any CPU
		{4C99DD4C-F671-45C3-B696-E9C3BDEE667F}.Release|Any CPU.Build.0 = Release|Any CPU
		{A5BE8634-522D-4CEC-B60C-EECCD2D0F946}.Debug|Any CPU.ActiveCfg = Debug|Any CPU
		{A5BE8634-522D-4CEC-B60C-EECCD2D0F946}.Debug|Any CPU.Build.0 = Debug|Any CPU
		{A5BE8634-522D-4CEC-B60C-EECCD2D0F946}.Release|Any CPU.ActiveCfg = Release|Any CPU
		{A5BE8634-522D-4CEC-B60C-EECCD2D0F946}.Release|Any CPU.Build.0 = Release|Any CPU
		{C9E70A76-90AA-445B-963B-CE3B07FA8AE2}.Debug|Any CPU.ActiveCfg = Debug|Any CPU
		{C9E70A76-90AA-445B-963B-CE3B07FA8AE2}.Debug|Any CPU.Build.0 = Debug|Any CPU
		{C9E70A76-90AA-445B-963B-CE3B07FA8AE2}.Release|Any CPU.ActiveCfg = Release|Any CPU
		{C9E70A76-90AA-445B-963B-CE3B07FA8AE2}.Release|Any CPU.Build.0 = Release|Any CPU
		{D92EA2DD-FD45-4B27-90DE-EEE5FAA87452}.Debug|Any CPU.ActiveCfg = Debug|Any CPU
		{D92EA2DD-FD45-4B27-90DE-EEE5FAA87452}.Debug|Any CPU.Build.0 = Debug|Any CPU
		{D92EA2DD-FD45-4B27-90DE-EEE5FAA87452}.Release|Any CPU.ActiveCfg = Release|Any CPU
		{D92EA2DD-FD45-4B27-90DE-EEE5FAA87452}.Release|Any CPU.Build.0 = Release|Any CPU
		{35179009-D18F-45BF-AFF6-68934C727507}.Debug|Any CPU.ActiveCfg = Debug|Any CPU
		{35179009-D18F-45BF-AFF6-68934C727507}.Debug|Any CPU.Build.0 = Debug|Any CPU
		{35179009-D18F-45BF-AFF6-68934C727507}.Release|Any CPU.ActiveCfg = Release|Any CPU
		{35179009-D18F-45BF-AFF6-68934C727507}.Release|Any CPU.Build.0 = Release|Any CPU
		{EA770A35-5114-45F5-9BEB-DE2BA949903F}.Debug|Any CPU.ActiveCfg = Debug|Any CPU
		{EA770A35-5114-45F5-9BEB-DE2BA949903F}.Debug|Any CPU.Build.0 = Debug|Any CPU
		{EA770A35-5114-45F5-9BEB-DE2BA949903F}.Release|Any CPU.ActiveCfg = Release|Any CPU
		{EA770A35-5114-45F5-9BEB-DE2BA949903F}.Release|Any CPU.Build.0 = Release|Any CPU
		{3EB6A053-396B-429E-AB06-C24BA66E488F}.Debug|Any CPU.ActiveCfg = Debug|Any CPU
		{3EB6A053-396B-429E-AB06-C24BA66E488F}.Debug|Any CPU.Build.0 = Debug|Any CPU
		{3EB6A053-396B-429E-AB06-C24BA66E488F}.Release|Any CPU.ActiveCfg = Release|Any CPU
		{3EB6A053-396B-429E-AB06-C24BA66E488F}.Release|Any CPU.Build.0 = Release|Any CPU
		{F125B463-4B54-4740-BFED-3F6CD4DB7BD0}.Debug|Any CPU.ActiveCfg = Debug|Any CPU
		{F125B463-4B54-4740-BFED-3F6CD4DB7BD0}.Debug|Any CPU.Build.0 = Debug|Any CPU
		{F125B463-4B54-4740-BFED-3F6CD4DB7BD0}.Release|Any CPU.ActiveCfg = Release|Any CPU
		{F125B463-4B54-4740-BFED-3F6CD4DB7BD0}.Release|Any CPU.Build.0 = Release|Any CPU
		{781C490B-D632-48C2-B9B7-158A1A4E42A3}.Debug|Any CPU.ActiveCfg = Debug|Any CPU
		{781C490B-D632-48C2-B9B7-158A1A4E42A3}.Debug|Any CPU.Build.0 = Debug|Any CPU
		{781C490B-D632-48C2-B9B7-158A1A4E42A3}.Release|Any CPU.ActiveCfg = Release|Any CPU
		{781C490B-D632-48C2-B9B7-158A1A4E42A3}.Release|Any CPU.Build.0 = Release|Any CPU
		{BE5C8B21-F0D9-49E7-B9EF-DA2C2B30F608}.Debug|Any CPU.ActiveCfg = Debug|Any CPU
		{BE5C8B21-F0D9-49E7-B9EF-DA2C2B30F608}.Debug|Any CPU.Build.0 = Debug|Any CPU
		{BE5C8B21-F0D9-49E7-B9EF-DA2C2B30F608}.Release|Any CPU.ActiveCfg = Release|Any CPU
		{BE5C8B21-F0D9-49E7-B9EF-DA2C2B30F608}.Release|Any CPU.Build.0 = Release|Any CPU
		{B72B3024-B5A6-4C42-9519-349B2D1B9DF1}.Debug|Any CPU.ActiveCfg = Debug|Any CPU
		{B72B3024-B5A6-4C42-9519-349B2D1B9DF1}.Debug|Any CPU.Build.0 = Debug|Any CPU
		{B72B3024-B5A6-4C42-9519-349B2D1B9DF1}.Release|Any CPU.ActiveCfg = Release|Any CPU
		{B72B3024-B5A6-4C42-9519-349B2D1B9DF1}.Release|Any CPU.Build.0 = Release|Any CPU
		{D58C77ED-ED4B-45F1-B6C4-A14FE6B70083}.Debug|Any CPU.ActiveCfg = Debug|Any CPU
		{D58C77ED-ED4B-45F1-B6C4-A14FE6B70083}.Debug|Any CPU.Build.0 = Debug|Any CPU
		{D58C77ED-ED4B-45F1-B6C4-A14FE6B70083}.Release|Any CPU.ActiveCfg = Release|Any CPU
		{D58C77ED-ED4B-45F1-B6C4-A14FE6B70083}.Release|Any CPU.Build.0 = Release|Any CPU
		{43BE3B85-AA7B-47B5-AC09-EE66B52358EA}.Debug|Any CPU.ActiveCfg = Debug|Any CPU
		{43BE3B85-AA7B-47B5-AC09-EE66B52358EA}.Debug|Any CPU.Build.0 = Debug|Any CPU
		{43BE3B85-AA7B-47B5-AC09-EE66B52358EA}.Release|Any CPU.ActiveCfg = Release|Any CPU
		{43BE3B85-AA7B-47B5-AC09-EE66B52358EA}.Release|Any CPU.Build.0 = Release|Any CPU
		{8C24C67A-DFF6-4752-827F-98BE6190EF47}.Debug|Any CPU.ActiveCfg = Debug|Any CPU
		{8C24C67A-DFF6-4752-827F-98BE6190EF47}.Debug|Any CPU.Build.0 = Debug|Any CPU
		{8C24C67A-DFF6-4752-827F-98BE6190EF47}.Release|Any CPU.ActiveCfg = Release|Any CPU
		{8C24C67A-DFF6-4752-827F-98BE6190EF47}.Release|Any CPU.Build.0 = Release|Any CPU
		{A8F21802-C874-4EA1-A02F-C6C0000C6284}.Debug|Any CPU.ActiveCfg = Debug|Any CPU
		{A8F21802-C874-4EA1-A02F-C6C0000C6284}.Debug|Any CPU.Build.0 = Debug|Any CPU
		{A8F21802-C874-4EA1-A02F-C6C0000C6284}.Release|Any CPU.ActiveCfg = Release|Any CPU
		{A8F21802-C874-4EA1-A02F-C6C0000C6284}.Release|Any CPU.Build.0 = Release|Any CPU
		{66E249CA-9BE0-4E09-AC85-A61EB68D56F8}.Debug|Any CPU.ActiveCfg = Debug|Any CPU
		{66E249CA-9BE0-4E09-AC85-A61EB68D56F8}.Debug|Any CPU.Build.0 = Debug|Any CPU
		{66E249CA-9BE0-4E09-AC85-A61EB68D56F8}.Release|Any CPU.ActiveCfg = Release|Any CPU
		{66E249CA-9BE0-4E09-AC85-A61EB68D56F8}.Release|Any CPU.Build.0 = Release|Any CPU
		{23C259F5-8542-420C-A94D-5F683D097CD8}.Debug|Any CPU.ActiveCfg = Debug|Any CPU
		{23C259F5-8542-420C-A94D-5F683D097CD8}.Debug|Any CPU.Build.0 = Debug|Any CPU
		{23C259F5-8542-420C-A94D-5F683D097CD8}.Release|Any CPU.ActiveCfg = Release|Any CPU
		{23C259F5-8542-420C-A94D-5F683D097CD8}.Release|Any CPU.Build.0 = Release|Any CPU
		{2E48FFA9-478E-445B-BDD7-37D30C02380A}.Debug|Any CPU.ActiveCfg = Debug|Any CPU
		{2E48FFA9-478E-445B-BDD7-37D30C02380A}.Debug|Any CPU.Build.0 = Debug|Any CPU
		{2E48FFA9-478E-445B-BDD7-37D30C02380A}.Release|Any CPU.ActiveCfg = Release|Any CPU
		{2E48FFA9-478E-445B-BDD7-37D30C02380A}.Release|Any CPU.Build.0 = Release|Any CPU
		{9346796F-E499-4239-9224-4CE2CA0704A5}.Debug|Any CPU.ActiveCfg = Debug|Any CPU
		{9346796F-E499-4239-9224-4CE2CA0704A5}.Debug|Any CPU.Build.0 = Debug|Any CPU
		{9346796F-E499-4239-9224-4CE2CA0704A5}.Release|Any CPU.ActiveCfg = Release|Any CPU
		{9346796F-E499-4239-9224-4CE2CA0704A5}.Release|Any CPU.Build.0 = Release|Any CPU
		{27C22FD6-37D3-41A0-BF34-5D9F5031EAF8}.Debug|Any CPU.ActiveCfg = Debug|Any CPU
		{27C22FD6-37D3-41A0-BF34-5D9F5031EAF8}.Debug|Any CPU.Build.0 = Debug|Any CPU
		{27C22FD6-37D3-41A0-BF34-5D9F5031EAF8}.Release|Any CPU.ActiveCfg = Release|Any CPU
		{27C22FD6-37D3-41A0-BF34-5D9F5031EAF8}.Release|Any CPU.Build.0 = Release|Any CPU
		{D45DFEED-3A83-436D-ACBD-771DDDC4718F}.Debug|Any CPU.ActiveCfg = Debug|Any CPU
		{D45DFEED-3A83-436D-ACBD-771DDDC4718F}.Debug|Any CPU.Build.0 = Debug|Any CPU
		{D45DFEED-3A83-436D-ACBD-771DDDC4718F}.Release|Any CPU.ActiveCfg = Release|Any CPU
		{D45DFEED-3A83-436D-ACBD-771DDDC4718F}.Release|Any CPU.Build.0 = Release|Any CPU
		{741EE94D-5F03-426E-9D34-CBDA41671742}.Debug|Any CPU.ActiveCfg = Debug|Any CPU
		{741EE94D-5F03-426E-9D34-CBDA41671742}.Debug|Any CPU.Build.0 = Debug|Any CPU
		{741EE94D-5F03-426E-9D34-CBDA41671742}.Release|Any CPU.ActiveCfg = Release|Any CPU
		{741EE94D-5F03-426E-9D34-CBDA41671742}.Release|Any CPU.Build.0 = Release|Any CPU
		{A66F9341-005F-4FAC-BF93-D676329A34B4}.Debug|Any CPU.ActiveCfg = Debug|Any CPU
		{A66F9341-005F-4FAC-BF93-D676329A34B4}.Debug|Any CPU.Build.0 = Debug|Any CPU
		{A66F9341-005F-4FAC-BF93-D676329A34B4}.Release|Any CPU.ActiveCfg = Release|Any CPU
		{A66F9341-005F-4FAC-BF93-D676329A34B4}.Release|Any CPU.Build.0 = Release|Any CPU
		{58BE2219-6694-4630-85E6-7953A608A2D6}.Debug|Any CPU.ActiveCfg = Debug|Any CPU
		{58BE2219-6694-4630-85E6-7953A608A2D6}.Debug|Any CPU.Build.0 = Debug|Any CPU
		{58BE2219-6694-4630-85E6-7953A608A2D6}.Release|Any CPU.ActiveCfg = Release|Any CPU
		{58BE2219-6694-4630-85E6-7953A608A2D6}.Release|Any CPU.Build.0 = Release|Any CPU
		{0F86BCCF-6A1D-41DD-A9C0-4B3BF8A840BF}.Debug|Any CPU.ActiveCfg = Debug|Any CPU
		{0F86BCCF-6A1D-41DD-A9C0-4B3BF8A840BF}.Debug|Any CPU.Build.0 = Debug|Any CPU
		{0F86BCCF-6A1D-41DD-A9C0-4B3BF8A840BF}.Release|Any CPU.ActiveCfg = Release|Any CPU
		{0F86BCCF-6A1D-41DD-A9C0-4B3BF8A840BF}.Release|Any CPU.Build.0 = Release|Any CPU
		{77817263-DB2A-4500-86A5-1ADBE3318A73}.Debug|Any CPU.ActiveCfg = Debug|Any CPU
		{77817263-DB2A-4500-86A5-1ADBE3318A73}.Debug|Any CPU.Build.0 = Debug|Any CPU
		{77817263-DB2A-4500-86A5-1ADBE3318A73}.Release|Any CPU.ActiveCfg = Release|Any CPU
		{77817263-DB2A-4500-86A5-1ADBE3318A73}.Release|Any CPU.Build.0 = Release|Any CPU
		{25107D91-1E7D-422C-8B03-B1C94EE3A1B5}.Debug|Any CPU.ActiveCfg = Debug|Any CPU
		{25107D91-1E7D-422C-8B03-B1C94EE3A1B5}.Debug|Any CPU.Build.0 = Debug|Any CPU
		{25107D91-1E7D-422C-8B03-B1C94EE3A1B5}.Release|Any CPU.ActiveCfg = Release|Any CPU
		{25107D91-1E7D-422C-8B03-B1C94EE3A1B5}.Release|Any CPU.Build.0 = Release|Any CPU
		{CAC738F2-8F95-4940-90D2-76DABF403581}.Debug|Any CPU.ActiveCfg = Debug|Any CPU
		{CAC738F2-8F95-4940-90D2-76DABF403581}.Debug|Any CPU.Build.0 = Debug|Any CPU
		{CAC738F2-8F95-4940-90D2-76DABF403581}.Release|Any CPU.ActiveCfg = Release|Any CPU
		{CAC738F2-8F95-4940-90D2-76DABF403581}.Release|Any CPU.Build.0 = Release|Any CPU
		{577D3EA3-5342-4E0D-AE51-39CBEE217089}.Debug|Any CPU.ActiveCfg = Debug|Any CPU
		{577D3EA3-5342-4E0D-AE51-39CBEE217089}.Debug|Any CPU.Build.0 = Debug|Any CPU
		{577D3EA3-5342-4E0D-AE51-39CBEE217089}.Release|Any CPU.ActiveCfg = Release|Any CPU
		{577D3EA3-5342-4E0D-AE51-39CBEE217089}.Release|Any CPU.Build.0 = Release|Any CPU
		{DB0D25EE-7489-4DD1-8CF9-A8F839B58446}.Debug|Any CPU.ActiveCfg = Debug|Any CPU
		{DB0D25EE-7489-4DD1-8CF9-A8F839B58446}.Debug|Any CPU.Build.0 = Debug|Any CPU
		{DB0D25EE-7489-4DD1-8CF9-A8F839B58446}.Release|Any CPU.ActiveCfg = Release|Any CPU
		{DB0D25EE-7489-4DD1-8CF9-A8F839B58446}.Release|Any CPU.Build.0 = Release|Any CPU
		{F084AFFB-9136-43CE-874C-777DBA4D5205}.Debug|Any CPU.ActiveCfg = Debug|Any CPU
		{F084AFFB-9136-43CE-874C-777DBA4D5205}.Debug|Any CPU.Build.0 = Debug|Any CPU
		{F084AFFB-9136-43CE-874C-777DBA4D5205}.Release|Any CPU.ActiveCfg = Release|Any CPU
		{F084AFFB-9136-43CE-874C-777DBA4D5205}.Release|Any CPU.Build.0 = Release|Any CPU
		{5D81881D-FF17-4902-8BEB-A1D58D0EF688}.Debug|Any CPU.ActiveCfg = Debug|Any CPU
		{5D81881D-FF17-4902-8BEB-A1D58D0EF688}.Debug|Any CPU.Build.0 = Debug|Any CPU
		{5D81881D-FF17-4902-8BEB-A1D58D0EF688}.Release|Any CPU.ActiveCfg = Release|Any CPU
		{5D81881D-FF17-4902-8BEB-A1D58D0EF688}.Release|Any CPU.Build.0 = Release|Any CPU
		{256EB128-60DC-406C-BED0-9D0013A6B49A}.Debug|Any CPU.ActiveCfg = Debug|Any CPU
		{256EB128-60DC-406C-BED0-9D0013A6B49A}.Debug|Any CPU.Build.0 = Debug|Any CPU
		{256EB128-60DC-406C-BED0-9D0013A6B49A}.Release|Any CPU.ActiveCfg = Release|Any CPU
		{256EB128-60DC-406C-BED0-9D0013A6B49A}.Release|Any CPU.Build.0 = Release|Any CPU
		{027BE8C0-24D8-45BC-9A97-08B6924FB39D}.Debug|Any CPU.ActiveCfg = Debug|Any CPU
		{027BE8C0-24D8-45BC-9A97-08B6924FB39D}.Debug|Any CPU.Build.0 = Debug|Any CPU
		{027BE8C0-24D8-45BC-9A97-08B6924FB39D}.Release|Any CPU.ActiveCfg = Release|Any CPU
		{027BE8C0-24D8-45BC-9A97-08B6924FB39D}.Release|Any CPU.Build.0 = Release|Any CPU
		{08534D50-E0D2-47C6-8DCD-4F0A4ADD7AF7}.Debug|Any CPU.ActiveCfg = Debug|Any CPU
		{08534D50-E0D2-47C6-8DCD-4F0A4ADD7AF7}.Debug|Any CPU.Build.0 = Debug|Any CPU
		{08534D50-E0D2-47C6-8DCD-4F0A4ADD7AF7}.Release|Any CPU.ActiveCfg = Release|Any CPU
		{08534D50-E0D2-47C6-8DCD-4F0A4ADD7AF7}.Release|Any CPU.Build.0 = Release|Any CPU
		{72DFB0D0-9D28-4788-9FD2-123E3C7E5032}.Debug|Any CPU.ActiveCfg = Debug|Any CPU
		{72DFB0D0-9D28-4788-9FD2-123E3C7E5032}.Debug|Any CPU.Build.0 = Debug|Any CPU
		{72DFB0D0-9D28-4788-9FD2-123E3C7E5032}.Release|Any CPU.ActiveCfg = Release|Any CPU
		{72DFB0D0-9D28-4788-9FD2-123E3C7E5032}.Release|Any CPU.Build.0 = Release|Any CPU
		{3E497AE7-0721-4E65-B953-05DF15F206A6}.Debug|Any CPU.ActiveCfg = Debug|Any CPU
		{3E497AE7-0721-4E65-B953-05DF15F206A6}.Debug|Any CPU.Build.0 = Debug|Any CPU
		{3E497AE7-0721-4E65-B953-05DF15F206A6}.Release|Any CPU.ActiveCfg = Release|Any CPU
		{3E497AE7-0721-4E65-B953-05DF15F206A6}.Release|Any CPU.Build.0 = Release|Any CPU
		{2DD64F70-8DAF-4C70-8986-BF2812A95C8F}.Debug|Any CPU.ActiveCfg = Debug|Any CPU
		{2DD64F70-8DAF-4C70-8986-BF2812A95C8F}.Debug|Any CPU.Build.0 = Debug|Any CPU
		{2DD64F70-8DAF-4C70-8986-BF2812A95C8F}.Release|Any CPU.ActiveCfg = Release|Any CPU
		{2DD64F70-8DAF-4C70-8986-BF2812A95C8F}.Release|Any CPU.Build.0 = Release|Any CPU
		{E15B13DE-7E40-4441-A825-B6931E01C0D6}.Debug|Any CPU.ActiveCfg = Debug|Any CPU
		{E15B13DE-7E40-4441-A825-B6931E01C0D6}.Debug|Any CPU.Build.0 = Debug|Any CPU
		{E15B13DE-7E40-4441-A825-B6931E01C0D6}.Release|Any CPU.ActiveCfg = Release|Any CPU
		{E15B13DE-7E40-4441-A825-B6931E01C0D6}.Release|Any CPU.Build.0 = Release|Any CPU
		{83EF98FE-4212-4C92-9F8A-E3BAC081DF1F}.Debug|Any CPU.ActiveCfg = Debug|Any CPU
		{83EF98FE-4212-4C92-9F8A-E3BAC081DF1F}.Debug|Any CPU.Build.0 = Debug|Any CPU
		{83EF98FE-4212-4C92-9F8A-E3BAC081DF1F}.Release|Any CPU.ActiveCfg = Release|Any CPU
		{83EF98FE-4212-4C92-9F8A-E3BAC081DF1F}.Release|Any CPU.Build.0 = Release|Any CPU
		{9B472B86-C6CD-42D8-A610-A54012BDCEC5}.Debug|Any CPU.ActiveCfg = Debug|Any CPU
		{9B472B86-C6CD-42D8-A610-A54012BDCEC5}.Debug|Any CPU.Build.0 = Debug|Any CPU
		{9B472B86-C6CD-42D8-A610-A54012BDCEC5}.Release|Any CPU.ActiveCfg = Release|Any CPU
		{9B472B86-C6CD-42D8-A610-A54012BDCEC5}.Release|Any CPU.Build.0 = Release|Any CPU
		{C19FEF8C-99C0-4C8A-9499-138A79433AA7}.Debug|Any CPU.ActiveCfg = Debug|Any CPU
		{C19FEF8C-99C0-4C8A-9499-138A79433AA7}.Debug|Any CPU.Build.0 = Debug|Any CPU
		{C19FEF8C-99C0-4C8A-9499-138A79433AA7}.Release|Any CPU.ActiveCfg = Release|Any CPU
		{C19FEF8C-99C0-4C8A-9499-138A79433AA7}.Release|Any CPU.Build.0 = Release|Any CPU
		{247D8684-6AA3-45E6-B519-4332C89CE1F4}.Debug|Any CPU.ActiveCfg = Debug|Any CPU
		{247D8684-6AA3-45E6-B519-4332C89CE1F4}.Debug|Any CPU.Build.0 = Debug|Any CPU
		{247D8684-6AA3-45E6-B519-4332C89CE1F4}.Release|Any CPU.ActiveCfg = Release|Any CPU
		{247D8684-6AA3-45E6-B519-4332C89CE1F4}.Release|Any CPU.Build.0 = Release|Any CPU
		{241F44DA-4A52-4086-8E0B-6ABDB662387F}.Debug|Any CPU.ActiveCfg = Debug|Any CPU
		{241F44DA-4A52-4086-8E0B-6ABDB662387F}.Debug|Any CPU.Build.0 = Debug|Any CPU
		{241F44DA-4A52-4086-8E0B-6ABDB662387F}.Release|Any CPU.ActiveCfg = Release|Any CPU
		{241F44DA-4A52-4086-8E0B-6ABDB662387F}.Release|Any CPU.Build.0 = Release|Any CPU
		{2F9FBA44-C1F8-4E34-B3CE-9EEBEB1AA7B2}.Debug|Any CPU.ActiveCfg = Debug|Any CPU
		{2F9FBA44-C1F8-4E34-B3CE-9EEBEB1AA7B2}.Debug|Any CPU.Build.0 = Debug|Any CPU
		{2F9FBA44-C1F8-4E34-B3CE-9EEBEB1AA7B2}.Release|Any CPU.ActiveCfg = Release|Any CPU
		{2F9FBA44-C1F8-4E34-B3CE-9EEBEB1AA7B2}.Release|Any CPU.Build.0 = Release|Any CPU
		{040209E9-B364-47E0-8922-89210ACCFB24}.Debug|Any CPU.ActiveCfg = Debug|Any CPU
		{040209E9-B364-47E0-8922-89210ACCFB24}.Debug|Any CPU.Build.0 = Debug|Any CPU
		{040209E9-B364-47E0-8922-89210ACCFB24}.Release|Any CPU.ActiveCfg = Release|Any CPU
		{040209E9-B364-47E0-8922-89210ACCFB24}.Release|Any CPU.Build.0 = Release|Any CPU
		{08B987F1-0DAC-4F94-9B56-C992B731B943}.Debug|Any CPU.ActiveCfg = Debug|Any CPU
		{08B987F1-0DAC-4F94-9B56-C992B731B943}.Debug|Any CPU.Build.0 = Debug|Any CPU
		{08B987F1-0DAC-4F94-9B56-C992B731B943}.Release|Any CPU.ActiveCfg = Release|Any CPU
		{08B987F1-0DAC-4F94-9B56-C992B731B943}.Release|Any CPU.Build.0 = Release|Any CPU
		{05DFA67F-C861-48F9-BBD9-7777972A918F}.Debug|Any CPU.ActiveCfg = Debug|Any CPU
		{05DFA67F-C861-48F9-BBD9-7777972A918F}.Debug|Any CPU.Build.0 = Debug|Any CPU
		{05DFA67F-C861-48F9-BBD9-7777972A918F}.Release|Any CPU.ActiveCfg = Release|Any CPU
		{05DFA67F-C861-48F9-BBD9-7777972A918F}.Release|Any CPU.Build.0 = Release|Any CPU
		{B05ACE65-AFBD-48B8-9C39-DF4DCF8B3E57}.Debug|Any CPU.ActiveCfg = Debug|Any CPU
		{B05ACE65-AFBD-48B8-9C39-DF4DCF8B3E57}.Debug|Any CPU.Build.0 = Debug|Any CPU
		{B05ACE65-AFBD-48B8-9C39-DF4DCF8B3E57}.Release|Any CPU.ActiveCfg = Release|Any CPU
		{B05ACE65-AFBD-48B8-9C39-DF4DCF8B3E57}.Release|Any CPU.Build.0 = Release|Any CPU
		{7A4966A7-BE64-4589-8FD3-59AA8869A30F}.Debug|Any CPU.ActiveCfg = Debug|Any CPU
		{7A4966A7-BE64-4589-8FD3-59AA8869A30F}.Debug|Any CPU.Build.0 = Debug|Any CPU
		{7A4966A7-BE64-4589-8FD3-59AA8869A30F}.Release|Any CPU.ActiveCfg = Release|Any CPU
		{7A4966A7-BE64-4589-8FD3-59AA8869A30F}.Release|Any CPU.Build.0 = Release|Any CPU
		{591D9280-33FD-4090-AFBE-D513A2A18316}.Debug|Any CPU.ActiveCfg = Debug|Any CPU
		{591D9280-33FD-4090-AFBE-D513A2A18316}.Debug|Any CPU.Build.0 = Debug|Any CPU
		{591D9280-33FD-4090-AFBE-D513A2A18316}.Release|Any CPU.ActiveCfg = Release|Any CPU
		{591D9280-33FD-4090-AFBE-D513A2A18316}.Release|Any CPU.Build.0 = Release|Any CPU
		{872470DC-8FC6-4AD4-BE9E-F3F2CA9DC616}.Debug|Any CPU.ActiveCfg = Debug|Any CPU
		{872470DC-8FC6-4AD4-BE9E-F3F2CA9DC616}.Debug|Any CPU.Build.0 = Debug|Any CPU
		{872470DC-8FC6-4AD4-BE9E-F3F2CA9DC616}.Release|Any CPU.ActiveCfg = Release|Any CPU
		{872470DC-8FC6-4AD4-BE9E-F3F2CA9DC616}.Release|Any CPU.Build.0 = Release|Any CPU
	EndGlobalSection
	GlobalSection(SolutionProperties) = preSolution
		HideSolutionNode = FALSE
	EndGlobalSection
	GlobalSection(NestedProjects) = preSolution
		{472FFE79-B8B1-41A1-91F2-CFA0F8406BC9} = {A3E29077-2385-4F4F-B2BB-01975E24979C}
		{F573919A-D73A-4186-9E9D-9A514A5D7244} = {C6B2743E-B7EE-418C-9F9B-79976B71C46B}
		{7884D11A-8935-4BB0-B027-64EE9CC2CE33} = {C6B2743E-B7EE-418C-9F9B-79976B71C46B}
		{EA652176-7921-4F6C-9B38-C722B96D7A0E} = {33F6CAB3-FD8A-4B91-9B94-A1E2DBC2759B}
		{E1B69A13-88EE-4705-8604-F2E9453D0D60} = {472FFE79-B8B1-41A1-91F2-CFA0F8406BC9}
		{4A5960C8-3EBC-4725-8751-BF96CEEE2686} = {33F6CAB3-FD8A-4B91-9B94-A1E2DBC2759B}
		{CE41595A-0FA0-4B22-9507-511C957571D8} = {33F6CAB3-FD8A-4B91-9B94-A1E2DBC2759B}
		{BB2F6FF3-7F39-4C92-8F3C-74F3B43666E5} = {33F6CAB3-FD8A-4B91-9B94-A1E2DBC2759B}
		{8B4E37FC-19DA-47B4-BE06-00E50EA354B7} = {33F6CAB3-FD8A-4B91-9B94-A1E2DBC2759B}
		{513512D1-39CF-4F50-AFFA-40C5558C3F8A} = {93A682FB-8EA0-4F10-AC03-CD688025E624}
		{4C99DD4C-F671-45C3-B696-E9C3BDEE667F} = {93A682FB-8EA0-4F10-AC03-CD688025E624}
		{A5BE8634-522D-4CEC-B60C-EECCD2D0F946} = {93A682FB-8EA0-4F10-AC03-CD688025E624}
		{C9E70A76-90AA-445B-963B-CE3B07FA8AE2} = {93A682FB-8EA0-4F10-AC03-CD688025E624}
		{D92EA2DD-FD45-4B27-90DE-EEE5FAA87452} = {93A682FB-8EA0-4F10-AC03-CD688025E624}
		{35179009-D18F-45BF-AFF6-68934C727507} = {93A682FB-8EA0-4F10-AC03-CD688025E624}
		{EA770A35-5114-45F5-9BEB-DE2BA949903F} = {93A682FB-8EA0-4F10-AC03-CD688025E624}
		{3EB6A053-396B-429E-AB06-C24BA66E488F} = {9559AE76-7924-4647-8619-35EE39569D6C}
		{F125B463-4B54-4740-BFED-3F6CD4DB7BD0} = {9559AE76-7924-4647-8619-35EE39569D6C}
		{781C490B-D632-48C2-B9B7-158A1A4E42A3} = {472FFE79-B8B1-41A1-91F2-CFA0F8406BC9}
		{BE5C8B21-F0D9-49E7-B9EF-DA2C2B30F608} = {472FFE79-B8B1-41A1-91F2-CFA0F8406BC9}
		{B72B3024-B5A6-4C42-9519-349B2D1B9DF1} = {B5285F1C-479F-43F5-B3DE-3E930516AF6D}
		{D58C77ED-ED4B-45F1-B6C4-A14FE6B70083} = {B8142AAE-3792-44C0-9197-0F14A9749E33}
		{43BE3B85-AA7B-47B5-AC09-EE66B52358EA} = {472FFE79-B8B1-41A1-91F2-CFA0F8406BC9}
		{6690993E-6659-451F-907C-A48FE1121D40} = {2BA5C677-C0B9-458B-8A6D-D3E74B6F60EA}
		{8C24C67A-DFF6-4752-827F-98BE6190EF47} = {BC0DA397-CCD6-407C-B675-87E5B702318A}
		{A8F21802-C874-4EA1-A02F-C6C0000C6284} = {525BCCB3-B4EC-4DDD-BE84-513242EEE2E8}
		{66E249CA-9BE0-4E09-AC85-A61EB68D56F8} = {525BCCB3-B4EC-4DDD-BE84-513242EEE2E8}
		{23C259F5-8542-420C-A94D-5F683D097CD8} = {525BCCB3-B4EC-4DDD-BE84-513242EEE2E8}
		{2E48FFA9-478E-445B-BDD7-37D30C02380A} = {BC0DA397-CCD6-407C-B675-87E5B702318A}
		{9346796F-E499-4239-9224-4CE2CA0704A5} = {24481196-FEE8-4AD7-9FA6-5C9655A80C18}
		{27C22FD6-37D3-41A0-BF34-5D9F5031EAF8} = {24481196-FEE8-4AD7-9FA6-5C9655A80C18}
		{D45DFEED-3A83-436D-ACBD-771DDDC4718F} = {DB31385F-49B0-49FB-946A-DBAD2A070B7A}
		{BDBABE46-FAAE-459D-BC78-B5BA6503EBBA} = {4A4E88DE-5CE7-433E-BED8-D269E385ECFD}
		{5C7976B4-C243-41B9-8303-8E8FAE099D31} = {A3E29077-2385-4F4F-B2BB-01975E24979C}
		{741EE94D-5F03-426E-9D34-CBDA41671742} = {5C7976B4-C243-41B9-8303-8E8FAE099D31}
		{A66F9341-005F-4FAC-BF93-D676329A34B4} = {5C7976B4-C243-41B9-8303-8E8FAE099D31}
		{58BE2219-6694-4630-85E6-7953A608A2D6} = {5C7976B4-C243-41B9-8303-8E8FAE099D31}
		{0F86BCCF-6A1D-41DD-A9C0-4B3BF8A840BF} = {5C7976B4-C243-41B9-8303-8E8FAE099D31}
		{2DABEEC3-E915-44D7-A4B4-50972CAF45FB} = {A3E29077-2385-4F4F-B2BB-01975E24979C}
		{77817263-DB2A-4500-86A5-1ADBE3318A73} = {2DABEEC3-E915-44D7-A4B4-50972CAF45FB}
		{25107D91-1E7D-422C-8B03-B1C94EE3A1B5} = {AED4D92B-5196-47E9-BD2C-84D4077F5A70}
		{CAC738F2-8F95-4940-90D2-76DABF403581} = {AED4D92B-5196-47E9-BD2C-84D4077F5A70}
		{577D3EA3-5342-4E0D-AE51-39CBEE217089} = {AED4D92B-5196-47E9-BD2C-84D4077F5A70}
		{DB0D25EE-7489-4DD1-8CF9-A8F839B58446} = {472FFE79-B8B1-41A1-91F2-CFA0F8406BC9}
		{F084AFFB-9136-43CE-874C-777DBA4D5205} = {AED4D92B-5196-47E9-BD2C-84D4077F5A70}
		{5D81881D-FF17-4902-8BEB-A1D58D0EF688} = {B8142AAE-3792-44C0-9197-0F14A9749E33}
		{256EB128-60DC-406C-BED0-9D0013A6B49A} = {052D4342-8B65-4836-A9B6-681A7812760E}
		{027BE8C0-24D8-45BC-9A97-08B6924FB39D} = {052D4342-8B65-4836-A9B6-681A7812760E}
		{DB31385F-49B0-49FB-946A-DBAD2A070B7A} = {BDBABE46-FAAE-459D-BC78-B5BA6503EBBA}
		{24481196-FEE8-4AD7-9FA6-5C9655A80C18} = {BDBABE46-FAAE-459D-BC78-B5BA6503EBBA}
		{525BCCB3-B4EC-4DDD-BE84-513242EEE2E8} = {BDBABE46-FAAE-459D-BC78-B5BA6503EBBA}
		{BC0DA397-CCD6-407C-B675-87E5B702318A} = {BDBABE46-FAAE-459D-BC78-B5BA6503EBBA}
		{08534D50-E0D2-47C6-8DCD-4F0A4ADD7AF7} = {24481196-FEE8-4AD7-9FA6-5C9655A80C18}
		{72DFB0D0-9D28-4788-9FD2-123E3C7E5032} = {052D4342-8B65-4836-A9B6-681A7812760E}
		{3E497AE7-0721-4E65-B953-05DF15F206A6} = {AED4D92B-5196-47E9-BD2C-84D4077F5A70}
		{2DD64F70-8DAF-4C70-8986-BF2812A95C8F} = {93A682FB-8EA0-4F10-AC03-CD688025E624}
		{9EC1188A-A524-4D44-B3DA-37065AA96E2D} = {8E2070BF-F6CF-47CC-8DB8-56B74EDFA7EB}
		{E15B13DE-7E40-4441-A825-B6931E01C0D6} = {16E3259B-3FBE-43BB-976E-F23409F73787}
		{83EF98FE-4212-4C92-9F8A-E3BAC081DF1F} = {16E3259B-3FBE-43BB-976E-F23409F73787}
		{9B472B86-C6CD-42D8-A610-A54012BDCEC5} = {16E3259B-3FBE-43BB-976E-F23409F73787}
		{C19FEF8C-99C0-4C8A-9499-138A79433AA7} = {472FFE79-B8B1-41A1-91F2-CFA0F8406BC9}
		{247D8684-6AA3-45E6-B519-4332C89CE1F4} = {5C7976B4-C243-41B9-8303-8E8FAE099D31}
		{241F44DA-4A52-4086-8E0B-6ABDB662387F} = {93A682FB-8EA0-4F10-AC03-CD688025E624}
		{2F9FBA44-C1F8-4E34-B3CE-9EEBEB1AA7B2} = {93A682FB-8EA0-4F10-AC03-CD688025E624}
		{16E3259B-3FBE-43BB-976E-F23409F73787} = {9EC1188A-A524-4D44-B3DA-37065AA96E2D}
		{6883A733-F108-4018-B38A-322804F78DAE} = {9EC1188A-A524-4D44-B3DA-37065AA96E2D}
		{AED4D92B-5196-47E9-BD2C-84D4077F5A70} = {472FFE79-B8B1-41A1-91F2-CFA0F8406BC9}
		{93A682FB-8EA0-4F10-AC03-CD688025E624} = {472FFE79-B8B1-41A1-91F2-CFA0F8406BC9}
		{33F6CAB3-FD8A-4B91-9B94-A1E2DBC2759B} = {472FFE79-B8B1-41A1-91F2-CFA0F8406BC9}
		{C6B2743E-B7EE-418C-9F9B-79976B71C46B} = {472FFE79-B8B1-41A1-91F2-CFA0F8406BC9}
		{052D4342-8B65-4836-A9B6-681A7812760E} = {472FFE79-B8B1-41A1-91F2-CFA0F8406BC9}
		{9559AE76-7924-4647-8619-35EE39569D6C} = {472FFE79-B8B1-41A1-91F2-CFA0F8406BC9}
		{B8142AAE-3792-44C0-9197-0F14A9749E33} = {472FFE79-B8B1-41A1-91F2-CFA0F8406BC9}
		{B5285F1C-479F-43F5-B3DE-3E930516AF6D} = {472FFE79-B8B1-41A1-91F2-CFA0F8406BC9}
		{040209E9-B364-47E0-8922-89210ACCFB24} = {C6B2743E-B7EE-418C-9F9B-79976B71C46B}
		{08B987F1-0DAC-4F94-9B56-C992B731B943} = {3F07E19F-C285-47B5-9441-46F375ECD5C9}
		{F40A8736-2FEC-446A-99FD-3660729893FC} = {2BA5C677-C0B9-458B-8A6D-D3E74B6F60EA}
		{D77F42E0-7AF5-4CE7-AC49-84BC6C6ADC34} = {F40A8736-2FEC-446A-99FD-3660729893FC}
		{05DFA67F-C861-48F9-BBD9-7777972A918F} = {BC0DA397-CCD6-407C-B675-87E5B702318A}
		{B05ACE65-AFBD-48B8-9C39-DF4DCF8B3E57} = {BC0DA397-CCD6-407C-B675-87E5B702318A}
		{7A4966A7-BE64-4589-8FD3-59AA8869A30F} = {B5285F1C-479F-43F5-B3DE-3E930516AF6D}
		{591D9280-33FD-4090-AFBE-D513A2A18316} = {9559AE76-7924-4647-8619-35EE39569D6C}
		{872470DC-8FC6-4AD4-BE9E-F3F2CA9DC616} = {DB31385F-49B0-49FB-946A-DBAD2A070B7A}
	EndGlobalSection
	GlobalSection(ExtensibilityGlobals) = postSolution
		SolutionGuid = {C1202A0F-83CC-4602-BCE5-20CB640BCAD4}
	EndGlobalSection
EndGlobal
