
Microsoft Visual Studio Solution File, Format Version 12.00
# Visual Studio Version 17
VisualStudioVersion = 17.3.32929.385
MinimumVisualStudioVersion = 10.0.40219.1
Project("{2150E333-8FDC-42A3-9474-1A3956D46DE8}") = "01-framework", "01-framework", "{A3E29077-2385-4F4F-B2BB-01975E24979C}"
EndProject
Project("{2150E333-8FDC-42A3-9474-1A3956D46DE8}") = "01-src", "01-src", "{472FFE79-B8B1-41A1-91F2-CFA0F8406BC9}"
EndProject
Project("{9A19103F-16F7-4668-BE54-9A1E7A4F7556}") = "Bing.Core", "framework\src\Bing.Core\Bing.Core.csproj", "{F573919A-D73A-4186-9E9D-9A514A5D7244}"
EndProject
Project("{9A19103F-16F7-4668-BE54-9A1E7A4F7556}") = "Bing.AspNetCore", "framework\src\Bing.AspNetCore\Bing.AspNetCore.csproj", "{7884D11A-8935-4BB0-B027-64EE9CC2CE33}"
EndProject
Project("{9A19103F-16F7-4668-BE54-9A1E7A4F7556}") = "Bing.Logs", "framework\src\Bing.Logs\Bing.Logs.csproj", "{EA652176-7921-4F6C-9B38-C722B96D7A0E}"
EndProject
Project("{9A19103F-16F7-4668-BE54-9A1E7A4F7556}") = "Bing.Security", "framework\src\Bing.Security\Bing.Security.csproj", "{E1B69A13-88EE-4705-8604-F2E9453D0D60}"
EndProject
Project("{9A19103F-16F7-4668-BE54-9A1E7A4F7556}") = "Bing.Logs.Exceptionless", "framework\src\Bing.Logs.Exceptionless\Bing.Logs.Exceptionless.csproj", "{4A5960C8-3EBC-4725-8751-BF96CEEE2686}"
EndProject
Project("{9A19103F-16F7-4668-BE54-9A1E7A4F7556}") = "Bing.Logs.Log4Net", "framework\src\Bing.Logs.Log4Net\Bing.Logs.Log4Net.csproj", "{CE41595A-0FA0-4B22-9507-511C957571D8}"
EndProject
Project("{9A19103F-16F7-4668-BE54-9A1E7A4F7556}") = "Bing.Logs.Serilog", "framework\src\Bing.Logs.Serilog\Bing.Logs.Serilog.csproj", "{8B4E37FC-19DA-47B4-BE06-00E50EA354B7}"
EndProject
Project("{9A19103F-16F7-4668-BE54-9A1E7A4F7556}") = "Bing.EntityFrameworkCore", "framework\src\Bing.EntityFrameworkCore\Bing.EntityFrameworkCore.csproj", "{4C99DD4C-F671-45C3-B696-E9C3BDEE667F}"
EndProject
Project("{9A19103F-16F7-4668-BE54-9A1E7A4F7556}") = "Bing.EntityFrameworkCore.MySql", "framework\src\Bing.EntityFrameworkCore.MySql\Bing.EntityFrameworkCore.MySql.csproj", "{A5BE8634-522D-4CEC-B60C-EECCD2D0F946}"
EndProject
Project("{9A19103F-16F7-4668-BE54-9A1E7A4F7556}") = "Bing.EntityFrameworkCore.Oracle", "framework\src\Bing.EntityFrameworkCore.Oracle\Bing.EntityFrameworkCore.Oracle.csproj", "{C9E70A76-90AA-445B-963B-CE3B07FA8AE2}"
EndProject
Project("{9A19103F-16F7-4668-BE54-9A1E7A4F7556}") = "Bing.EntityFrameworkCore.PostgreSql", "framework\src\Bing.EntityFrameworkCore.PostgreSql\Bing.EntityFrameworkCore.PostgreSql.csproj", "{D92EA2DD-FD45-4B27-90DE-EEE5FAA87452}"
EndProject
Project("{9A19103F-16F7-4668-BE54-9A1E7A4F7556}") = "Bing.EntityFrameworkCore.Sqlite", "framework\src\Bing.EntityFrameworkCore.Sqlite\Bing.EntityFrameworkCore.Sqlite.csproj", "{35179009-D18F-45BF-AFF6-68934C727507}"
EndProject
Project("{9A19103F-16F7-4668-BE54-9A1E7A4F7556}") = "Bing.EntityFrameworkCore.SqlServer", "framework\src\Bing.EntityFrameworkCore.SqlServer\Bing.EntityFrameworkCore.SqlServer.csproj", "{EA770A35-5114-45F5-9BEB-DE2BA949903F}"
EndProject
Project("{9A19103F-16F7-4668-BE54-9A1E7A4F7556}") = "Bing.Caching.CSRedis", "framework\src\Bing.Caching.CSRedis\Bing.Caching.CSRedis.csproj", "{3EB6A053-396B-429E-AB06-C24BA66E488F}"
EndProject
Project("{9A19103F-16F7-4668-BE54-9A1E7A4F7556}") = "Bing.EasyCaching", "framework\src\Bing.EasyCaching\Bing.EasyCaching.csproj", "{F125B463-4B54-4740-BFED-3F6CD4DB7BD0}"
EndProject
Project("{9A19103F-16F7-4668-BE54-9A1E7A4F7556}") = "Bing.Permissions", "framework\src\Bing.Permissions\Bing.Permissions.csproj", "{781C490B-D632-48C2-B9B7-158A1A4E42A3}"
EndProject
Project("{9A19103F-16F7-4668-BE54-9A1E7A4F7556}") = "Bing.AutoMapper", "framework\src\Bing.AutoMapper\Bing.AutoMapper.csproj", "{BE5C8B21-F0D9-49E7-B9EF-DA2C2B30F608}"
EndProject
Project("{9A19103F-16F7-4668-BE54-9A1E7A4F7556}") = "Bing.Events", "framework\src\Bing.Events\Bing.Events.csproj", "{B72B3024-B5A6-4C42-9519-349B2D1B9DF1}"
EndProject
Project("{9A19103F-16F7-4668-BE54-9A1E7A4F7556}") = "Bing.MailKit", "framework\src\Bing.MailKit\Bing.MailKit.csproj", "{D58C77ED-ED4B-45F1-B6C4-A14FE6B70083}"
EndProject
Project("{9A19103F-16F7-4668-BE54-9A1E7A4F7556}") = "Bing.MiniProfiler", "framework\src\Bing.MiniProfiler\Bing.MiniProfiler.csproj", "{43BE3B85-AA7B-47B5-AC09-EE66B52358EA}"
EndProject
Project("{2150E333-8FDC-42A3-9474-1A3956D46DE8}") = "_SolutionItems", "_SolutionItems", "{2BA5C677-C0B9-458B-8A6D-D3E74B6F60EA}"
EndProject
Project("{2150E333-8FDC-42A3-9474-1A3956D46DE8}") = "03-modules", "03-modules", "{4A4E88DE-5CE7-433E-BED8-D269E385ECFD}"
EndProject
Project("{9A19103F-16F7-4668-BE54-9A1E7A4F7556}") = "Bing.Admin.Infrastructure", "modules\admin\src\Bing.Admin.Infrastructure\Bing.Admin.Infrastructure.csproj", "{8C24C67A-DFF6-4752-827F-98BE6190EF47}"
EndProject
Project("{9A19103F-16F7-4668-BE54-9A1E7A4F7556}") = "Bing.Admin.Domain.Shared", "modules\admin\src\Bing.Admin.Domain.Shared\Bing.Admin.Domain.Shared.csproj", "{A8F21802-C874-4EA1-A02F-C6C0000C6284}"
EndProject
Project("{9A19103F-16F7-4668-BE54-9A1E7A4F7556}") = "Bing.Admin.Commons.Domain", "modules\admin\src\Bing.Admin.Commons.Domain\Bing.Admin.Commons.Domain.csproj", "{66E249CA-9BE0-4E09-AC85-A61EB68D56F8}"
EndProject
Project("{9A19103F-16F7-4668-BE54-9A1E7A4F7556}") = "Bing.Admin.Systems.Domain", "modules\admin\src\Bing.Admin.Systems.Domain\Bing.Admin.Systems.Domain.csproj", "{23C259F5-8542-420C-A94D-5F683D097CD8}"
EndProject
Project("{9A19103F-16F7-4668-BE54-9A1E7A4F7556}") = "Bing.Admin.Data", "modules\admin\src\Bing.Admin.Data\Bing.Admin.Data.csproj", "{2E48FFA9-478E-445B-BDD7-37D30C02380A}"
EndProject
Project("{9A19103F-16F7-4668-BE54-9A1E7A4F7556}") = "Bing.Admin.Service", "modules\admin\src\Bing.Admin.Service\Bing.Admin.Service.csproj", "{9346796F-E499-4239-9224-4CE2CA0704A5}"
EndProject
Project("{9A19103F-16F7-4668-BE54-9A1E7A4F7556}") = "Bing.Admin.EventHandlers", "modules\admin\src\Bing.Admin.EventHandlers\Bing.Admin.EventHandlers.csproj", "{27C22FD6-37D3-41A0-BF34-5D9F5031EAF8}"
EndProject
Project("{9A19103F-16F7-4668-BE54-9A1E7A4F7556}") = "Bing.Admin", "modules\admin\src\Bing.Admin\Bing.Admin.csproj", "{D45DFEED-3A83-436D-ACBD-771DDDC4718F}"
EndProject
Project("{2150E333-8FDC-42A3-9474-1A3956D46DE8}") = "01-admin", "01-admin", "{BDBABE46-FAAE-459D-BC78-B5BA6503EBBA}"
EndProject
Project("{2150E333-8FDC-42A3-9474-1A3956D46DE8}") = "02-tests", "02-tests", "{5C7976B4-C243-41B9-8303-8E8FAE099D31}"
EndProject
Project("{9A19103F-16F7-4668-BE54-9A1E7A4F7556}") = "Bing.AutoMapper.Tests", "framework\tests\Bing.AutoMapper.Tests\Bing.AutoMapper.Tests.csproj", "{741EE94D-5F03-426E-9D34-CBDA41671742}"
EndProject
Project("{9A19103F-16F7-4668-BE54-9A1E7A4F7556}") = "Bing.Tests.Samples", "tests\Bing.Tests.Samples\Bing.Tests.Samples.csproj", "{A66F9341-005F-4FAC-BF93-D676329A34B4}"
EndProject
Project("{9A19103F-16F7-4668-BE54-9A1E7A4F7556}") = "Bing.Tests", "framework\tests\Bing.Tests\Bing.Tests.csproj", "{58BE2219-6694-4630-85E6-7953A608A2D6}"
EndProject
Project("{9A19103F-16F7-4668-BE54-9A1E7A4F7556}") = "Bing.Datas.Test.Integration", "framework\tests\Bing.Datas.Test.Integration\Bing.Datas.Test.Integration.csproj", "{0F86BCCF-6A1D-41DD-A9C0-4B3BF8A840BF}"
EndProject
Project("{9A19103F-16F7-4668-BE54-9A1E7A4F7556}") = "Bing.Ddd.Domain", "framework\src\Bing.Ddd.Domain\Bing.Ddd.Domain.csproj", "{25107D91-1E7D-422C-8B03-B1C94EE3A1B5}"
EndProject
Project("{9A19103F-16F7-4668-BE54-9A1E7A4F7556}") = "Bing.Ddd.Application", "framework\src\Bing.Ddd.Application\Bing.Ddd.Application.csproj", "{CAC738F2-8F95-4940-90D2-76DABF403581}"
EndProject
Project("{9A19103F-16F7-4668-BE54-9A1E7A4F7556}") = "Bing.Ddd.Application.Contracts", "framework\src\Bing.Ddd.Application.Contracts\Bing.Ddd.Application.Contracts.csproj", "{577D3EA3-5342-4E0D-AE51-39CBEE217089}"
EndProject
Project("{9A19103F-16F7-4668-BE54-9A1E7A4F7556}") = "Bing.Auditing", "framework\src\Bing.Auditing\Bing.Auditing.csproj", "{F084AFFB-9136-43CE-874C-777DBA4D5205}"
EndProject
Project("{9A19103F-16F7-4668-BE54-9A1E7A4F7556}") = "Bing.Emailing", "framework\src\Bing.Emailing\Bing.Emailing.csproj", "{5D81881D-FF17-4902-8BEB-A1D58D0EF688}"
EndProject
Project("{9A19103F-16F7-4668-BE54-9A1E7A4F7556}") = "Bing.AspNetCore.Mvc.Contracts", "framework\src\Bing.AspNetCore.Mvc.Contracts\Bing.AspNetCore.Mvc.Contracts.csproj", "{256EB128-60DC-406C-BED0-9D0013A6B49A}"
EndProject
Project("{9A19103F-16F7-4668-BE54-9A1E7A4F7556}") = "Bing.AspNetCore.Mvc", "framework\src\Bing.AspNetCore.Mvc\Bing.AspNetCore.Mvc.csproj", "{027BE8C0-24D8-45BC-9A97-08B6924FB39D}"
EndProject
Project("{2150E333-8FDC-42A3-9474-1A3956D46DE8}") = "01-Presentation", "01-Presentation", "{DB31385F-49B0-49FB-946A-DBAD2A070B7A}"
EndProject
Project("{2150E333-8FDC-42A3-9474-1A3956D46DE8}") = "02-Service", "02-Service", "{24481196-FEE8-4AD7-9FA6-5C9655A80C18}"
EndProject
Project("{2150E333-8FDC-42A3-9474-1A3956D46DE8}") = "03-Domain", "03-Domain", "{525BCCB3-B4EC-4DDD-BE84-513242EEE2E8}"
EndProject
Project("{2150E333-8FDC-42A3-9474-1A3956D46DE8}") = "04-Infrastructure", "04-Infrastructure", "{BC0DA397-CCD6-407C-B675-87E5B702318A}"
EndProject
Project("{9A19103F-16F7-4668-BE54-9A1E7A4F7556}") = "Bing.Admin.Service.Shared", "modules\admin\src\Bing.Admin.Service.Shared\Bing.Admin.Service.Shared.csproj", "{08534D50-E0D2-47C6-8DCD-4F0A4ADD7AF7}"
EndProject
Project("{9A19103F-16F7-4668-BE54-9A1E7A4F7556}") = "Bing.AspNetCore.Mvc.UI", "framework\src\Bing.AspNetCore.Mvc.UI\Bing.AspNetCore.Mvc.UI.csproj", "{72DFB0D0-9D28-4788-9FD2-123E3C7E5032}"
EndProject
Project("{9A19103F-16F7-4668-BE54-9A1E7A4F7556}") = "Bing.Data", "framework\src\Bing.Data\Bing.Data.csproj", "{3E497AE7-0721-4E65-B953-05DF15F206A6}"
EndProject
Project("{9A19103F-16F7-4668-BE54-9A1E7A4F7556}") = "Bing.Data.Sql", "framework\src\Bing.Data.Sql\Bing.Data.Sql.csproj", "{2DD64F70-8DAF-4C70-8986-BF2812A95C8F}"
EndProject
Project("{2150E333-8FDC-42A3-9474-1A3956D46DE8}") = "02-components", "02-components", "{8E2070BF-F6CF-47CC-8DB8-56B74EDFA7EB}"
EndProject
Project("{2150E333-8FDC-42A3-9474-1A3956D46DE8}") = "01-src", "01-src", "{9EC1188A-A524-4D44-B3DA-37065AA96E2D}"
	ProjectSection(SolutionItems) = preProject
		components\src\Directory.Build.props = components\src\Directory.Build.props
	EndProjectSection
EndProject
Project("{9A19103F-16F7-4668-BE54-9A1E7A4F7556}") = "Bing.Biz", "components\src\Bing.Biz\Bing.Biz.csproj", "{E15B13DE-7E40-4441-A825-B6931E01C0D6}"
EndProject
Project("{9A19103F-16F7-4668-BE54-9A1E7A4F7556}") = "Bing.Biz.OAuthLogin", "components\src\Bing.Biz.OAuthLogin\Bing.Biz.OAuthLogin.csproj", "{83EF98FE-4212-4C92-9F8A-E3BAC081DF1F}"
EndProject
Project("{9A19103F-16F7-4668-BE54-9A1E7A4F7556}") = "Bing.Biz.Payments", "components\src\Bing.Biz.Payments\Bing.Biz.Payments.csproj", "{9B472B86-C6CD-42D8-A610-A54012BDCEC5}"
EndProject
Project("{9A19103F-16F7-4668-BE54-9A1E7A4F7556}") = "Bing.MultiTenancy", "framework\src\Bing.MultiTenancy\Bing.MultiTenancy.csproj", "{C19FEF8C-99C0-4C8A-9499-138A79433AA7}"
EndProject
Project("{9A19103F-16F7-4668-BE54-9A1E7A4F7556}") = "Bing.MailKit.Tests", "framework\tests\Bing.MailKit.Tests\Bing.MailKit.Tests.csproj", "{247D8684-6AA3-45E6-B519-4332C89CE1F4}"
EndProject
Project("{9A19103F-16F7-4668-BE54-9A1E7A4F7556}") = "Bing.FreeSQL", "framework\src\Bing.FreeSQL\Bing.FreeSQL.csproj", "{241F44DA-4A52-4086-8E0B-6ABDB662387F}"
EndProject
Project("{9A19103F-16F7-4668-BE54-9A1E7A4F7556}") = "Bing.FreeSQL.MySql", "framework\src\Bing.FreeSQL.MySql\Bing.FreeSQL.MySql.csproj", "{2F9FBA44-C1F8-4E34-B3CE-9EEBEB1AA7B2}"
EndProject
Project("{2150E333-8FDC-42A3-9474-1A3956D46DE8}") = "01-Biz", "01-Biz", "{16E3259B-3FBE-43BB-976E-F23409F73787}"
EndProject
Project("{2150E333-8FDC-42A3-9474-1A3956D46DE8}") = "11-Data", "11-Data", "{93A682FB-8EA0-4F10-AC03-CD688025E624}"
EndProject
Project("{2150E333-8FDC-42A3-9474-1A3956D46DE8}") = "02-Logging", "02-Logging", "{33F6CAB3-FD8A-4B91-9B94-A1E2DBC2759B}"
EndProject
Project("{2150E333-8FDC-42A3-9474-1A3956D46DE8}") = "00-Core", "00-Core", "{C6B2743E-B7EE-418C-9F9B-79976B71C46B}"
EndProject
Project("{2150E333-8FDC-42A3-9474-1A3956D46DE8}") = "13-Web", "13-Web", "{052D4342-8B65-4836-A9B6-681A7812760E}"
EndProject
Project("{2150E333-8FDC-42A3-9474-1A3956D46DE8}") = "05-Caching", "05-Caching", "{9559AE76-7924-4647-8619-35EE39569D6C}"
EndProject
Project("{2150E333-8FDC-42A3-9474-1A3956D46DE8}") = "Emailing", "Emailing", "{B8142AAE-3792-44C0-9197-0F14A9749E33}"
EndProject
Project("{2150E333-8FDC-42A3-9474-1A3956D46DE8}") = "03-Events", "03-Events", "{B5285F1C-479F-43F5-B3DE-3E930516AF6D}"
EndProject
Project("{2150E333-8FDC-42A3-9474-1A3956D46DE8}") = "04-samples", "04-samples", "{3F07E19F-C285-47B5-9441-46F375ECD5C9}"
EndProject
Project("{9A19103F-16F7-4668-BE54-9A1E7A4F7556}") = "Bing.Samples.Hangfire", "samples\Bing.Samples.Hangfire\Bing.Samples.Hangfire.csproj", "{08B987F1-0DAC-4F94-9B56-C992B731B943}"
EndProject
Project("{2150E333-8FDC-42A3-9474-1A3956D46DE8}") = "asset", "asset", "{F40A8736-2FEC-446A-99FD-3660729893FC}"
EndProject
Project("{2150E333-8FDC-42A3-9474-1A3956D46DE8}") = "props", "props", "{D77F42E0-7AF5-4CE7-AC49-84BC6C6ADC34}"
	ProjectSection(SolutionItems) = preProject
		asset\props\misc.props = asset\props\misc.props
		asset\props\package.props = asset\props\package.props
		asset\props\sourcelink.env.props = asset\props\sourcelink.env.props
		asset\props\target.feature.props = asset\props\target.feature.props
	EndProjectSection
EndProject
Project("{9A19103F-16F7-4668-BE54-9A1E7A4F7556}") = "Bing.Admin.Data.FreeSQL", "modules\admin\src\Bing.Admin.Data.FreeSQL\Bing.Admin.Data.FreeSQL.csproj", "{05DFA67F-C861-48F9-BBD9-7777972A918F}"
EndProject
Project("{9A19103F-16F7-4668-BE54-9A1E7A4F7556}") = "Bing.Admin.Data.EFCore", "modules\admin\src\Bing.Admin.Data.EFCore\Bing.Admin.Data.EFCore.csproj", "{B05ACE65-AFBD-48B8-9C39-DF4DCF8B3E57}"
EndProject
Project("{9A19103F-16F7-4668-BE54-9A1E7A4F7556}") = "Bing.Events.Cap.MySql", "framework\src\Bing.Events.Cap.MySql\Bing.Events.Cap.MySql.csproj", "{7A4966A7-BE64-4589-8FD3-59AA8869A30F}"
EndProject
Project("{9A19103F-16F7-4668-BE54-9A1E7A4F7556}") = "Bing.Caching.FreeRedis", "framework\src\Bing.Caching.FreeRedis\Bing.Caching.FreeRedis.csproj", "{591D9280-33FD-4090-AFBE-D513A2A18316}"
EndProject
Project("{9A19103F-16F7-4668-BE54-9A1E7A4F7556}") = "Bing.Admin.FreeSQL", "modules\admin\src\Bing.Admin.FreeSQL\Bing.Admin.FreeSQL.csproj", "{872470DC-8FC6-4AD4-BE9E-F3F2CA9DC616}"
EndProject
Project("{2150E333-8FDC-42A3-9474-1A3956D46DE8}") = "ObjectMapping", "ObjectMapping", "{CC0105D7-EE03-471A-B16D-0E897DD0D5B1}"
EndProject
Project("{9A19103F-16F7-4668-BE54-9A1E7A4F7556}") = "Bing.ObjectMapping", "framework\src\Bing.ObjectMapping\Bing.ObjectMapping.csproj", "{C24940A3-DFAB-488B-9A2E-6D534412D7CA}"
EndProject
Project("{2150E333-8FDC-42A3-9474-1A3956D46DE8}") = "Components", "Components", "{3030FE3D-DB8F-403D-A181-8152670827AB}"
EndProject
Project("{2150E333-8FDC-42A3-9474-1A3956D46DE8}") = "Locks", "Locks", "{F8BFB799-8ECB-49F6-AAA4-5B07F64DB3D9}"
EndProject
Project("{9A19103F-16F7-4668-BE54-9A1E7A4F7556}") = "Bing.Locks.CSRedis", "framework\src\Bing.Locks.CSRedis\Bing.Locks.CSRedis.csproj", "{2C0C2E7B-25AC-4B48-AF62-59E3C5808AEC}"
EndProject
Project("{9A19103F-16F7-4668-BE54-9A1E7A4F7556}") = "Bing.Logs.NLog", "framework\src\Bing.Logs.NLog\Bing.Logs.NLog.csproj", "{A073A8B8-C116-4D8E-A519-DF950F68D2DA}"
EndProject
Project("{9A19103F-16F7-4668-BE54-9A1E7A4F7556}") = "Bing.Validation", "framework\src\Bing.Validation\Bing.Validation.csproj", "{D1131EC5-CF40-418F-8E8C-858AADDBCC7F}"
EndProject
Project("{9A19103F-16F7-4668-BE54-9A1E7A4F7556}") = "Bing.AspNetCore.Authentication.JwtBearer", "framework\src\Bing.AspNetCore.Authentication.JwtBearer\Bing.AspNetCore.Authentication.JwtBearer.csproj", "{7F4DAD82-FB09-445C-8EA2-0F1C50FBBA28}"
EndProject
Project("{2150E333-8FDC-42A3-9474-1A3956D46DE8}") = "TextTemplating", "TextTemplating", "{09A94120-CE45-402F-B45A-21DF04F0C226}"
EndProject
Project("{9A19103F-16F7-4668-BE54-9A1E7A4F7556}") = "Bing.TextTemplating", "framework\src\Bing.TextTemplating\Bing.TextTemplating.csproj", "{E06DC786-72AB-417B-ACDB-AF00688544EA}"
EndProject
Project("{9A19103F-16F7-4668-BE54-9A1E7A4F7556}") = "Bing.TextTemplating.Scriban", "framework\src\Bing.TextTemplating.Scriban\Bing.TextTemplating.Scriban.csproj", "{65B439C9-4B54-4DB8-86B3-9EBE8E62DF83}"
EndProject
Project("{9A19103F-16F7-4668-BE54-9A1E7A4F7556}") = "Bing.Test.Shared", "framework\tests\Bing.Test.Shared\Bing.Test.Shared.csproj", "{D6C96AE5-8756-4278-A331-43073E08C3ED}"
EndProject
Project("{9A19103F-16F7-4668-BE54-9A1E7A4F7556}") = "Bing.Ddd.Domain.Tests", "framework\tests\Bing.Ddd.Domain.Tests\Bing.Ddd.Domain.Tests.csproj", "{8B581529-D7D2-4DCF-824A-2AAFB58F8C94}"
EndProject
Project("{9A19103F-16F7-4668-BE54-9A1E7A4F7556}") = "Bing.EventBus", "framework\src\Bing.EventBus\Bing.EventBus.csproj", "{5E8AD211-7AEF-4D9D-AFA8-C85B6F3D7C6A}"
EndProject
Project("{9A19103F-16F7-4668-BE54-9A1E7A4F7556}") = "Bing.EventBus.Tests", "framework\tests\Bing.EventBus.Tests\Bing.EventBus.Tests.csproj", "{0A5D1639-8EEE-4BC9-94A5-04F354FEFBFD}"
EndProject
Project("{9A19103F-16F7-4668-BE54-9A1E7A4F7556}") = "Bing.Logging", "framework\src\Bing.Logging\Bing.Logging.csproj", "{427DC057-A61A-4D4A-9B20-30F11367AFC8}"
EndProject
Project("{9A19103F-16F7-4668-BE54-9A1E7A4F7556}") = "Bing.Logging.Serilog", "framework\src\Bing.Logging.Serilog\Bing.Logging.Serilog.csproj", "{C935C3C7-0CEB-4583-9039-114631C38989}"
EndProject
Project("{9A19103F-16F7-4668-BE54-9A1E7A4F7556}") = "Bing.Logging.Sinks.Exceptionless", "framework\src\Bing.Logging.Sinks.Exceptionless\Bing.Logging.Sinks.Exceptionless.csproj", "{C7E17279-AAEB-4A58-BBBB-AF443F924D9E}"
EndProject
Project("{9A19103F-16F7-4668-BE54-9A1E7A4F7556}") = "Bing.Logging.Tests", "framework\tests\Bing.Logging.Tests\Bing.Logging.Tests.csproj", "{73871EF9-9CF6-479F-BC1C-AD443CE037AE}"
EndProject
Project("{9A19103F-16F7-4668-BE54-9A1E7A4F7556}") = "Bing.Validation.Abstractions", "framework\src\Bing.Validation.Abstractions\Bing.Validation.Abstractions.csproj", "{19A3A852-6F7B-4864-8F53-AE91A04D0732}"
EndProject
Project("{9A19103F-16F7-4668-BE54-9A1E7A4F7556}") = "Bing.Aop.AspectCore", "framework\src\Bing.Aop.AspectCore\Bing.Aop.AspectCore.csproj", "{E7D1CB89-9657-44EC-8531-4C1B956D190E}"
EndProject
Project("{2150E333-8FDC-42A3-9474-1A3956D46DE8}") = "02-tests", "02-tests", "{FA7995A9-43C6-405A-B924-E4F182C245C2}"
EndProject
Project("{9A19103F-16F7-4668-BE54-9A1E7A4F7556}") = "Bing.Biz.Payments.Tests", "components\tests\Bing.Biz.Payments.Tests\Bing.Biz.Payments.Tests.csproj", "{F41CF4E3-DB29-42C2-8999-39880376D862}"
EndProject
Project("{2150E333-8FDC-42A3-9474-1A3956D46DE8}") = "images", "images", "{3EE7B5A9-FF9B-4786-9E0F-AFD2BED68CC2}"
	ProjectSection(SolutionItems) = preProject
		asset\images\icon.png = asset\images\icon.png
	EndProjectSection
EndProject
Project("{2150E333-8FDC-42A3-9474-1A3956D46DE8}") = "docs", "docs", "{7ABB7FBC-A1B9-432F-BCC5-53B9FD0172D8}"
	ProjectSection(SolutionItems) = preProject
		README.md = README.md
	EndProjectSection
EndProject
Project("{2150E333-8FDC-42A3-9474-1A3956D46DE8}") = "scripts", "scripts", "{4A87040E-99A6-4A3F-BD6D-D2A3C3663012}"
	ProjectSection(SolutionItems) = preProject
		framework\Publish.bat = framework\Publish.bat
		framework\UnPublish.bat = framework\UnPublish.bat
	EndProjectSection
EndProject
Project("{2150E333-8FDC-42A3-9474-1A3956D46DE8}") = "solution", "solution", "{B6E2B626-F561-4B47-8CFE-E8A305696522}"
	ProjectSection(SolutionItems) = preProject
		.editorconfig = .editorconfig
		.gitattributes = .gitattributes
		.gitignore = .gitignore
		common.props = common.props
		common.tests.props = common.tests.props
		framework.props = framework.props
		framework.tests.props = framework.tests.props
		LICENSE = LICENSE
		version.dev.props = version.dev.props
		version.props = version.props
	EndProjectSection
EndProject
Project("{9A19103F-16F7-4668-BE54-9A1E7A4F7556}") = "Bing.Uow", "framework\src\Bing.Uow\Bing.Uow.csproj", "{659C6450-6A39-44A3-A1A5-449ECAA1AFBE}"
EndProject
Project("{9A19103F-16F7-4668-BE54-9A1E7A4F7556}") = "Bing.AspNetCore.Serilog", "framework\src\Bing.AspNetCore.Serilog\Bing.AspNetCore.Serilog.csproj", "{46718841-DF9E-41A4-AF87-C8E81AAE6F55}"
EndProject
Project("{9A19103F-16F7-4668-BE54-9A1E7A4F7556}") = "Bing.Authorization.Abstractions", "framework\src\Bing.Authorization.Abstractions\Bing.Authorization.Abstractions.csproj", "{4B50588D-013B-462C-AA1E-169BEDBA206E}"
EndProject
Project("{2150E333-8FDC-42A3-9474-1A3956D46DE8}") = "Logging", "Logging", "{92EDE4B9-54BD-423A-991B-342ABB54BE8A}"
EndProject
Project("{2150E333-8FDC-42A3-9474-1A3956D46DE8}") = "Logs", "Logs", "{FB4CF257-BC99-4D38-AD74-061307A2C3F3}"
EndProject
Project("{9A19103F-16F7-4668-BE54-9A1E7A4F7556}") = "Bing.Caching.FreeRedis.Tests.Integration", "framework\tests\Bing.Caching.FreeRedis.Tests.Integration\Bing.Caching.FreeRedis.Tests.Integration.csproj", "{0E0BF260-8723-44B0-BEBD-7C345F044A34}"
EndProject
Project("{2150E333-8FDC-42A3-9474-1A3956D46DE8}") = "05-Caching", "05-Caching", "{52F64CF7-927F-4D55-A908-9E2239B4E5AB}"
EndProject
Project("{9A19103F-16F7-4668-BE54-9A1E7A4F7556}") = "Bing.Auditing.Contracts", "framework\src\Bing.Auditing.Contracts\Bing.Auditing.Contracts.csproj", "{3DEB20D6-4D97-41D1-BD6C-C4F63134DAD7}"
EndProject
Project("{9A19103F-16F7-4668-BE54-9A1E7A4F7556}") = "Bing.Caching", "framework\src\Bing.Caching\Bing.Caching.csproj", "{C34F077E-28B7-4DB1-99DF-76CB94A17218}"
EndProject
Project("{2150E333-8FDC-42A3-9474-1A3956D46DE8}") = "SkyApm", "SkyApm", "{C3558DAD-350A-440E-913D-633378472F25}"
EndProject
Project("{9A19103F-16F7-4668-BE54-9A1E7A4F7556}") = "Bing.Extensions.SkyApm.Diagnostics.Sql", "framework\src\Bing.Extensions.SkyApm.Diagnostics.Sql\Bing.Extensions.SkyApm.Diagnostics.Sql.csproj", "{67CCB21B-805E-4CEF-9DB0-F111DC3F369B}"
EndProject
Project("{9A19103F-16F7-4668-BE54-9A1E7A4F7556}") = "Bing.Dapper.MySql", "framework\src\Bing.Dapper.MySql\Bing.Dapper.MySql.csproj", "{49737B99-3DFA-4567-BCAD-4719E388B608}"
EndProject
Project("{9A19103F-16F7-4668-BE54-9A1E7A4F7556}") = "Bing.Dapper.SqlServer", "framework\src\Bing.Dapper.SqlServer\Bing.Dapper.SqlServer.csproj", "{8ADDF9AF-DEAE-434F-917D-11C92592CE56}"
EndProject
Project("{9A19103F-16F7-4668-BE54-9A1E7A4F7556}") = "Bing.Dapper.PostgreSql", "framework\src\Bing.Dapper.PostgreSql\Bing.Dapper.PostgreSql.csproj", "{2D356DD4-BEC5-46AC-9D6D-508B743A855D}"
EndProject
Project("{9A19103F-16F7-4668-BE54-9A1E7A4F7556}") = "Bing.Dapper.Sqlite", "framework\src\Bing.Dapper.Sqlite\Bing.Dapper.Sqlite.csproj", "{A9FBCB7F-C829-45AF-A3CE-0D7E40DD000C}"
EndProject
Project("{9A19103F-16F7-4668-BE54-9A1E7A4F7556}") = "Bing.Dapper.Oracle", "framework\src\Bing.Dapper.Oracle\Bing.Dapper.Oracle.csproj", "{041093B6-D162-4A62-B602-9FA7D17F2BEA}"
EndProject
Project("{2150E333-8FDC-42A3-9474-1A3956D46DE8}") = "12-Data", "12-Data", "{B94B352B-EE67-4350-88A8-04187CA7DF47}"
EndProject
Project("{2150E333-8FDC-42A3-9474-1A3956D46DE8}") = "10-Domain", "10-Domain", "{957AF91A-2CD9-4C0E-8CD7-7C58FABAB312}"
EndProject
Project("{9A19103F-16F7-4668-BE54-9A1E7A4F7556}") = "Bing.Data.Tests", "framework\tests\Bing.Data.Tests\Bing.Data.Tests.csproj", "{DD45D74C-0D35-4B87-8D01-CA7CF67F7FE4}"
EndProject
Project("{9A19103F-16F7-4668-BE54-9A1E7A4F7556}") = "Bing.Data.Sql.Tests", "framework\tests\Bing.Data.Sql.Tests\Bing.Data.Sql.Tests.csproj", "{FCF42041-A3A9-43D8-B599-EC96F2820688}"
EndProject
Project("{9A19103F-16F7-4668-BE54-9A1E7A4F7556}") = "Bing.Auditing.Tests", "framework\tests\Bing.Auditing.Tests\Bing.Auditing.Tests.csproj", "{1BEB2C35-404F-458A-9645-2DA7D59D952D}"
EndProject
Project("{2150E333-8FDC-42A3-9474-1A3956D46DE8}") = "01-Core", "01-Core", "{F3B57D2B-1277-4853-A3A9-9082BD9798FB}"
EndProject
Project("{2150E333-8FDC-42A3-9474-1A3956D46DE8}") = "02-EntityFrameworkCore", "02-EntityFrameworkCore", "{A385B905-7A2B-43DC-819F-D9C0FFB5FDF7}"
EndProject
Project("{2150E333-8FDC-42A3-9474-1A3956D46DE8}") = "03-Dapper", "03-Dapper", "{0F5FB131-FFA5-434F-9B01-F4A067EA2CD9}"
EndProject
Project("{2150E333-8FDC-42A3-9474-1A3956D46DE8}") = "04-FreeSql", "04-FreeSql", "{38445EE2-80BA-4777-8FD3-963EA41C389D}"
EndProject
Project("{9A19103F-16F7-4668-BE54-9A1E7A4F7556}") = "Bing.Dapper.Core", "framework\src\Bing.Dapper.Core\Bing.Dapper.Core.csproj", "{3567DC5F-33B5-46DC-8684-5F50C6024AA6}"
EndProject
Project("{9A19103F-16F7-4668-BE54-9A1E7A4F7556}") = "Bing.Samples.WebApi", "samples\Bing.Samples.WebApi\Bing.Samples.WebApi.csproj", "{3BDFE378-1C20-4992-ADBF-DFBEAB1B2E2F}"
EndProject
Project("{2150E333-8FDC-42A3-9474-1A3956D46DE8}") = "12-Application", "12-Application", "{44E3A713-A8D2-4BE3-ABF3-D9BE25FB709F}"
EndProject
Project("{2150E333-8FDC-42A3-9474-1A3956D46DE8}") = "10-Domain", "10-Domain", "{96F03C7E-0959-4BE4-BE87-E987E1C4BEDA}"
EndProject
Project("{9A19103F-16F7-4668-BE54-9A1E7A4F7556}") = "Bing.Dapper.MySql.Tests.Integration", "framework\tests\Bing.Dapper.MySql.Tests.Integration\Bing.Dapper.MySql.Tests.Integration.csproj", "{AE358EB5-BD94-47D5-B8B0-090271B51D49}"
EndProject
Project("{2150E333-8FDC-42A3-9474-1A3956D46DE8}") = "01-Core", "01-Core", "{703C1672-B6E2-4AC4-B9C8-23460DC28061}"
EndProject
Project("{2150E333-8FDC-42A3-9474-1A3956D46DE8}") = "02-Dapper", "02-Dapper", "{1D7AFFEB-BA34-4B25-B9E0-1AFD950D06CE}"
EndProject
Project("{2150E333-8FDC-42A3-9474-1A3956D46DE8}") = "10-Share", "10-Share", "{3D99820D-63A7-4635-B660-0D04D535229E}"
EndProject
Project("{2150E333-8FDC-42A3-9474-1A3956D46DE8}") = "09-Tenant", "09-Tenant", "{B61B75B3-77BB-4C5A-8262-E360206A4BD9}"
EndProject
Project("{2150E333-8FDC-42A3-9474-1A3956D46DE8}") = "01-Core", "01-Core", "{793DF696-AA3D-4D44-9657-B66000DCEFFA}"
EndProject
Project("{9A19103F-16F7-4668-BE54-9A1E7A4F7556}") = "Bing.Core.Tests", "framework\tests\Bing.Core.Tests\Bing.Core.Tests.csproj", "{BAB01FD0-18A8-4132-B488-254A73176D75}"
EndProject
Project("{9A19103F-16F7-4668-BE54-9A1E7A4F7556}") = "Bing.TestShare", "framework\tests\Bing.TestShare\Bing.TestShare.csproj", "{F341C10D-76CE-497E-8A0B-48D203ADE466}"
EndProject
Project("{9A19103F-16F7-4668-BE54-9A1E7A4F7556}") = "Bing.TestShare.MySql", "framework\tests\Bing.TestShare.MySql\Bing.TestShare.MySql.csproj", "{C1A2220C-2BA4-4CAD-BA7B-BEF67034D4CC}"
EndProject
Project("{9A19103F-16F7-4668-BE54-9A1E7A4F7556}") = "Bing.Dapper.MySql.Tests", "framework\tests\Bing.Dapper.MySql.Tests\Bing.Dapper.MySql.Tests.csproj", "{AC118996-0420-4030-9F7E-C35F2D5FB9BE}"
EndProject
Project("{9A19103F-16F7-4668-BE54-9A1E7A4F7556}") = "Bing.Dapper.PostgreSql.Tests", "framework\tests\Bing.Dapper.PostgreSql.Tests\Bing.Dapper.PostgreSql.Tests.csproj", "{94B4CDE4-2A94-45F0-AACC-1A02D7CF45B8}"
EndProject
Project("{9A19103F-16F7-4668-BE54-9A1E7A4F7556}") = "Bing.Dapper.PostgreSql.Tests.Integration", "framework\tests\Bing.Dapper.PostgreSql.Tests.Integration\Bing.Dapper.PostgreSql.Tests.Integration.csproj", "{13183A7C-470C-4E91-B6AB-F49FB2897B30}"
EndProject
Project("{9A19103F-16F7-4668-BE54-9A1E7A4F7556}") = "Bing.Dapper.SqlServer.Tests.Integration", "framework\tests\Bing.Dapper.SqlServer.Tests.Integration\Bing.Dapper.SqlServer.Tests.Integration.csproj", "{AF2C8041-3B77-4912-8BC3-A19A18864215}"
EndProject
Project("{9A19103F-16F7-4668-BE54-9A1E7A4F7556}") = "Bing.Dapper.Oracle.Tests", "framework\tests\Bing.Dapper.Oracle.Tests\Bing.Dapper.Oracle.Tests.csproj", "{12F822A5-1353-4C27-922C-02F2655E9443}"
EndProject
Project("{9A19103F-16F7-4668-BE54-9A1E7A4F7556}") = "Bing.Localization.Abstractions", "framework\src\Bing.Localization.Abstractions\Bing.Localization.Abstractions.csproj", "{15207D1B-721C-4F32-A3B8-A24B912B6043}"
EndProject
Project("{9A19103F-16F7-4668-BE54-9A1E7A4F7556}") = "Bing.ExceptionHandling", "framework\src\Bing.ExceptionHandling\Bing.ExceptionHandling.csproj", "{ED91422B-F8C8-4D89-8D2F-1FE874B03AC8}"
EndProject
Project("{9A19103F-16F7-4668-BE54-9A1E7A4F7556}") = "Bing.Localization", "framework\src\Bing.Localization\Bing.Localization.csproj", "{13B47C25-6797-4238-B4AE-E5309AB60DC0}"
EndProject
Project("{2150E333-8FDC-42A3-9474-1A3956D46DE8}") = "06-Localization", "06-Localization", "{F29D6845-CCB8-4A09-A0E8-31F568A9D53B}"
EndProject
Project("{9A19103F-16F7-4668-BE54-9A1E7A4F7556}") = "Bing.Localization.Tests", "framework\tests\Bing.Localization.Tests\Bing.Localization.Tests.csproj", "{DA3A7B05-345B-4BDA-8C42-B03A05A7CA3F}"
EndProject
Project("{9A19103F-16F7-4668-BE54-9A1E7A4F7556}") = "Bing.Localization.Resources", "framework\tests\Bing.Localization.Resources\Bing.Localization.Resources.csproj", "{8C4E2508-6268-41F6-924B-5176D420A5AB}"
EndProject
Project("{9A19103F-16F7-4668-BE54-9A1E7A4F7556}") = "Bing.Localization.Tests.Integration", "framework\tests\Bing.Localization.Tests.Integration\Bing.Localization.Tests.Integration.csproj", "{5024B508-BBE6-46B1-8CA5-AB4E221ADF93}"
EndProject
Project("{2150E333-8FDC-42A3-9474-1A3956D46DE8}") = "09-Tenant", "09-Tenant", "{3DCB5CD1-E327-43F5-9E5D-9B303CAF04DC}"
EndProject
Project("{9A19103F-16F7-4668-BE54-9A1E7A4F7556}") = "Bing.MultiTenancy.Abstractions", "framework\src\Bing.MultiTenancy.Abstractions\Bing.MultiTenancy.Abstractions.csproj", "{4FC1AE58-E092-47AA-B5D1-47E48563155E}"
EndProject
Project("{9A19103F-16F7-4668-BE54-9A1E7A4F7556}") = "Bing.AspNetCore.MultiTenancy", "framework\src\Bing.AspNetCore.MultiTenancy\Bing.AspNetCore.MultiTenancy.csproj", "{03B9FCFF-EBFB-4E81-ADD0-CD258CF93133}"
EndProject
Project("{9A19103F-16F7-4668-BE54-9A1E7A4F7556}") = "Bing.MultiTenancy.Tests", "framework\tests\Bing.MultiTenancy.Tests\Bing.MultiTenancy.Tests.csproj", "{65BFE1AC-DBC8-4C18-9FF8-C7D25652E1BF}"
EndProject
Project("{9A19103F-16F7-4668-BE54-9A1E7A4F7556}") = "Bing.EventBus.Abstractions", "framework\src\Bing.EventBus.Abstractions\Bing.EventBus.Abstractions.csproj", "{785F9184-194C-44D5-8C9C-47A082E1806C}"
EndProject
Project("{2150E333-8FDC-42A3-9474-1A3956D46DE8}") = "13-Web", "13-Web", "{309ECAC5-12AB-4F12-BC20-2392FFAB94C8}"
EndProject
Project("{9A19103F-16F7-4668-BE54-9A1E7A4F7556}") = "Bing.AspNetCore.Mvc.Tests", "framework\tests\Bing.AspNetCore.Mvc.Tests\Bing.AspNetCore.Mvc.Tests.csproj", "{906404A3-5AD0-4064-9FD8-0D07D82A678F}"
EndProject
Project("{9A19103F-16F7-4668-BE54-9A1E7A4F7556}") = "Bing.Samples.Winform", "samples\Bing.Samples.Winform\Bing.Samples.Winform.csproj", "{1538FB31-03B7-4D1F-9570-58909BDABE3C}"
EndProject
Project("{FAE04EC0-301F-11D3-BF4B-00C04F79EFBC}") = "Bing.AspNetCore.Abstractions", "framework\src\Bing.AspNetCore.Abstractions\Bing.AspNetCore.Abstractions.csproj", "{0359A38B-4080-41A1-BB75-6B2EA48D8E2D}"
EndProject
Project("{FAE04EC0-301F-11D3-BF4B-00C04F79EFBC}") = "Bing.Ddd.Domain.Extensions.Analyzers", "framework\src\Bing.Ddd.Domain.Extensions.Analyzers\Bing.Ddd.Domain.Extensions.Analyzers.csproj", "{BE5E6E82-3CB6-4C1B-8E2D-1B7A2483B41B}"
EndProject
Project("{FAE04EC0-301F-11D3-BF4B-00C04F79EFBC}") = "Bing.Aop.AspectCore.Tests", "framework\tests\Bing.Aop.AspectCore.Tests\Bing.Aop.AspectCore.Tests.csproj", "{F43AD659-D8F2-4B30-AB21-85CD376CAA20}"
EndProject
Project("{2150E333-8FDC-42A3-9474-1A3956D46DE8}") = "Components", "Components", "{02EA681E-C7D8-13C7-8484-4AC65E1B71E8}"
EndProject
Project("{2150E333-8FDC-42A3-9474-1A3956D46DE8}") = "ObjectMapping", "ObjectMapping", "{F339B49B-E2F8-44CA-AD66-5E6CAA1B6E0F}"
EndProject
Project("{2150E333-8FDC-42A3-9474-1A3956D46DE8}") = "02-Logging", "02-Logging", "{59928279-A0DE-4DCB-9032-1BADE8A1E00B}"
EndProject
Project("{FAE04EC0-301F-11D3-BF4B-00C04F79EFBC}") = "Bing.Logging.Serilog.Tests.Integration", "framework\tests\Bing.Logging.Serilog.Tests.Integration\Bing.Logging.Serilog.Tests.Integration.csproj", "{8A06784C-1C60-C922-5B03-6A47057B5308}"
EndProject
Global
	GlobalSection(SolutionConfigurationPlatforms) = preSolution
		Debug|Any CPU = Debug|Any CPU
		Release|Any CPU = Release|Any CPU
	EndGlobalSection
	GlobalSection(ProjectConfigurationPlatforms) = postSolution
		{F573919A-D73A-4186-9E9D-9A514A5D7244}.Debug|Any CPU.ActiveCfg = Debug|Any CPU
		{F573919A-D73A-4186-9E9D-9A514A5D7244}.Debug|Any CPU.Build.0 = Debug|Any CPU
		{F573919A-D73A-4186-9E9D-9A514A5D7244}.Release|Any CPU.ActiveCfg = Release|Any CPU
		{F573919A-D73A-4186-9E9D-9A514A5D7244}.Release|Any CPU.Build.0 = Release|Any CPU
		{7884D11A-8935-4BB0-B027-64EE9CC2CE33}.Debug|Any CPU.ActiveCfg = Debug|Any CPU
		{7884D11A-8935-4BB0-B027-64EE9CC2CE33}.Debug|Any CPU.Build.0 = Debug|Any CPU
		{7884D11A-8935-4BB0-B027-64EE9CC2CE33}.Release|Any CPU.ActiveCfg = Release|Any CPU
		{7884D11A-8935-4BB0-B027-64EE9CC2CE33}.Release|Any CPU.Build.0 = Release|Any CPU
		{EA652176-7921-4F6C-9B38-C722B96D7A0E}.Debug|Any CPU.ActiveCfg = Debug|Any CPU
		{EA652176-7921-4F6C-9B38-C722B96D7A0E}.Debug|Any CPU.Build.0 = Debug|Any CPU
		{EA652176-7921-4F6C-9B38-C722B96D7A0E}.Release|Any CPU.ActiveCfg = Release|Any CPU
		{EA652176-7921-4F6C-9B38-C722B96D7A0E}.Release|Any CPU.Build.0 = Release|Any CPU
		{E1B69A13-88EE-4705-8604-F2E9453D0D60}.Debug|Any CPU.ActiveCfg = Debug|Any CPU
		{E1B69A13-88EE-4705-8604-F2E9453D0D60}.Debug|Any CPU.Build.0 = Debug|Any CPU
		{E1B69A13-88EE-4705-8604-F2E9453D0D60}.Release|Any CPU.ActiveCfg = Release|Any CPU
		{E1B69A13-88EE-4705-8604-F2E9453D0D60}.Release|Any CPU.Build.0 = Release|Any CPU
		{4A5960C8-3EBC-4725-8751-BF96CEEE2686}.Debug|Any CPU.ActiveCfg = Debug|Any CPU
		{4A5960C8-3EBC-4725-8751-BF96CEEE2686}.Debug|Any CPU.Build.0 = Debug|Any CPU
		{4A5960C8-3EBC-4725-8751-BF96CEEE2686}.Release|Any CPU.ActiveCfg = Release|Any CPU
		{4A5960C8-3EBC-4725-8751-BF96CEEE2686}.Release|Any CPU.Build.0 = Release|Any CPU
		{CE41595A-0FA0-4B22-9507-511C957571D8}.Debug|Any CPU.ActiveCfg = Debug|Any CPU
		{CE41595A-0FA0-4B22-9507-511C957571D8}.Debug|Any CPU.Build.0 = Debug|Any CPU
		{CE41595A-0FA0-4B22-9507-511C957571D8}.Release|Any CPU.ActiveCfg = Release|Any CPU
		{CE41595A-0FA0-4B22-9507-511C957571D8}.Release|Any CPU.Build.0 = Release|Any CPU
		{8B4E37FC-19DA-47B4-BE06-00E50EA354B7}.Debug|Any CPU.ActiveCfg = Debug|Any CPU
		{8B4E37FC-19DA-47B4-BE06-00E50EA354B7}.Debug|Any CPU.Build.0 = Debug|Any CPU
		{8B4E37FC-19DA-47B4-BE06-00E50EA354B7}.Release|Any CPU.ActiveCfg = Release|Any CPU
		{8B4E37FC-19DA-47B4-BE06-00E50EA354B7}.Release|Any CPU.Build.0 = Release|Any CPU
		{4C99DD4C-F671-45C3-B696-E9C3BDEE667F}.Debug|Any CPU.ActiveCfg = Debug|Any CPU
		{4C99DD4C-F671-45C3-B696-E9C3BDEE667F}.Debug|Any CPU.Build.0 = Debug|Any CPU
		{4C99DD4C-F671-45C3-B696-E9C3BDEE667F}.Release|Any CPU.ActiveCfg = Release|Any CPU
		{4C99DD4C-F671-45C3-B696-E9C3BDEE667F}.Release|Any CPU.Build.0 = Release|Any CPU
		{A5BE8634-522D-4CEC-B60C-EECCD2D0F946}.Debug|Any CPU.ActiveCfg = Debug|Any CPU
		{A5BE8634-522D-4CEC-B60C-EECCD2D0F946}.Debug|Any CPU.Build.0 = Debug|Any CPU
		{A5BE8634-522D-4CEC-B60C-EECCD2D0F946}.Release|Any CPU.ActiveCfg = Release|Any CPU
		{A5BE8634-522D-4CEC-B60C-EECCD2D0F946}.Release|Any CPU.Build.0 = Release|Any CPU
		{C9E70A76-90AA-445B-963B-CE3B07FA8AE2}.Debug|Any CPU.ActiveCfg = Debug|Any CPU
		{C9E70A76-90AA-445B-963B-CE3B07FA8AE2}.Debug|Any CPU.Build.0 = Debug|Any CPU
		{C9E70A76-90AA-445B-963B-CE3B07FA8AE2}.Release|Any CPU.ActiveCfg = Release|Any CPU
		{C9E70A76-90AA-445B-963B-CE3B07FA8AE2}.Release|Any CPU.Build.0 = Release|Any CPU
		{D92EA2DD-FD45-4B27-90DE-EEE5FAA87452}.Debug|Any CPU.ActiveCfg = Debug|Any CPU
		{D92EA2DD-FD45-4B27-90DE-EEE5FAA87452}.Debug|Any CPU.Build.0 = Debug|Any CPU
		{D92EA2DD-FD45-4B27-90DE-EEE5FAA87452}.Release|Any CPU.ActiveCfg = Release|Any CPU
		{D92EA2DD-FD45-4B27-90DE-EEE5FAA87452}.Release|Any CPU.Build.0 = Release|Any CPU
		{35179009-D18F-45BF-AFF6-68934C727507}.Debug|Any CPU.ActiveCfg = Debug|Any CPU
		{35179009-D18F-45BF-AFF6-68934C727507}.Debug|Any CPU.Build.0 = Debug|Any CPU
		{35179009-D18F-45BF-AFF6-68934C727507}.Release|Any CPU.ActiveCfg = Release|Any CPU
		{35179009-D18F-45BF-AFF6-68934C727507}.Release|Any CPU.Build.0 = Release|Any CPU
		{EA770A35-5114-45F5-9BEB-DE2BA949903F}.Debug|Any CPU.ActiveCfg = Debug|Any CPU
		{EA770A35-5114-45F5-9BEB-DE2BA949903F}.Debug|Any CPU.Build.0 = Debug|Any CPU
		{EA770A35-5114-45F5-9BEB-DE2BA949903F}.Release|Any CPU.ActiveCfg = Release|Any CPU
		{EA770A35-5114-45F5-9BEB-DE2BA949903F}.Release|Any CPU.Build.0 = Release|Any CPU
		{3EB6A053-396B-429E-AB06-C24BA66E488F}.Debug|Any CPU.ActiveCfg = Debug|Any CPU
		{3EB6A053-396B-429E-AB06-C24BA66E488F}.Debug|Any CPU.Build.0 = Debug|Any CPU
		{3EB6A053-396B-429E-AB06-C24BA66E488F}.Release|Any CPU.ActiveCfg = Release|Any CPU
		{3EB6A053-396B-429E-AB06-C24BA66E488F}.Release|Any CPU.Build.0 = Release|Any CPU
		{F125B463-4B54-4740-BFED-3F6CD4DB7BD0}.Debug|Any CPU.ActiveCfg = Debug|Any CPU
		{F125B463-4B54-4740-BFED-3F6CD4DB7BD0}.Debug|Any CPU.Build.0 = Debug|Any CPU
		{F125B463-4B54-4740-BFED-3F6CD4DB7BD0}.Release|Any CPU.ActiveCfg = Release|Any CPU
		{F125B463-4B54-4740-BFED-3F6CD4DB7BD0}.Release|Any CPU.Build.0 = Release|Any CPU
		{781C490B-D632-48C2-B9B7-158A1A4E42A3}.Debug|Any CPU.ActiveCfg = Debug|Any CPU
		{781C490B-D632-48C2-B9B7-158A1A4E42A3}.Debug|Any CPU.Build.0 = Debug|Any CPU
		{781C490B-D632-48C2-B9B7-158A1A4E42A3}.Release|Any CPU.ActiveCfg = Release|Any CPU
		{781C490B-D632-48C2-B9B7-158A1A4E42A3}.Release|Any CPU.Build.0 = Release|Any CPU
		{BE5C8B21-F0D9-49E7-B9EF-DA2C2B30F608}.Debug|Any CPU.ActiveCfg = Debug|Any CPU
		{BE5C8B21-F0D9-49E7-B9EF-DA2C2B30F608}.Debug|Any CPU.Build.0 = Debug|Any CPU
		{BE5C8B21-F0D9-49E7-B9EF-DA2C2B30F608}.Release|Any CPU.ActiveCfg = Release|Any CPU
		{BE5C8B21-F0D9-49E7-B9EF-DA2C2B30F608}.Release|Any CPU.Build.0 = Release|Any CPU
		{B72B3024-B5A6-4C42-9519-349B2D1B9DF1}.Debug|Any CPU.ActiveCfg = Debug|Any CPU
		{B72B3024-B5A6-4C42-9519-349B2D1B9DF1}.Debug|Any CPU.Build.0 = Debug|Any CPU
		{B72B3024-B5A6-4C42-9519-349B2D1B9DF1}.Release|Any CPU.ActiveCfg = Release|Any CPU
		{B72B3024-B5A6-4C42-9519-349B2D1B9DF1}.Release|Any CPU.Build.0 = Release|Any CPU
		{D58C77ED-ED4B-45F1-B6C4-A14FE6B70083}.Debug|Any CPU.ActiveCfg = Debug|Any CPU
		{D58C77ED-ED4B-45F1-B6C4-A14FE6B70083}.Debug|Any CPU.Build.0 = Debug|Any CPU
		{D58C77ED-ED4B-45F1-B6C4-A14FE6B70083}.Release|Any CPU.ActiveCfg = Release|Any CPU
		{D58C77ED-ED4B-45F1-B6C4-A14FE6B70083}.Release|Any CPU.Build.0 = Release|Any CPU
		{43BE3B85-AA7B-47B5-AC09-EE66B52358EA}.Debug|Any CPU.ActiveCfg = Debug|Any CPU
		{43BE3B85-AA7B-47B5-AC09-EE66B52358EA}.Debug|Any CPU.Build.0 = Debug|Any CPU
		{43BE3B85-AA7B-47B5-AC09-EE66B52358EA}.Release|Any CPU.ActiveCfg = Release|Any CPU
		{43BE3B85-AA7B-47B5-AC09-EE66B52358EA}.Release|Any CPU.Build.0 = Release|Any CPU
		{8C24C67A-DFF6-4752-827F-98BE6190EF47}.Debug|Any CPU.ActiveCfg = Debug|Any CPU
		{8C24C67A-DFF6-4752-827F-98BE6190EF47}.Debug|Any CPU.Build.0 = Debug|Any CPU
		{8C24C67A-DFF6-4752-827F-98BE6190EF47}.Release|Any CPU.ActiveCfg = Release|Any CPU
		{8C24C67A-DFF6-4752-827F-98BE6190EF47}.Release|Any CPU.Build.0 = Release|Any CPU
		{A8F21802-C874-4EA1-A02F-C6C0000C6284}.Debug|Any CPU.ActiveCfg = Debug|Any CPU
		{A8F21802-C874-4EA1-A02F-C6C0000C6284}.Debug|Any CPU.Build.0 = Debug|Any CPU
		{A8F21802-C874-4EA1-A02F-C6C0000C6284}.Release|Any CPU.ActiveCfg = Release|Any CPU
		{A8F21802-C874-4EA1-A02F-C6C0000C6284}.Release|Any CPU.Build.0 = Release|Any CPU
		{66E249CA-9BE0-4E09-AC85-A61EB68D56F8}.Debug|Any CPU.ActiveCfg = Debug|Any CPU
		{66E249CA-9BE0-4E09-AC85-A61EB68D56F8}.Debug|Any CPU.Build.0 = Debug|Any CPU
		{66E249CA-9BE0-4E09-AC85-A61EB68D56F8}.Release|Any CPU.ActiveCfg = Release|Any CPU
		{66E249CA-9BE0-4E09-AC85-A61EB68D56F8}.Release|Any CPU.Build.0 = Release|Any CPU
		{23C259F5-8542-420C-A94D-5F683D097CD8}.Debug|Any CPU.ActiveCfg = Debug|Any CPU
		{23C259F5-8542-420C-A94D-5F683D097CD8}.Debug|Any CPU.Build.0 = Debug|Any CPU
		{23C259F5-8542-420C-A94D-5F683D097CD8}.Release|Any CPU.ActiveCfg = Release|Any CPU
		{23C259F5-8542-420C-A94D-5F683D097CD8}.Release|Any CPU.Build.0 = Release|Any CPU
		{2E48FFA9-478E-445B-BDD7-37D30C02380A}.Debug|Any CPU.ActiveCfg = Debug|Any CPU
		{2E48FFA9-478E-445B-BDD7-37D30C02380A}.Debug|Any CPU.Build.0 = Debug|Any CPU
		{2E48FFA9-478E-445B-BDD7-37D30C02380A}.Release|Any CPU.ActiveCfg = Release|Any CPU
		{2E48FFA9-478E-445B-BDD7-37D30C02380A}.Release|Any CPU.Build.0 = Release|Any CPU
		{9346796F-E499-4239-9224-4CE2CA0704A5}.Debug|Any CPU.ActiveCfg = Debug|Any CPU
		{9346796F-E499-4239-9224-4CE2CA0704A5}.Debug|Any CPU.Build.0 = Debug|Any CPU
		{9346796F-E499-4239-9224-4CE2CA0704A5}.Release|Any CPU.ActiveCfg = Release|Any CPU
		{9346796F-E499-4239-9224-4CE2CA0704A5}.Release|Any CPU.Build.0 = Release|Any CPU
		{27C22FD6-37D3-41A0-BF34-5D9F5031EAF8}.Debug|Any CPU.ActiveCfg = Debug|Any CPU
		{27C22FD6-37D3-41A0-BF34-5D9F5031EAF8}.Debug|Any CPU.Build.0 = Debug|Any CPU
		{27C22FD6-37D3-41A0-BF34-5D9F5031EAF8}.Release|Any CPU.ActiveCfg = Release|Any CPU
		{27C22FD6-37D3-41A0-BF34-5D9F5031EAF8}.Release|Any CPU.Build.0 = Release|Any CPU
		{D45DFEED-3A83-436D-ACBD-771DDDC4718F}.Debug|Any CPU.ActiveCfg = Debug|Any CPU
		{D45DFEED-3A83-436D-ACBD-771DDDC4718F}.Debug|Any CPU.Build.0 = Debug|Any CPU
		{D45DFEED-3A83-436D-ACBD-771DDDC4718F}.Release|Any CPU.ActiveCfg = Release|Any CPU
		{D45DFEED-3A83-436D-ACBD-771DDDC4718F}.Release|Any CPU.Build.0 = Release|Any CPU
		{741EE94D-5F03-426E-9D34-CBDA41671742}.Debug|Any CPU.ActiveCfg = Debug|Any CPU
		{741EE94D-5F03-426E-9D34-CBDA41671742}.Debug|Any CPU.Build.0 = Debug|Any CPU
		{741EE94D-5F03-426E-9D34-CBDA41671742}.Release|Any CPU.ActiveCfg = Release|Any CPU
		{741EE94D-5F03-426E-9D34-CBDA41671742}.Release|Any CPU.Build.0 = Release|Any CPU
		{A66F9341-005F-4FAC-BF93-D676329A34B4}.Debug|Any CPU.ActiveCfg = Debug|Any CPU
		{A66F9341-005F-4FAC-BF93-D676329A34B4}.Debug|Any CPU.Build.0 = Debug|Any CPU
		{A66F9341-005F-4FAC-BF93-D676329A34B4}.Release|Any CPU.ActiveCfg = Release|Any CPU
		{A66F9341-005F-4FAC-BF93-D676329A34B4}.Release|Any CPU.Build.0 = Release|Any CPU
		{58BE2219-6694-4630-85E6-7953A608A2D6}.Debug|Any CPU.ActiveCfg = Debug|Any CPU
		{58BE2219-6694-4630-85E6-7953A608A2D6}.Debug|Any CPU.Build.0 = Debug|Any CPU
		{58BE2219-6694-4630-85E6-7953A608A2D6}.Release|Any CPU.ActiveCfg = Release|Any CPU
		{58BE2219-6694-4630-85E6-7953A608A2D6}.Release|Any CPU.Build.0 = Release|Any CPU
		{0F86BCCF-6A1D-41DD-A9C0-4B3BF8A840BF}.Debug|Any CPU.ActiveCfg = Debug|Any CPU
		{0F86BCCF-6A1D-41DD-A9C0-4B3BF8A840BF}.Debug|Any CPU.Build.0 = Debug|Any CPU
		{0F86BCCF-6A1D-41DD-A9C0-4B3BF8A840BF}.Release|Any CPU.ActiveCfg = Release|Any CPU
		{0F86BCCF-6A1D-41DD-A9C0-4B3BF8A840BF}.Release|Any CPU.Build.0 = Release|Any CPU
		{25107D91-1E7D-422C-8B03-B1C94EE3A1B5}.Debug|Any CPU.ActiveCfg = Debug|Any CPU
		{25107D91-1E7D-422C-8B03-B1C94EE3A1B5}.Debug|Any CPU.Build.0 = Debug|Any CPU
		{25107D91-1E7D-422C-8B03-B1C94EE3A1B5}.Release|Any CPU.ActiveCfg = Release|Any CPU
		{25107D91-1E7D-422C-8B03-B1C94EE3A1B5}.Release|Any CPU.Build.0 = Release|Any CPU
		{CAC738F2-8F95-4940-90D2-76DABF403581}.Debug|Any CPU.ActiveCfg = Debug|Any CPU
		{CAC738F2-8F95-4940-90D2-76DABF403581}.Debug|Any CPU.Build.0 = Debug|Any CPU
		{CAC738F2-8F95-4940-90D2-76DABF403581}.Release|Any CPU.ActiveCfg = Release|Any CPU
		{CAC738F2-8F95-4940-90D2-76DABF403581}.Release|Any CPU.Build.0 = Release|Any CPU
		{577D3EA3-5342-4E0D-AE51-39CBEE217089}.Debug|Any CPU.ActiveCfg = Debug|Any CPU
		{577D3EA3-5342-4E0D-AE51-39CBEE217089}.Debug|Any CPU.Build.0 = Debug|Any CPU
		{577D3EA3-5342-4E0D-AE51-39CBEE217089}.Release|Any CPU.ActiveCfg = Release|Any CPU
		{577D3EA3-5342-4E0D-AE51-39CBEE217089}.Release|Any CPU.Build.0 = Release|Any CPU
		{F084AFFB-9136-43CE-874C-777DBA4D5205}.Debug|Any CPU.ActiveCfg = Debug|Any CPU
		{F084AFFB-9136-43CE-874C-777DBA4D5205}.Debug|Any CPU.Build.0 = Debug|Any CPU
		{F084AFFB-9136-43CE-874C-777DBA4D5205}.Release|Any CPU.ActiveCfg = Release|Any CPU
		{F084AFFB-9136-43CE-874C-777DBA4D5205}.Release|Any CPU.Build.0 = Release|Any CPU
		{5D81881D-FF17-4902-8BEB-A1D58D0EF688}.Debug|Any CPU.ActiveCfg = Debug|Any CPU
		{5D81881D-FF17-4902-8BEB-A1D58D0EF688}.Debug|Any CPU.Build.0 = Debug|Any CPU
		{5D81881D-FF17-4902-8BEB-A1D58D0EF688}.Release|Any CPU.ActiveCfg = Release|Any CPU
		{5D81881D-FF17-4902-8BEB-A1D58D0EF688}.Release|Any CPU.Build.0 = Release|Any CPU
		{256EB128-60DC-406C-BED0-9D0013A6B49A}.Debug|Any CPU.ActiveCfg = Debug|Any CPU
		{256EB128-60DC-406C-BED0-9D0013A6B49A}.Debug|Any CPU.Build.0 = Debug|Any CPU
		{256EB128-60DC-406C-BED0-9D0013A6B49A}.Release|Any CPU.ActiveCfg = Release|Any CPU
		{256EB128-60DC-406C-BED0-9D0013A6B49A}.Release|Any CPU.Build.0 = Release|Any CPU
		{027BE8C0-24D8-45BC-9A97-08B6924FB39D}.Debug|Any CPU.ActiveCfg = Debug|Any CPU
		{027BE8C0-24D8-45BC-9A97-08B6924FB39D}.Debug|Any CPU.Build.0 = Debug|Any CPU
		{027BE8C0-24D8-45BC-9A97-08B6924FB39D}.Release|Any CPU.ActiveCfg = Release|Any CPU
		{027BE8C0-24D8-45BC-9A97-08B6924FB39D}.Release|Any CPU.Build.0 = Release|Any CPU
		{08534D50-E0D2-47C6-8DCD-4F0A4ADD7AF7}.Debug|Any CPU.ActiveCfg = Debug|Any CPU
		{08534D50-E0D2-47C6-8DCD-4F0A4ADD7AF7}.Debug|Any CPU.Build.0 = Debug|Any CPU
		{08534D50-E0D2-47C6-8DCD-4F0A4ADD7AF7}.Release|Any CPU.ActiveCfg = Release|Any CPU
		{08534D50-E0D2-47C6-8DCD-4F0A4ADD7AF7}.Release|Any CPU.Build.0 = Release|Any CPU
		{72DFB0D0-9D28-4788-9FD2-123E3C7E5032}.Debug|Any CPU.ActiveCfg = Debug|Any CPU
		{72DFB0D0-9D28-4788-9FD2-123E3C7E5032}.Debug|Any CPU.Build.0 = Debug|Any CPU
		{72DFB0D0-9D28-4788-9FD2-123E3C7E5032}.Release|Any CPU.ActiveCfg = Release|Any CPU
		{72DFB0D0-9D28-4788-9FD2-123E3C7E5032}.Release|Any CPU.Build.0 = Release|Any CPU
		{3E497AE7-0721-4E65-B953-05DF15F206A6}.Debug|Any CPU.ActiveCfg = Debug|Any CPU
		{3E497AE7-0721-4E65-B953-05DF15F206A6}.Debug|Any CPU.Build.0 = Debug|Any CPU
		{3E497AE7-0721-4E65-B953-05DF15F206A6}.Release|Any CPU.ActiveCfg = Release|Any CPU
		{3E497AE7-0721-4E65-B953-05DF15F206A6}.Release|Any CPU.Build.0 = Release|Any CPU
		{2DD64F70-8DAF-4C70-8986-BF2812A95C8F}.Debug|Any CPU.ActiveCfg = Debug|Any CPU
		{2DD64F70-8DAF-4C70-8986-BF2812A95C8F}.Debug|Any CPU.Build.0 = Debug|Any CPU
		{2DD64F70-8DAF-4C70-8986-BF2812A95C8F}.Release|Any CPU.ActiveCfg = Release|Any CPU
		{2DD64F70-8DAF-4C70-8986-BF2812A95C8F}.Release|Any CPU.Build.0 = Release|Any CPU
		{E15B13DE-7E40-4441-A825-B6931E01C0D6}.Debug|Any CPU.ActiveCfg = Debug|Any CPU
		{E15B13DE-7E40-4441-A825-B6931E01C0D6}.Debug|Any CPU.Build.0 = Debug|Any CPU
		{E15B13DE-7E40-4441-A825-B6931E01C0D6}.Release|Any CPU.ActiveCfg = Release|Any CPU
		{E15B13DE-7E40-4441-A825-B6931E01C0D6}.Release|Any CPU.Build.0 = Release|Any CPU
		{83EF98FE-4212-4C92-9F8A-E3BAC081DF1F}.Debug|Any CPU.ActiveCfg = Debug|Any CPU
		{83EF98FE-4212-4C92-9F8A-E3BAC081DF1F}.Debug|Any CPU.Build.0 = Debug|Any CPU
		{83EF98FE-4212-4C92-9F8A-E3BAC081DF1F}.Release|Any CPU.ActiveCfg = Release|Any CPU
		{83EF98FE-4212-4C92-9F8A-E3BAC081DF1F}.Release|Any CPU.Build.0 = Release|Any CPU
		{9B472B86-C6CD-42D8-A610-A54012BDCEC5}.Debug|Any CPU.ActiveCfg = Debug|Any CPU
		{9B472B86-C6CD-42D8-A610-A54012BDCEC5}.Debug|Any CPU.Build.0 = Debug|Any CPU
		{9B472B86-C6CD-42D8-A610-A54012BDCEC5}.Release|Any CPU.ActiveCfg = Release|Any CPU
		{9B472B86-C6CD-42D8-A610-A54012BDCEC5}.Release|Any CPU.Build.0 = Release|Any CPU
		{C19FEF8C-99C0-4C8A-9499-138A79433AA7}.Debug|Any CPU.ActiveCfg = Debug|Any CPU
		{C19FEF8C-99C0-4C8A-9499-138A79433AA7}.Debug|Any CPU.Build.0 = Debug|Any CPU
		{C19FEF8C-99C0-4C8A-9499-138A79433AA7}.Release|Any CPU.ActiveCfg = Release|Any CPU
		{C19FEF8C-99C0-4C8A-9499-138A79433AA7}.Release|Any CPU.Build.0 = Release|Any CPU
		{247D8684-6AA3-45E6-B519-4332C89CE1F4}.Debug|Any CPU.ActiveCfg = Debug|Any CPU
		{247D8684-6AA3-45E6-B519-4332C89CE1F4}.Debug|Any CPU.Build.0 = Debug|Any CPU
		{247D8684-6AA3-45E6-B519-4332C89CE1F4}.Release|Any CPU.ActiveCfg = Release|Any CPU
		{247D8684-6AA3-45E6-B519-4332C89CE1F4}.Release|Any CPU.Build.0 = Release|Any CPU
		{241F44DA-4A52-4086-8E0B-6ABDB662387F}.Debug|Any CPU.ActiveCfg = Debug|Any CPU
		{241F44DA-4A52-4086-8E0B-6ABDB662387F}.Debug|Any CPU.Build.0 = Debug|Any CPU
		{241F44DA-4A52-4086-8E0B-6ABDB662387F}.Release|Any CPU.ActiveCfg = Release|Any CPU
		{241F44DA-4A52-4086-8E0B-6ABDB662387F}.Release|Any CPU.Build.0 = Release|Any CPU
		{2F9FBA44-C1F8-4E34-B3CE-9EEBEB1AA7B2}.Debug|Any CPU.ActiveCfg = Debug|Any CPU
		{2F9FBA44-C1F8-4E34-B3CE-9EEBEB1AA7B2}.Debug|Any CPU.Build.0 = Debug|Any CPU
		{2F9FBA44-C1F8-4E34-B3CE-9EEBEB1AA7B2}.Release|Any CPU.ActiveCfg = Release|Any CPU
		{2F9FBA44-C1F8-4E34-B3CE-9EEBEB1AA7B2}.Release|Any CPU.Build.0 = Release|Any CPU
		{08B987F1-0DAC-4F94-9B56-C992B731B943}.Debug|Any CPU.ActiveCfg = Debug|Any CPU
		{08B987F1-0DAC-4F94-9B56-C992B731B943}.Debug|Any CPU.Build.0 = Debug|Any CPU
		{08B987F1-0DAC-4F94-9B56-C992B731B943}.Release|Any CPU.ActiveCfg = Release|Any CPU
		{08B987F1-0DAC-4F94-9B56-C992B731B943}.Release|Any CPU.Build.0 = Release|Any CPU
		{05DFA67F-C861-48F9-BBD9-7777972A918F}.Debug|Any CPU.ActiveCfg = Debug|Any CPU
		{05DFA67F-C861-48F9-BBD9-7777972A918F}.Debug|Any CPU.Build.0 = Debug|Any CPU
		{05DFA67F-C861-48F9-BBD9-7777972A918F}.Release|Any CPU.ActiveCfg = Release|Any CPU
		{05DFA67F-C861-48F9-BBD9-7777972A918F}.Release|Any CPU.Build.0 = Release|Any CPU
		{B05ACE65-AFBD-48B8-9C39-DF4DCF8B3E57}.Debug|Any CPU.ActiveCfg = Debug|Any CPU
		{B05ACE65-AFBD-48B8-9C39-DF4DCF8B3E57}.Debug|Any CPU.Build.0 = Debug|Any CPU
		{B05ACE65-AFBD-48B8-9C39-DF4DCF8B3E57}.Release|Any CPU.ActiveCfg = Release|Any CPU
		{B05ACE65-AFBD-48B8-9C39-DF4DCF8B3E57}.Release|Any CPU.Build.0 = Release|Any CPU
		{7A4966A7-BE64-4589-8FD3-59AA8869A30F}.Debug|Any CPU.ActiveCfg = Debug|Any CPU
		{7A4966A7-BE64-4589-8FD3-59AA8869A30F}.Debug|Any CPU.Build.0 = Debug|Any CPU
		{7A4966A7-BE64-4589-8FD3-59AA8869A30F}.Release|Any CPU.ActiveCfg = Release|Any CPU
		{7A4966A7-BE64-4589-8FD3-59AA8869A30F}.Release|Any CPU.Build.0 = Release|Any CPU
		{591D9280-33FD-4090-AFBE-D513A2A18316}.Debug|Any CPU.ActiveCfg = Debug|Any CPU
		{591D9280-33FD-4090-AFBE-D513A2A18316}.Debug|Any CPU.Build.0 = Debug|Any CPU
		{591D9280-33FD-4090-AFBE-D513A2A18316}.Release|Any CPU.ActiveCfg = Release|Any CPU
		{591D9280-33FD-4090-AFBE-D513A2A18316}.Release|Any CPU.Build.0 = Release|Any CPU
		{872470DC-8FC6-4AD4-BE9E-F3F2CA9DC616}.Debug|Any CPU.ActiveCfg = Debug|Any CPU
		{872470DC-8FC6-4AD4-BE9E-F3F2CA9DC616}.Debug|Any CPU.Build.0 = Debug|Any CPU
		{872470DC-8FC6-4AD4-BE9E-F3F2CA9DC616}.Release|Any CPU.ActiveCfg = Release|Any CPU
		{872470DC-8FC6-4AD4-BE9E-F3F2CA9DC616}.Release|Any CPU.Build.0 = Release|Any CPU
		{C24940A3-DFAB-488B-9A2E-6D534412D7CA}.Debug|Any CPU.ActiveCfg = Debug|Any CPU
		{C24940A3-DFAB-488B-9A2E-6D534412D7CA}.Debug|Any CPU.Build.0 = Debug|Any CPU
		{C24940A3-DFAB-488B-9A2E-6D534412D7CA}.Release|Any CPU.ActiveCfg = Release|Any CPU
		{C24940A3-DFAB-488B-9A2E-6D534412D7CA}.Release|Any CPU.Build.0 = Release|Any CPU
		{2C0C2E7B-25AC-4B48-AF62-59E3C5808AEC}.Debug|Any CPU.ActiveCfg = Debug|Any CPU
		{2C0C2E7B-25AC-4B48-AF62-59E3C5808AEC}.Debug|Any CPU.Build.0 = Debug|Any CPU
		{2C0C2E7B-25AC-4B48-AF62-59E3C5808AEC}.Release|Any CPU.ActiveCfg = Release|Any CPU
		{2C0C2E7B-25AC-4B48-AF62-59E3C5808AEC}.Release|Any CPU.Build.0 = Release|Any CPU
		{A073A8B8-C116-4D8E-A519-DF950F68D2DA}.Debug|Any CPU.ActiveCfg = Debug|Any CPU
		{A073A8B8-C116-4D8E-A519-DF950F68D2DA}.Debug|Any CPU.Build.0 = Debug|Any CPU
		{A073A8B8-C116-4D8E-A519-DF950F68D2DA}.Release|Any CPU.ActiveCfg = Release|Any CPU
		{A073A8B8-C116-4D8E-A519-DF950F68D2DA}.Release|Any CPU.Build.0 = Release|Any CPU
		{D1131EC5-CF40-418F-8E8C-858AADDBCC7F}.Debug|Any CPU.ActiveCfg = Debug|Any CPU
		{D1131EC5-CF40-418F-8E8C-858AADDBCC7F}.Debug|Any CPU.Build.0 = Debug|Any CPU
		{D1131EC5-CF40-418F-8E8C-858AADDBCC7F}.Release|Any CPU.ActiveCfg = Release|Any CPU
		{D1131EC5-CF40-418F-8E8C-858AADDBCC7F}.Release|Any CPU.Build.0 = Release|Any CPU
		{7F4DAD82-FB09-445C-8EA2-0F1C50FBBA28}.Debug|Any CPU.ActiveCfg = Debug|Any CPU
		{7F4DAD82-FB09-445C-8EA2-0F1C50FBBA28}.Debug|Any CPU.Build.0 = Debug|Any CPU
		{7F4DAD82-FB09-445C-8EA2-0F1C50FBBA28}.Release|Any CPU.ActiveCfg = Release|Any CPU
		{7F4DAD82-FB09-445C-8EA2-0F1C50FBBA28}.Release|Any CPU.Build.0 = Release|Any CPU
		{E06DC786-72AB-417B-ACDB-AF00688544EA}.Debug|Any CPU.ActiveCfg = Debug|Any CPU
		{E06DC786-72AB-417B-ACDB-AF00688544EA}.Debug|Any CPU.Build.0 = Debug|Any CPU
		{E06DC786-72AB-417B-ACDB-AF00688544EA}.Release|Any CPU.ActiveCfg = Release|Any CPU
		{E06DC786-72AB-417B-ACDB-AF00688544EA}.Release|Any CPU.Build.0 = Release|Any CPU
		{65B439C9-4B54-4DB8-86B3-9EBE8E62DF83}.Debug|Any CPU.ActiveCfg = Debug|Any CPU
		{65B439C9-4B54-4DB8-86B3-9EBE8E62DF83}.Debug|Any CPU.Build.0 = Debug|Any CPU
		{65B439C9-4B54-4DB8-86B3-9EBE8E62DF83}.Release|Any CPU.ActiveCfg = Release|Any CPU
		{65B439C9-4B54-4DB8-86B3-9EBE8E62DF83}.Release|Any CPU.Build.0 = Release|Any CPU
		{D6C96AE5-8756-4278-A331-43073E08C3ED}.Debug|Any CPU.ActiveCfg = Debug|Any CPU
		{D6C96AE5-8756-4278-A331-43073E08C3ED}.Debug|Any CPU.Build.0 = Debug|Any CPU
		{D6C96AE5-8756-4278-A331-43073E08C3ED}.Release|Any CPU.ActiveCfg = Release|Any CPU
		{D6C96AE5-8756-4278-A331-43073E08C3ED}.Release|Any CPU.Build.0 = Release|Any CPU
		{8B581529-D7D2-4DCF-824A-2AAFB58F8C94}.Debug|Any CPU.ActiveCfg = Debug|Any CPU
		{8B581529-D7D2-4DCF-824A-2AAFB58F8C94}.Debug|Any CPU.Build.0 = Debug|Any CPU
		{8B581529-D7D2-4DCF-824A-2AAFB58F8C94}.Release|Any CPU.ActiveCfg = Release|Any CPU
		{8B581529-D7D2-4DCF-824A-2AAFB58F8C94}.Release|Any CPU.Build.0 = Release|Any CPU
		{5E8AD211-7AEF-4D9D-AFA8-C85B6F3D7C6A}.Debug|Any CPU.ActiveCfg = Debug|Any CPU
		{5E8AD211-7AEF-4D9D-AFA8-C85B6F3D7C6A}.Debug|Any CPU.Build.0 = Debug|Any CPU
		{5E8AD211-7AEF-4D9D-AFA8-C85B6F3D7C6A}.Release|Any CPU.ActiveCfg = Release|Any CPU
		{5E8AD211-7AEF-4D9D-AFA8-C85B6F3D7C6A}.Release|Any CPU.Build.0 = Release|Any CPU
		{0A5D1639-8EEE-4BC9-94A5-04F354FEFBFD}.Debug|Any CPU.ActiveCfg = Debug|Any CPU
		{0A5D1639-8EEE-4BC9-94A5-04F354FEFBFD}.Debug|Any CPU.Build.0 = Debug|Any CPU
		{0A5D1639-8EEE-4BC9-94A5-04F354FEFBFD}.Release|Any CPU.ActiveCfg = Release|Any CPU
		{0A5D1639-8EEE-4BC9-94A5-04F354FEFBFD}.Release|Any CPU.Build.0 = Release|Any CPU
		{427DC057-A61A-4D4A-9B20-30F11367AFC8}.Debug|Any CPU.ActiveCfg = Debug|Any CPU
		{427DC057-A61A-4D4A-9B20-30F11367AFC8}.Debug|Any CPU.Build.0 = Debug|Any CPU
		{427DC057-A61A-4D4A-9B20-30F11367AFC8}.Release|Any CPU.ActiveCfg = Release|Any CPU
		{427DC057-A61A-4D4A-9B20-30F11367AFC8}.Release|Any CPU.Build.0 = Release|Any CPU
		{C935C3C7-0CEB-4583-9039-114631C38989}.Debug|Any CPU.ActiveCfg = Debug|Any CPU
		{C935C3C7-0CEB-4583-9039-114631C38989}.Debug|Any CPU.Build.0 = Debug|Any CPU
		{C935C3C7-0CEB-4583-9039-114631C38989}.Release|Any CPU.ActiveCfg = Release|Any CPU
		{C935C3C7-0CEB-4583-9039-114631C38989}.Release|Any CPU.Build.0 = Release|Any CPU
		{C7E17279-AAEB-4A58-BBBB-AF443F924D9E}.Debug|Any CPU.ActiveCfg = Debug|Any CPU
		{C7E17279-AAEB-4A58-BBBB-AF443F924D9E}.Debug|Any CPU.Build.0 = Debug|Any CPU
		{C7E17279-AAEB-4A58-BBBB-AF443F924D9E}.Release|Any CPU.ActiveCfg = Release|Any CPU
		{C7E17279-AAEB-4A58-BBBB-AF443F924D9E}.Release|Any CPU.Build.0 = Release|Any CPU
		{73871EF9-9CF6-479F-BC1C-AD443CE037AE}.Debug|Any CPU.ActiveCfg = Debug|Any CPU
		{73871EF9-9CF6-479F-BC1C-AD443CE037AE}.Debug|Any CPU.Build.0 = Debug|Any CPU
		{73871EF9-9CF6-479F-BC1C-AD443CE037AE}.Release|Any CPU.ActiveCfg = Release|Any CPU
		{73871EF9-9CF6-479F-BC1C-AD443CE037AE}.Release|Any CPU.Build.0 = Release|Any CPU
		{19A3A852-6F7B-4864-8F53-AE91A04D0732}.Debug|Any CPU.ActiveCfg = Debug|Any CPU
		{19A3A852-6F7B-4864-8F53-AE91A04D0732}.Debug|Any CPU.Build.0 = Debug|Any CPU
		{19A3A852-6F7B-4864-8F53-AE91A04D0732}.Release|Any CPU.ActiveCfg = Release|Any CPU
		{19A3A852-6F7B-4864-8F53-AE91A04D0732}.Release|Any CPU.Build.0 = Release|Any CPU
		{E7D1CB89-9657-44EC-8531-4C1B956D190E}.Debug|Any CPU.ActiveCfg = Debug|Any CPU
		{E7D1CB89-9657-44EC-8531-4C1B956D190E}.Debug|Any CPU.Build.0 = Debug|Any CPU
		{E7D1CB89-9657-44EC-8531-4C1B956D190E}.Release|Any CPU.ActiveCfg = Release|Any CPU
		{E7D1CB89-9657-44EC-8531-4C1B956D190E}.Release|Any CPU.Build.0 = Release|Any CPU
		{F41CF4E3-DB29-42C2-8999-39880376D862}.Debug|Any CPU.ActiveCfg = Debug|Any CPU
		{F41CF4E3-DB29-42C2-8999-39880376D862}.Debug|Any CPU.Build.0 = Debug|Any CPU
		{F41CF4E3-DB29-42C2-8999-39880376D862}.Release|Any CPU.ActiveCfg = Release|Any CPU
		{F41CF4E3-DB29-42C2-8999-39880376D862}.Release|Any CPU.Build.0 = Release|Any CPU
		{659C6450-6A39-44A3-A1A5-449ECAA1AFBE}.Debug|Any CPU.ActiveCfg = Debug|Any CPU
		{659C6450-6A39-44A3-A1A5-449ECAA1AFBE}.Debug|Any CPU.Build.0 = Debug|Any CPU
		{659C6450-6A39-44A3-A1A5-449ECAA1AFBE}.Release|Any CPU.ActiveCfg = Release|Any CPU
		{659C6450-6A39-44A3-A1A5-449ECAA1AFBE}.Release|Any CPU.Build.0 = Release|Any CPU
		{46718841-DF9E-41A4-AF87-C8E81AAE6F55}.Debug|Any CPU.ActiveCfg = Debug|Any CPU
		{46718841-DF9E-41A4-AF87-C8E81AAE6F55}.Debug|Any CPU.Build.0 = Debug|Any CPU
		{46718841-DF9E-41A4-AF87-C8E81AAE6F55}.Release|Any CPU.ActiveCfg = Release|Any CPU
		{46718841-DF9E-41A4-AF87-C8E81AAE6F55}.Release|Any CPU.Build.0 = Release|Any CPU
		{4B50588D-013B-462C-AA1E-169BEDBA206E}.Debug|Any CPU.ActiveCfg = Debug|Any CPU
		{4B50588D-013B-462C-AA1E-169BEDBA206E}.Debug|Any CPU.Build.0 = Debug|Any CPU
		{4B50588D-013B-462C-AA1E-169BEDBA206E}.Release|Any CPU.ActiveCfg = Release|Any CPU
		{4B50588D-013B-462C-AA1E-169BEDBA206E}.Release|Any CPU.Build.0 = Release|Any CPU
		{0E0BF260-8723-44B0-BEBD-7C345F044A34}.Debug|Any CPU.ActiveCfg = Debug|Any CPU
		{0E0BF260-8723-44B0-BEBD-7C345F044A34}.Debug|Any CPU.Build.0 = Debug|Any CPU
		{0E0BF260-8723-44B0-BEBD-7C345F044A34}.Release|Any CPU.ActiveCfg = Release|Any CPU
		{0E0BF260-8723-44B0-BEBD-7C345F044A34}.Release|Any CPU.Build.0 = Release|Any CPU
		{3DEB20D6-4D97-41D1-BD6C-C4F63134DAD7}.Debug|Any CPU.ActiveCfg = Debug|Any CPU
		{3DEB20D6-4D97-41D1-BD6C-C4F63134DAD7}.Debug|Any CPU.Build.0 = Debug|Any CPU
		{3DEB20D6-4D97-41D1-BD6C-C4F63134DAD7}.Release|Any CPU.ActiveCfg = Release|Any CPU
		{3DEB20D6-4D97-41D1-BD6C-C4F63134DAD7}.Release|Any CPU.Build.0 = Release|Any CPU
		{C34F077E-28B7-4DB1-99DF-76CB94A17218}.Debug|Any CPU.ActiveCfg = Debug|Any CPU
		{C34F077E-28B7-4DB1-99DF-76CB94A17218}.Debug|Any CPU.Build.0 = Debug|Any CPU
		{C34F077E-28B7-4DB1-99DF-76CB94A17218}.Release|Any CPU.ActiveCfg = Release|Any CPU
		{C34F077E-28B7-4DB1-99DF-76CB94A17218}.Release|Any CPU.Build.0 = Release|Any CPU
		{67CCB21B-805E-4CEF-9DB0-F111DC3F369B}.Debug|Any CPU.ActiveCfg = Debug|Any CPU
		{67CCB21B-805E-4CEF-9DB0-F111DC3F369B}.Debug|Any CPU.Build.0 = Debug|Any CPU
		{67CCB21B-805E-4CEF-9DB0-F111DC3F369B}.Release|Any CPU.ActiveCfg = Release|Any CPU
		{67CCB21B-805E-4CEF-9DB0-F111DC3F369B}.Release|Any CPU.Build.0 = Release|Any CPU
		{49737B99-3DFA-4567-BCAD-4719E388B608}.Debug|Any CPU.ActiveCfg = Debug|Any CPU
		{49737B99-3DFA-4567-BCAD-4719E388B608}.Debug|Any CPU.Build.0 = Debug|Any CPU
		{49737B99-3DFA-4567-BCAD-4719E388B608}.Release|Any CPU.ActiveCfg = Release|Any CPU
		{49737B99-3DFA-4567-BCAD-4719E388B608}.Release|Any CPU.Build.0 = Release|Any CPU
		{8ADDF9AF-DEAE-434F-917D-11C92592CE56}.Debug|Any CPU.ActiveCfg = Debug|Any CPU
		{8ADDF9AF-DEAE-434F-917D-11C92592CE56}.Debug|Any CPU.Build.0 = Debug|Any CPU
		{8ADDF9AF-DEAE-434F-917D-11C92592CE56}.Release|Any CPU.ActiveCfg = Release|Any CPU
		{8ADDF9AF-DEAE-434F-917D-11C92592CE56}.Release|Any CPU.Build.0 = Release|Any CPU
		{2D356DD4-BEC5-46AC-9D6D-508B743A855D}.Debug|Any CPU.ActiveCfg = Debug|Any CPU
		{2D356DD4-BEC5-46AC-9D6D-508B743A855D}.Debug|Any CPU.Build.0 = Debug|Any CPU
		{2D356DD4-BEC5-46AC-9D6D-508B743A855D}.Release|Any CPU.ActiveCfg = Release|Any CPU
		{2D356DD4-BEC5-46AC-9D6D-508B743A855D}.Release|Any CPU.Build.0 = Release|Any CPU
		{A9FBCB7F-C829-45AF-A3CE-0D7E40DD000C}.Debug|Any CPU.ActiveCfg = Debug|Any CPU
		{A9FBCB7F-C829-45AF-A3CE-0D7E40DD000C}.Debug|Any CPU.Build.0 = Debug|Any CPU
		{A9FBCB7F-C829-45AF-A3CE-0D7E40DD000C}.Release|Any CPU.ActiveCfg = Release|Any CPU
		{A9FBCB7F-C829-45AF-A3CE-0D7E40DD000C}.Release|Any CPU.Build.0 = Release|Any CPU
		{041093B6-D162-4A62-B602-9FA7D17F2BEA}.Debug|Any CPU.ActiveCfg = Debug|Any CPU
		{041093B6-D162-4A62-B602-9FA7D17F2BEA}.Debug|Any CPU.Build.0 = Debug|Any CPU
		{041093B6-D162-4A62-B602-9FA7D17F2BEA}.Release|Any CPU.ActiveCfg = Release|Any CPU
		{041093B6-D162-4A62-B602-9FA7D17F2BEA}.Release|Any CPU.Build.0 = Release|Any CPU
		{DD45D74C-0D35-4B87-8D01-CA7CF67F7FE4}.Debug|Any CPU.ActiveCfg = Debug|Any CPU
		{DD45D74C-0D35-4B87-8D01-CA7CF67F7FE4}.Debug|Any CPU.Build.0 = Debug|Any CPU
		{DD45D74C-0D35-4B87-8D01-CA7CF67F7FE4}.Release|Any CPU.ActiveCfg = Release|Any CPU
		{DD45D74C-0D35-4B87-8D01-CA7CF67F7FE4}.Release|Any CPU.Build.0 = Release|Any CPU
		{FCF42041-A3A9-43D8-B599-EC96F2820688}.Debug|Any CPU.ActiveCfg = Debug|Any CPU
		{FCF42041-A3A9-43D8-B599-EC96F2820688}.Debug|Any CPU.Build.0 = Debug|Any CPU
		{FCF42041-A3A9-43D8-B599-EC96F2820688}.Release|Any CPU.ActiveCfg = Release|Any CPU
		{FCF42041-A3A9-43D8-B599-EC96F2820688}.Release|Any CPU.Build.0 = Release|Any CPU
		{1BEB2C35-404F-458A-9645-2DA7D59D952D}.Debug|Any CPU.ActiveCfg = Debug|Any CPU
		{1BEB2C35-404F-458A-9645-2DA7D59D952D}.Debug|Any CPU.Build.0 = Debug|Any CPU
		{1BEB2C35-404F-458A-9645-2DA7D59D952D}.Release|Any CPU.ActiveCfg = Release|Any CPU
		{1BEB2C35-404F-458A-9645-2DA7D59D952D}.Release|Any CPU.Build.0 = Release|Any CPU
		{3567DC5F-33B5-46DC-8684-5F50C6024AA6}.Debug|Any CPU.ActiveCfg = Debug|Any CPU
		{3567DC5F-33B5-46DC-8684-5F50C6024AA6}.Debug|Any CPU.Build.0 = Debug|Any CPU
		{3567DC5F-33B5-46DC-8684-5F50C6024AA6}.Release|Any CPU.ActiveCfg = Release|Any CPU
		{3567DC5F-33B5-46DC-8684-5F50C6024AA6}.Release|Any CPU.Build.0 = Release|Any CPU
		{3BDFE378-1C20-4992-ADBF-DFBEAB1B2E2F}.Debug|Any CPU.ActiveCfg = Debug|Any CPU
		{3BDFE378-1C20-4992-ADBF-DFBEAB1B2E2F}.Debug|Any CPU.Build.0 = Debug|Any CPU
		{3BDFE378-1C20-4992-ADBF-DFBEAB1B2E2F}.Release|Any CPU.ActiveCfg = Release|Any CPU
		{3BDFE378-1C20-4992-ADBF-DFBEAB1B2E2F}.Release|Any CPU.Build.0 = Release|Any CPU
		{AE358EB5-BD94-47D5-B8B0-090271B51D49}.Debug|Any CPU.ActiveCfg = Debug|Any CPU
		{AE358EB5-BD94-47D5-B8B0-090271B51D49}.Debug|Any CPU.Build.0 = Debug|Any CPU
		{AE358EB5-BD94-47D5-B8B0-090271B51D49}.Release|Any CPU.ActiveCfg = Release|Any CPU
		{AE358EB5-BD94-47D5-B8B0-090271B51D49}.Release|Any CPU.Build.0 = Release|Any CPU
		{BAB01FD0-18A8-4132-B488-254A73176D75}.Debug|Any CPU.ActiveCfg = Debug|Any CPU
		{BAB01FD0-18A8-4132-B488-254A73176D75}.Debug|Any CPU.Build.0 = Debug|Any CPU
		{BAB01FD0-18A8-4132-B488-254A73176D75}.Release|Any CPU.ActiveCfg = Release|Any CPU
		{BAB01FD0-18A8-4132-B488-254A73176D75}.Release|Any CPU.Build.0 = Release|Any CPU
		{F341C10D-76CE-497E-8A0B-48D203ADE466}.Debug|Any CPU.ActiveCfg = Debug|Any CPU
		{F341C10D-76CE-497E-8A0B-48D203ADE466}.Debug|Any CPU.Build.0 = Debug|Any CPU
		{F341C10D-76CE-497E-8A0B-48D203ADE466}.Release|Any CPU.ActiveCfg = Release|Any CPU
		{F341C10D-76CE-497E-8A0B-48D203ADE466}.Release|Any CPU.Build.0 = Release|Any CPU
		{C1A2220C-2BA4-4CAD-BA7B-BEF67034D4CC}.Debug|Any CPU.ActiveCfg = Debug|Any CPU
		{C1A2220C-2BA4-4CAD-BA7B-BEF67034D4CC}.Debug|Any CPU.Build.0 = Debug|Any CPU
		{C1A2220C-2BA4-4CAD-BA7B-BEF67034D4CC}.Release|Any CPU.ActiveCfg = Release|Any CPU
		{C1A2220C-2BA4-4CAD-BA7B-BEF67034D4CC}.Release|Any CPU.Build.0 = Release|Any CPU
		{AC118996-0420-4030-9F7E-C35F2D5FB9BE}.Debug|Any CPU.ActiveCfg = Debug|Any CPU
		{AC118996-0420-4030-9F7E-C35F2D5FB9BE}.Debug|Any CPU.Build.0 = Debug|Any CPU
		{AC118996-0420-4030-9F7E-C35F2D5FB9BE}.Release|Any CPU.ActiveCfg = Release|Any CPU
		{AC118996-0420-4030-9F7E-C35F2D5FB9BE}.Release|Any CPU.Build.0 = Release|Any CPU
		{94B4CDE4-2A94-45F0-AACC-1A02D7CF45B8}.Debug|Any CPU.ActiveCfg = Debug|Any CPU
		{94B4CDE4-2A94-45F0-AACC-1A02D7CF45B8}.Debug|Any CPU.Build.0 = Debug|Any CPU
		{94B4CDE4-2A94-45F0-AACC-1A02D7CF45B8}.Release|Any CPU.ActiveCfg = Release|Any CPU
		{94B4CDE4-2A94-45F0-AACC-1A02D7CF45B8}.Release|Any CPU.Build.0 = Release|Any CPU
		{13183A7C-470C-4E91-B6AB-F49FB2897B30}.Debug|Any CPU.ActiveCfg = Debug|Any CPU
		{13183A7C-470C-4E91-B6AB-F49FB2897B30}.Debug|Any CPU.Build.0 = Debug|Any CPU
		{13183A7C-470C-4E91-B6AB-F49FB2897B30}.Release|Any CPU.ActiveCfg = Release|Any CPU
		{13183A7C-470C-4E91-B6AB-F49FB2897B30}.Release|Any CPU.Build.0 = Release|Any CPU
		{AF2C8041-3B77-4912-8BC3-A19A18864215}.Debug|Any CPU.ActiveCfg = Debug|Any CPU
		{AF2C8041-3B77-4912-8BC3-A19A18864215}.Debug|Any CPU.Build.0 = Debug|Any CPU
		{AF2C8041-3B77-4912-8BC3-A19A18864215}.Release|Any CPU.ActiveCfg = Release|Any CPU
		{AF2C8041-3B77-4912-8BC3-A19A18864215}.Release|Any CPU.Build.0 = Release|Any CPU
		{12F822A5-1353-4C27-922C-02F2655E9443}.Debug|Any CPU.ActiveCfg = Debug|Any CPU
		{12F822A5-1353-4C27-922C-02F2655E9443}.Debug|Any CPU.Build.0 = Debug|Any CPU
		{12F822A5-1353-4C27-922C-02F2655E9443}.Release|Any CPU.ActiveCfg = Release|Any CPU
		{12F822A5-1353-4C27-922C-02F2655E9443}.Release|Any CPU.Build.0 = Release|Any CPU
		{15207D1B-721C-4F32-A3B8-A24B912B6043}.Debug|Any CPU.ActiveCfg = Debug|Any CPU
		{15207D1B-721C-4F32-A3B8-A24B912B6043}.Debug|Any CPU.Build.0 = Debug|Any CPU
		{15207D1B-721C-4F32-A3B8-A24B912B6043}.Release|Any CPU.ActiveCfg = Release|Any CPU
		{15207D1B-721C-4F32-A3B8-A24B912B6043}.Release|Any CPU.Build.0 = Release|Any CPU
		{ED91422B-F8C8-4D89-8D2F-1FE874B03AC8}.Debug|Any CPU.ActiveCfg = Debug|Any CPU
		{ED91422B-F8C8-4D89-8D2F-1FE874B03AC8}.Debug|Any CPU.Build.0 = Debug|Any CPU
		{ED91422B-F8C8-4D89-8D2F-1FE874B03AC8}.Release|Any CPU.ActiveCfg = Release|Any CPU
		{ED91422B-F8C8-4D89-8D2F-1FE874B03AC8}.Release|Any CPU.Build.0 = Release|Any CPU
		{13B47C25-6797-4238-B4AE-E5309AB60DC0}.Debug|Any CPU.ActiveCfg = Debug|Any CPU
		{13B47C25-6797-4238-B4AE-E5309AB60DC0}.Debug|Any CPU.Build.0 = Debug|Any CPU
		{13B47C25-6797-4238-B4AE-E5309AB60DC0}.Release|Any CPU.ActiveCfg = Release|Any CPU
		{13B47C25-6797-4238-B4AE-E5309AB60DC0}.Release|Any CPU.Build.0 = Release|Any CPU
		{DA3A7B05-345B-4BDA-8C42-B03A05A7CA3F}.Debug|Any CPU.ActiveCfg = Debug|Any CPU
		{DA3A7B05-345B-4BDA-8C42-B03A05A7CA3F}.Debug|Any CPU.Build.0 = Debug|Any CPU
		{DA3A7B05-345B-4BDA-8C42-B03A05A7CA3F}.Release|Any CPU.ActiveCfg = Release|Any CPU
		{DA3A7B05-345B-4BDA-8C42-B03A05A7CA3F}.Release|Any CPU.Build.0 = Release|Any CPU
		{8C4E2508-6268-41F6-924B-5176D420A5AB}.Debug|Any CPU.ActiveCfg = Debug|Any CPU
		{8C4E2508-6268-41F6-924B-5176D420A5AB}.Debug|Any CPU.Build.0 = Debug|Any CPU
		{8C4E2508-6268-41F6-924B-5176D420A5AB}.Release|Any CPU.ActiveCfg = Release|Any CPU
		{8C4E2508-6268-41F6-924B-5176D420A5AB}.Release|Any CPU.Build.0 = Release|Any CPU
		{5024B508-BBE6-46B1-8CA5-AB4E221ADF93}.Debug|Any CPU.ActiveCfg = Debug|Any CPU
		{5024B508-BBE6-46B1-8CA5-AB4E221ADF93}.Debug|Any CPU.Build.0 = Debug|Any CPU
		{5024B508-BBE6-46B1-8CA5-AB4E221ADF93}.Release|Any CPU.ActiveCfg = Release|Any CPU
		{5024B508-BBE6-46B1-8CA5-AB4E221ADF93}.Release|Any CPU.Build.0 = Release|Any CPU
		{4FC1AE58-E092-47AA-B5D1-47E48563155E}.Debug|Any CPU.ActiveCfg = Debug|Any CPU
		{4FC1AE58-E092-47AA-B5D1-47E48563155E}.Debug|Any CPU.Build.0 = Debug|Any CPU
		{4FC1AE58-E092-47AA-B5D1-47E48563155E}.Release|Any CPU.ActiveCfg = Release|Any CPU
		{4FC1AE58-E092-47AA-B5D1-47E48563155E}.Release|Any CPU.Build.0 = Release|Any CPU
		{03B9FCFF-EBFB-4E81-ADD0-CD258CF93133}.Debug|Any CPU.ActiveCfg = Debug|Any CPU
		{03B9FCFF-EBFB-4E81-ADD0-CD258CF93133}.Debug|Any CPU.Build.0 = Debug|Any CPU
		{03B9FCFF-EBFB-4E81-ADD0-CD258CF93133}.Release|Any CPU.ActiveCfg = Release|Any CPU
		{03B9FCFF-EBFB-4E81-ADD0-CD258CF93133}.Release|Any CPU.Build.0 = Release|Any CPU
		{65BFE1AC-DBC8-4C18-9FF8-C7D25652E1BF}.Debug|Any CPU.ActiveCfg = Debug|Any CPU
		{65BFE1AC-DBC8-4C18-9FF8-C7D25652E1BF}.Debug|Any CPU.Build.0 = Debug|Any CPU
		{65BFE1AC-DBC8-4C18-9FF8-C7D25652E1BF}.Release|Any CPU.ActiveCfg = Release|Any CPU
		{65BFE1AC-DBC8-4C18-9FF8-C7D25652E1BF}.Release|Any CPU.Build.0 = Release|Any CPU
		{785F9184-194C-44D5-8C9C-47A082E1806C}.Debug|Any CPU.ActiveCfg = Debug|Any CPU
		{785F9184-194C-44D5-8C9C-47A082E1806C}.Debug|Any CPU.Build.0 = Debug|Any CPU
		{785F9184-194C-44D5-8C9C-47A082E1806C}.Release|Any CPU.ActiveCfg = Release|Any CPU
		{785F9184-194C-44D5-8C9C-47A082E1806C}.Release|Any CPU.Build.0 = Release|Any CPU
		{906404A3-5AD0-4064-9FD8-0D07D82A678F}.Debug|Any CPU.ActiveCfg = Debug|Any CPU
		{906404A3-5AD0-4064-9FD8-0D07D82A678F}.Debug|Any CPU.Build.0 = Debug|Any CPU
		{906404A3-5AD0-4064-9FD8-0D07D82A678F}.Release|Any CPU.ActiveCfg = Release|Any CPU
		{906404A3-5AD0-4064-9FD8-0D07D82A678F}.Release|Any CPU.Build.0 = Release|Any CPU
		{1538FB31-03B7-4D1F-9570-58909BDABE3C}.Debug|Any CPU.ActiveCfg = Debug|Any CPU
		{1538FB31-03B7-4D1F-9570-58909BDABE3C}.Debug|Any CPU.Build.0 = Debug|Any CPU
		{1538FB31-03B7-4D1F-9570-58909BDABE3C}.Release|Any CPU.ActiveCfg = Release|Any CPU
		{1538FB31-03B7-4D1F-9570-58909BDABE3C}.Release|Any CPU.Build.0 = Release|Any CPU
		{0359A38B-4080-41A1-BB75-6B2EA48D8E2D}.Debug|Any CPU.ActiveCfg = Debug|Any CPU
		{0359A38B-4080-41A1-BB75-6B2EA48D8E2D}.Debug|Any CPU.Build.0 = Debug|Any CPU
		{0359A38B-4080-41A1-BB75-6B2EA48D8E2D}.Release|Any CPU.ActiveCfg = Release|Any CPU
		{0359A38B-4080-41A1-BB75-6B2EA48D8E2D}.Release|Any CPU.Build.0 = Release|Any CPU
		{BE5E6E82-3CB6-4C1B-8E2D-1B7A2483B41B}.Debug|Any CPU.ActiveCfg = Debug|Any CPU
		{BE5E6E82-3CB6-4C1B-8E2D-1B7A2483B41B}.Debug|Any CPU.Build.0 = Debug|Any CPU
		{BE5E6E82-3CB6-4C1B-8E2D-1B7A2483B41B}.Release|Any CPU.ActiveCfg = Release|Any CPU
		{BE5E6E82-3CB6-4C1B-8E2D-1B7A2483B41B}.Release|Any CPU.Build.0 = Release|Any CPU
		{F43AD659-D8F2-4B30-AB21-85CD376CAA20}.Debug|Any CPU.ActiveCfg = Debug|Any CPU
		{F43AD659-D8F2-4B30-AB21-85CD376CAA20}.Debug|Any CPU.Build.0 = Debug|Any CPU
		{F43AD659-D8F2-4B30-AB21-85CD376CAA20}.Release|Any CPU.ActiveCfg = Release|Any CPU
		{F43AD659-D8F2-4B30-AB21-85CD376CAA20}.Release|Any CPU.Build.0 = Release|Any CPU
		{8A06784C-1C60-C922-5B03-6A47057B5308}.Debug|Any CPU.ActiveCfg = Debug|Any CPU
		{8A06784C-1C60-C922-5B03-6A47057B5308}.Debug|Any CPU.Build.0 = Debug|Any CPU
		{8A06784C-1C60-C922-5B03-6A47057B5308}.Release|Any CPU.ActiveCfg = Release|Any CPU
		{8A06784C-1C60-C922-5B03-6A47057B5308}.Release|Any CPU.Build.0 = Release|Any CPU
	EndGlobalSection
	GlobalSection(SolutionProperties) = preSolution
		HideSolutionNode = FALSE
	EndGlobalSection
	GlobalSection(NestedProjects) = preSolution
		{472FFE79-B8B1-41A1-91F2-CFA0F8406BC9} = {A3E29077-2385-4F4F-B2BB-01975E24979C}
		{F573919A-D73A-4186-9E9D-9A514A5D7244} = {C6B2743E-B7EE-418C-9F9B-79976B71C46B}
		{7884D11A-8935-4BB0-B027-64EE9CC2CE33} = {C6B2743E-B7EE-418C-9F9B-79976B71C46B}
		{EA652176-7921-4F6C-9B38-C722B96D7A0E} = {FB4CF257-BC99-4D38-AD74-061307A2C3F3}
		{E1B69A13-88EE-4705-8604-F2E9453D0D60} = {C6B2743E-B7EE-418C-9F9B-79976B71C46B}
		{4A5960C8-3EBC-4725-8751-BF96CEEE2686} = {FB4CF257-BC99-4D38-AD74-061307A2C3F3}
		{CE41595A-0FA0-4B22-9507-511C957571D8} = {FB4CF257-BC99-4D38-AD74-061307A2C3F3}
		{8B4E37FC-19DA-47B4-BE06-00E50EA354B7} = {FB4CF257-BC99-4D38-AD74-061307A2C3F3}
		{4C99DD4C-F671-45C3-B696-E9C3BDEE667F} = {A385B905-7A2B-43DC-819F-D9C0FFB5FDF7}
		{A5BE8634-522D-4CEC-B60C-EECCD2D0F946} = {A385B905-7A2B-43DC-819F-D9C0FFB5FDF7}
		{C9E70A76-90AA-445B-963B-CE3B07FA8AE2} = {A385B905-7A2B-43DC-819F-D9C0FFB5FDF7}
		{D92EA2DD-FD45-4B27-90DE-EEE5FAA87452} = {A385B905-7A2B-43DC-819F-D9C0FFB5FDF7}
		{35179009-D18F-45BF-AFF6-68934C727507} = {A385B905-7A2B-43DC-819F-D9C0FFB5FDF7}
		{EA770A35-5114-45F5-9BEB-DE2BA949903F} = {A385B905-7A2B-43DC-819F-D9C0FFB5FDF7}
		{3EB6A053-396B-429E-AB06-C24BA66E488F} = {9559AE76-7924-4647-8619-35EE39569D6C}
		{F125B463-4B54-4740-BFED-3F6CD4DB7BD0} = {9559AE76-7924-4647-8619-35EE39569D6C}
		{781C490B-D632-48C2-B9B7-158A1A4E42A3} = {472FFE79-B8B1-41A1-91F2-CFA0F8406BC9}
		{BE5C8B21-F0D9-49E7-B9EF-DA2C2B30F608} = {CC0105D7-EE03-471A-B16D-0E897DD0D5B1}
		{B72B3024-B5A6-4C42-9519-349B2D1B9DF1} = {B5285F1C-479F-43F5-B3DE-3E930516AF6D}
		{D58C77ED-ED4B-45F1-B6C4-A14FE6B70083} = {B8142AAE-3792-44C0-9197-0F14A9749E33}
		{43BE3B85-AA7B-47B5-AC09-EE66B52358EA} = {3030FE3D-DB8F-403D-A181-8152670827AB}
		{8C24C67A-DFF6-4752-827F-98BE6190EF47} = {BC0DA397-CCD6-407C-B675-87E5B702318A}
		{A8F21802-C874-4EA1-A02F-C6C0000C6284} = {525BCCB3-B4EC-4DDD-BE84-513242EEE2E8}
		{66E249CA-9BE0-4E09-AC85-A61EB68D56F8} = {525BCCB3-B4EC-4DDD-BE84-513242EEE2E8}
		{23C259F5-8542-420C-A94D-5F683D097CD8} = {525BCCB3-B4EC-4DDD-BE84-513242EEE2E8}
		{2E48FFA9-478E-445B-BDD7-37D30C02380A} = {BC0DA397-CCD6-407C-B675-87E5B702318A}
		{9346796F-E499-4239-9224-4CE2CA0704A5} = {24481196-FEE8-4AD7-9FA6-5C9655A80C18}
		{27C22FD6-37D3-41A0-BF34-5D9F5031EAF8} = {24481196-FEE8-4AD7-9FA6-5C9655A80C18}
		{D45DFEED-3A83-436D-ACBD-771DDDC4718F} = {DB31385F-49B0-49FB-946A-DBAD2A070B7A}
		{BDBABE46-FAAE-459D-BC78-B5BA6503EBBA} = {4A4E88DE-5CE7-433E-BED8-D269E385ECFD}
		{5C7976B4-C243-41B9-8303-8E8FAE099D31} = {A3E29077-2385-4F4F-B2BB-01975E24979C}
		{741EE94D-5F03-426E-9D34-CBDA41671742} = {F339B49B-E2F8-44CA-AD66-5E6CAA1B6E0F}
		{A66F9341-005F-4FAC-BF93-D676329A34B4} = {5C7976B4-C243-41B9-8303-8E8FAE099D31}
		{58BE2219-6694-4630-85E6-7953A608A2D6} = {5C7976B4-C243-41B9-8303-8E8FAE099D31}
		{0F86BCCF-6A1D-41DD-A9C0-4B3BF8A840BF} = {5C7976B4-C243-41B9-8303-8E8FAE099D31}
		{25107D91-1E7D-422C-8B03-B1C94EE3A1B5} = {96F03C7E-0959-4BE4-BE87-E987E1C4BEDA}
		{CAC738F2-8F95-4940-90D2-76DABF403581} = {44E3A713-A8D2-4BE3-ABF3-D9BE25FB709F}
		{577D3EA3-5342-4E0D-AE51-39CBEE217089} = {44E3A713-A8D2-4BE3-ABF3-D9BE25FB709F}
		{F084AFFB-9136-43CE-874C-777DBA4D5205} = {96F03C7E-0959-4BE4-BE87-E987E1C4BEDA}
		{5D81881D-FF17-4902-8BEB-A1D58D0EF688} = {B8142AAE-3792-44C0-9197-0F14A9749E33}
		{256EB128-60DC-406C-BED0-9D0013A6B49A} = {052D4342-8B65-4836-A9B6-681A7812760E}
		{027BE8C0-24D8-45BC-9A97-08B6924FB39D} = {052D4342-8B65-4836-A9B6-681A7812760E}
		{DB31385F-49B0-49FB-946A-DBAD2A070B7A} = {BDBABE46-FAAE-459D-BC78-B5BA6503EBBA}
		{24481196-FEE8-4AD7-9FA6-5C9655A80C18} = {BDBABE46-FAAE-459D-BC78-B5BA6503EBBA}
		{525BCCB3-B4EC-4DDD-BE84-513242EEE2E8} = {BDBABE46-FAAE-459D-BC78-B5BA6503EBBA}
		{BC0DA397-CCD6-407C-B675-87E5B702318A} = {BDBABE46-FAAE-459D-BC78-B5BA6503EBBA}
		{08534D50-E0D2-47C6-8DCD-4F0A4ADD7AF7} = {24481196-FEE8-4AD7-9FA6-5C9655A80C18}
		{72DFB0D0-9D28-4788-9FD2-123E3C7E5032} = {052D4342-8B65-4836-A9B6-681A7812760E}
		{3E497AE7-0721-4E65-B953-05DF15F206A6} = {C6B2743E-B7EE-418C-9F9B-79976B71C46B}
		{2DD64F70-8DAF-4C70-8986-BF2812A95C8F} = {F3B57D2B-1277-4853-A3A9-9082BD9798FB}
		{9EC1188A-A524-4D44-B3DA-37065AA96E2D} = {8E2070BF-F6CF-47CC-8DB8-56B74EDFA7EB}
		{E15B13DE-7E40-4441-A825-B6931E01C0D6} = {16E3259B-3FBE-43BB-976E-F23409F73787}
		{83EF98FE-4212-4C92-9F8A-E3BAC081DF1F} = {16E3259B-3FBE-43BB-976E-F23409F73787}
		{9B472B86-C6CD-42D8-A610-A54012BDCEC5} = {16E3259B-3FBE-43BB-976E-F23409F73787}
		{C19FEF8C-99C0-4C8A-9499-138A79433AA7} = {3DCB5CD1-E327-43F5-9E5D-9B303CAF04DC}
		{247D8684-6AA3-45E6-B519-4332C89CE1F4} = {5C7976B4-C243-41B9-8303-8E8FAE099D31}
		{241F44DA-4A52-4086-8E0B-6ABDB662387F} = {38445EE2-80BA-4777-8FD3-963EA41C389D}
		{2F9FBA44-C1F8-4E34-B3CE-9EEBEB1AA7B2} = {38445EE2-80BA-4777-8FD3-963EA41C389D}
		{16E3259B-3FBE-43BB-976E-F23409F73787} = {9EC1188A-A524-4D44-B3DA-37065AA96E2D}
		{93A682FB-8EA0-4F10-AC03-CD688025E624} = {472FFE79-B8B1-41A1-91F2-CFA0F8406BC9}
		{33F6CAB3-FD8A-4B91-9B94-A1E2DBC2759B} = {472FFE79-B8B1-41A1-91F2-CFA0F8406BC9}
		{C6B2743E-B7EE-418C-9F9B-79976B71C46B} = {472FFE79-B8B1-41A1-91F2-CFA0F8406BC9}
		{052D4342-8B65-4836-A9B6-681A7812760E} = {472FFE79-B8B1-41A1-91F2-CFA0F8406BC9}
		{9559AE76-7924-4647-8619-35EE39569D6C} = {472FFE79-B8B1-41A1-91F2-CFA0F8406BC9}
		{B8142AAE-3792-44C0-9197-0F14A9749E33} = {3030FE3D-DB8F-403D-A181-8152670827AB}
		{B5285F1C-479F-43F5-B3DE-3E930516AF6D} = {472FFE79-B8B1-41A1-91F2-CFA0F8406BC9}
		{08B987F1-0DAC-4F94-9B56-C992B731B943} = {3F07E19F-C285-47B5-9441-46F375ECD5C9}
		{F40A8736-2FEC-446A-99FD-3660729893FC} = {2BA5C677-C0B9-458B-8A6D-D3E74B6F60EA}
		{D77F42E0-7AF5-4CE7-AC49-84BC6C6ADC34} = {F40A8736-2FEC-446A-99FD-3660729893FC}
		{05DFA67F-C861-48F9-BBD9-7777972A918F} = {BC0DA397-CCD6-407C-B675-87E5B702318A}
		{B05ACE65-AFBD-48B8-9C39-DF4DCF8B3E57} = {BC0DA397-CCD6-407C-B675-87E5B702318A}
		{7A4966A7-BE64-4589-8FD3-59AA8869A30F} = {B5285F1C-479F-43F5-B3DE-3E930516AF6D}
		{591D9280-33FD-4090-AFBE-D513A2A18316} = {9559AE76-7924-4647-8619-35EE39569D6C}
		{872470DC-8FC6-4AD4-BE9E-F3F2CA9DC616} = {DB31385F-49B0-49FB-946A-DBAD2A070B7A}
		{CC0105D7-EE03-471A-B16D-0E897DD0D5B1} = {3030FE3D-DB8F-403D-A181-8152670827AB}
		{C24940A3-DFAB-488B-9A2E-6D534412D7CA} = {CC0105D7-EE03-471A-B16D-0E897DD0D5B1}
		{3030FE3D-DB8F-403D-A181-8152670827AB} = {472FFE79-B8B1-41A1-91F2-CFA0F8406BC9}
		{F8BFB799-8ECB-49F6-AAA4-5B07F64DB3D9} = {3030FE3D-DB8F-403D-A181-8152670827AB}
		{2C0C2E7B-25AC-4B48-AF62-59E3C5808AEC} = {F8BFB799-8ECB-49F6-AAA4-5B07F64DB3D9}
		{A073A8B8-C116-4D8E-A519-DF950F68D2DA} = {FB4CF257-BC99-4D38-AD74-061307A2C3F3}
		{D1131EC5-CF40-418F-8E8C-858AADDBCC7F} = {C6B2743E-B7EE-418C-9F9B-79976B71C46B}
		{7F4DAD82-FB09-445C-8EA2-0F1C50FBBA28} = {052D4342-8B65-4836-A9B6-681A7812760E}
		{09A94120-CE45-402F-B45A-21DF04F0C226} = {3030FE3D-DB8F-403D-A181-8152670827AB}
		{E06DC786-72AB-417B-ACDB-AF00688544EA} = {09A94120-CE45-402F-B45A-21DF04F0C226}
		{65B439C9-4B54-4DB8-86B3-9EBE8E62DF83} = {09A94120-CE45-402F-B45A-21DF04F0C226}
		{D6C96AE5-8756-4278-A331-43073E08C3ED} = {5C7976B4-C243-41B9-8303-8E8FAE099D31}
		{8B581529-D7D2-4DCF-824A-2AAFB58F8C94} = {957AF91A-2CD9-4C0E-8CD7-7C58FABAB312}
		{5E8AD211-7AEF-4D9D-AFA8-C85B6F3D7C6A} = {B5285F1C-479F-43F5-B3DE-3E930516AF6D}
		{0A5D1639-8EEE-4BC9-94A5-04F354FEFBFD} = {5C7976B4-C243-41B9-8303-8E8FAE099D31}
		{427DC057-A61A-4D4A-9B20-30F11367AFC8} = {92EDE4B9-54BD-423A-991B-342ABB54BE8A}
		{C935C3C7-0CEB-4583-9039-114631C38989} = {92EDE4B9-54BD-423A-991B-342ABB54BE8A}
		{C7E17279-AAEB-4A58-BBBB-AF443F924D9E} = {92EDE4B9-54BD-423A-991B-342ABB54BE8A}
		{73871EF9-9CF6-479F-BC1C-AD443CE037AE} = {59928279-A0DE-4DCB-9032-1BADE8A1E00B}
		{19A3A852-6F7B-4864-8F53-AE91A04D0732} = {C6B2743E-B7EE-418C-9F9B-79976B71C46B}
		{E7D1CB89-9657-44EC-8531-4C1B956D190E} = {C6B2743E-B7EE-418C-9F9B-79976B71C46B}
		{FA7995A9-43C6-405A-B924-E4F182C245C2} = {8E2070BF-F6CF-47CC-8DB8-56B74EDFA7EB}
		{F41CF4E3-DB29-42C2-8999-39880376D862} = {FA7995A9-43C6-405A-B924-E4F182C245C2}
		{3EE7B5A9-FF9B-4786-9E0F-AFD2BED68CC2} = {F40A8736-2FEC-446A-99FD-3660729893FC}
		{7ABB7FBC-A1B9-432F-BCC5-53B9FD0172D8} = {2BA5C677-C0B9-458B-8A6D-D3E74B6F60EA}
		{4A87040E-99A6-4A3F-BD6D-D2A3C3663012} = {2BA5C677-C0B9-458B-8A6D-D3E74B6F60EA}
		{B6E2B626-F561-4B47-8CFE-E8A305696522} = {2BA5C677-C0B9-458B-8A6D-D3E74B6F60EA}
		{659C6450-6A39-44A3-A1A5-449ECAA1AFBE} = {C6B2743E-B7EE-418C-9F9B-79976B71C46B}
		{46718841-DF9E-41A4-AF87-C8E81AAE6F55} = {052D4342-8B65-4836-A9B6-681A7812760E}
		{4B50588D-013B-462C-AA1E-169BEDBA206E} = {472FFE79-B8B1-41A1-91F2-CFA0F8406BC9}
		{92EDE4B9-54BD-423A-991B-342ABB54BE8A} = {33F6CAB3-FD8A-4B91-9B94-A1E2DBC2759B}
		{FB4CF257-BC99-4D38-AD74-061307A2C3F3} = {33F6CAB3-FD8A-4B91-9B94-A1E2DBC2759B}
		{0E0BF260-8723-44B0-BEBD-7C345F044A34} = {52F64CF7-927F-4D55-A908-9E2239B4E5AB}
		{52F64CF7-927F-4D55-A908-9E2239B4E5AB} = {5C7976B4-C243-41B9-8303-8E8FAE099D31}
		{3DEB20D6-4D97-41D1-BD6C-C4F63134DAD7} = {96F03C7E-0959-4BE4-BE87-E987E1C4BEDA}
		{C34F077E-28B7-4DB1-99DF-76CB94A17218} = {9559AE76-7924-4647-8619-35EE39569D6C}
		{C3558DAD-350A-440E-913D-633378472F25} = {3030FE3D-DB8F-403D-A181-8152670827AB}
		{67CCB21B-805E-4CEF-9DB0-F111DC3F369B} = {C3558DAD-350A-440E-913D-633378472F25}
		{49737B99-3DFA-4567-BCAD-4719E388B608} = {0F5FB131-FFA5-434F-9B01-F4A067EA2CD9}
		{8ADDF9AF-DEAE-434F-917D-11C92592CE56} = {0F5FB131-FFA5-434F-9B01-F4A067EA2CD9}
		{2D356DD4-BEC5-46AC-9D6D-508B743A855D} = {0F5FB131-FFA5-434F-9B01-F4A067EA2CD9}
		{A9FBCB7F-C829-45AF-A3CE-0D7E40DD000C} = {0F5FB131-FFA5-434F-9B01-F4A067EA2CD9}
		{041093B6-D162-4A62-B602-9FA7D17F2BEA} = {0F5FB131-FFA5-434F-9B01-F4A067EA2CD9}
		{B94B352B-EE67-4350-88A8-04187CA7DF47} = {5C7976B4-C243-41B9-8303-8E8FAE099D31}
		{957AF91A-2CD9-4C0E-8CD7-7C58FABAB312} = {5C7976B4-C243-41B9-8303-8E8FAE099D31}
		{DD45D74C-0D35-4B87-8D01-CA7CF67F7FE4} = {957AF91A-2CD9-4C0E-8CD7-7C58FABAB312}
		{FCF42041-A3A9-43D8-B599-EC96F2820688} = {703C1672-B6E2-4AC4-B9C8-23460DC28061}
		{1BEB2C35-404F-458A-9645-2DA7D59D952D} = {957AF91A-2CD9-4C0E-8CD7-7C58FABAB312}
		{F3B57D2B-1277-4853-A3A9-9082BD9798FB} = {93A682FB-8EA0-4F10-AC03-CD688025E624}
		{A385B905-7A2B-43DC-819F-D9C0FFB5FDF7} = {93A682FB-8EA0-4F10-AC03-CD688025E624}
		{0F5FB131-FFA5-434F-9B01-F4A067EA2CD9} = {93A682FB-8EA0-4F10-AC03-CD688025E624}
		{38445EE2-80BA-4777-8FD3-963EA41C389D} = {93A682FB-8EA0-4F10-AC03-CD688025E624}
		{3567DC5F-33B5-46DC-8684-5F50C6024AA6} = {0F5FB131-FFA5-434F-9B01-F4A067EA2CD9}
		{3BDFE378-1C20-4992-ADBF-DFBEAB1B2E2F} = {3F07E19F-C285-47B5-9441-46F375ECD5C9}
		{44E3A713-A8D2-4BE3-ABF3-D9BE25FB709F} = {472FFE79-B8B1-41A1-91F2-CFA0F8406BC9}
		{96F03C7E-0959-4BE4-BE87-E987E1C4BEDA} = {472FFE79-B8B1-41A1-91F2-CFA0F8406BC9}
		{AE358EB5-BD94-47D5-B8B0-090271B51D49} = {1D7AFFEB-BA34-4B25-B9E0-1AFD950D06CE}
		{703C1672-B6E2-4AC4-B9C8-23460DC28061} = {B94B352B-EE67-4350-88A8-04187CA7DF47}
		{1D7AFFEB-BA34-4B25-B9E0-1AFD950D06CE} = {B94B352B-EE67-4350-88A8-04187CA7DF47}
		{3D99820D-63A7-4635-B660-0D04D535229E} = {5C7976B4-C243-41B9-8303-8E8FAE099D31}
		{B61B75B3-77BB-4C5A-8262-E360206A4BD9} = {5C7976B4-C243-41B9-8303-8E8FAE099D31}
		{793DF696-AA3D-4D44-9657-B66000DCEFFA} = {5C7976B4-C243-41B9-8303-8E8FAE099D31}
		{BAB01FD0-18A8-4132-B488-254A73176D75} = {793DF696-AA3D-4D44-9657-B66000DCEFFA}
		{F341C10D-76CE-497E-8A0B-48D203ADE466} = {3D99820D-63A7-4635-B660-0D04D535229E}
		{C1A2220C-2BA4-4CAD-BA7B-BEF67034D4CC} = {3D99820D-63A7-4635-B660-0D04D535229E}
		{AC118996-0420-4030-9F7E-C35F2D5FB9BE} = {1D7AFFEB-BA34-4B25-B9E0-1AFD950D06CE}
		{94B4CDE4-2A94-45F0-AACC-1A02D7CF45B8} = {1D7AFFEB-BA34-4B25-B9E0-1AFD950D06CE}
		{13183A7C-470C-4E91-B6AB-F49FB2897B30} = {1D7AFFEB-BA34-4B25-B9E0-1AFD950D06CE}
		{AF2C8041-3B77-4912-8BC3-A19A18864215} = {1D7AFFEB-BA34-4B25-B9E0-1AFD950D06CE}
		{12F822A5-1353-4C27-922C-02F2655E9443} = {1D7AFFEB-BA34-4B25-B9E0-1AFD950D06CE}
		{15207D1B-721C-4F32-A3B8-A24B912B6043} = {C6B2743E-B7EE-418C-9F9B-79976B71C46B}
		{ED91422B-F8C8-4D89-8D2F-1FE874B03AC8} = {C6B2743E-B7EE-418C-9F9B-79976B71C46B}
		{13B47C25-6797-4238-B4AE-E5309AB60DC0} = {C6B2743E-B7EE-418C-9F9B-79976B71C46B}
		{F29D6845-CCB8-4A09-A0E8-31F568A9D53B} = {5C7976B4-C243-41B9-8303-8E8FAE099D31}
		{DA3A7B05-345B-4BDA-8C42-B03A05A7CA3F} = {F29D6845-CCB8-4A09-A0E8-31F568A9D53B}
		{8C4E2508-6268-41F6-924B-5176D420A5AB} = {F29D6845-CCB8-4A09-A0E8-31F568A9D53B}
		{5024B508-BBE6-46B1-8CA5-AB4E221ADF93} = {F29D6845-CCB8-4A09-A0E8-31F568A9D53B}
		{3DCB5CD1-E327-43F5-9E5D-9B303CAF04DC} = {472FFE79-B8B1-41A1-91F2-CFA0F8406BC9}
		{4FC1AE58-E092-47AA-B5D1-47E48563155E} = {3DCB5CD1-E327-43F5-9E5D-9B303CAF04DC}
		{03B9FCFF-EBFB-4E81-ADD0-CD258CF93133} = {3DCB5CD1-E327-43F5-9E5D-9B303CAF04DC}
		{65BFE1AC-DBC8-4C18-9FF8-C7D25652E1BF} = {B61B75B3-77BB-4C5A-8262-E360206A4BD9}
		{785F9184-194C-44D5-8C9C-47A082E1806C} = {B5285F1C-479F-43F5-B3DE-3E930516AF6D}
		{309ECAC5-12AB-4F12-BC20-2392FFAB94C8} = {5C7976B4-C243-41B9-8303-8E8FAE099D31}
		{906404A3-5AD0-4064-9FD8-0D07D82A678F} = {309ECAC5-12AB-4F12-BC20-2392FFAB94C8}
		{1538FB31-03B7-4D1F-9570-58909BDABE3C} = {3F07E19F-C285-47B5-9441-46F375ECD5C9}
		{0359A38B-4080-41A1-BB75-6B2EA48D8E2D} = {C6B2743E-B7EE-418C-9F9B-79976B71C46B}
		{BE5E6E82-3CB6-4C1B-8E2D-1B7A2483B41B} = {96F03C7E-0959-4BE4-BE87-E987E1C4BEDA}
		{F43AD659-D8F2-4B30-AB21-85CD376CAA20} = {793DF696-AA3D-4D44-9657-B66000DCEFFA}
		{02EA681E-C7D8-13C7-8484-4AC65E1B71E8} = {5C7976B4-C243-41B9-8303-8E8FAE099D31}
		{F339B49B-E2F8-44CA-AD66-5E6CAA1B6E0F} = {02EA681E-C7D8-13C7-8484-4AC65E1B71E8}
		{59928279-A0DE-4DCB-9032-1BADE8A1E00B} = {5C7976B4-C243-41B9-8303-8E8FAE099D31}
		{8A06784C-1C60-C922-5B03-6A47057B5308} = {59928279-A0DE-4DCB-9032-1BADE8A1E00B}
	EndGlobalSection
	GlobalSection(ExtensibilityGlobals) = postSolution
		SolutionGuid = {C1202A0F-83CC-4602-BCE5-20CB640BCAD4}
	EndGlobalSection
EndGlobal
