
Microsoft Visual Studio Solution File, Format Version 12.00
# Visual Studio 15
VisualStudioVersion = 15.0.28307.705
MinimumVisualStudioVersion = 10.0.40219.1
Project("{9A19103F-16F7-4668-BE54-9A1E7A4F7556}") = "02-Bing.PermissionSystem.Data", "src\Bing.PermissionSystem.Data\02-Bing.PermissionSystem.Data.csproj", "{5407FA99-2DBD-4A25-A164-4B316F8A37EA}"
EndProject
Project("{9A19103F-16F7-4668-BE54-9A1E7A4F7556}") = "Bing.PermissionSystem.Domain", "src\Bing.PermissionSystem.Domain\Bing.PermissionSystem.Domain.csproj", "{05EA4018-CC41-4225-AE50-7A10B495E5ED}"
EndProject
Project("{9A19103F-16F7-4668-BE54-9A1E7A4F7556}") = "Bing.PermissionSystem.Service", "src\Bing.PermissionSystem.Service\Bing.PermissionSystem.Service.csproj", "{05EC477D-5DF5-47B4-92B8-1417093E3CA7}"
EndProject
Project("{9A19103F-16F7-4668-BE54-9A1E7A4F7556}") = "01-Bing.PermissionSystem.Infrastructure", "src\Bing.PermissionSystem.Infrastructure\01-Bing.PermissionSystem.Infrastructure.csproj", "{6A12AD18-0193-4343-90FB-037978ECE971}"
EndProject
Project("{9A19103F-16F7-4668-BE54-9A1E7A4F7556}") = "Bing.PermissionSystem.Api", "src\Bing.PermissionSystem.Api\Bing.PermissionSystem.Api.csproj", "{3910144B-B0E0-4DB1-B703-03B9071437DF}"
EndProject
Project("{9A19103F-16F7-4668-BE54-9A1E7A4F7556}") = "Bing.PermissionSystem.Admin", "src\Bing.PermissionSystem.Admin\Bing.PermissionSystem.Admin.csproj", "{DB966436-2954-4BDB-84E5-957FC784258E}"
EndProject
Project("{9A19103F-16F7-4668-BE54-9A1E7A4F7556}") = "Bing.PermissionSystem.AuthenticationServer", "src\Bing.PermissionSystem.AuthenticationServer\Bing.PermissionSystem.AuthenticationServer.csproj", "{995CF435-6B5F-4CAF-A550-FBFEB1AC7BCE}"
EndProject
Project("{2150E333-8FDC-42A3-9474-1A3956D46DE8}") = "01-src", "01-src", "{0EE9A8FC-5294-482C-A136-60F5A4AF1EE1}"
EndProject
Project("{2150E333-8FDC-42A3-9474-1A3956D46DE8}") = "02-test", "02-test", "{FA304513-5734-436A-9BCF-6D7906BA4BD3}"
EndProject
Project("{2150E333-8FDC-42A3-9474-1A3956D46DE8}") = "01-Presentation", "01-Presentation", "{C00451C6-091C-4B33-807F-585F95D2EC2A}"
EndProject
Project("{2150E333-8FDC-42A3-9474-1A3956D46DE8}") = "02-Service", "02-Service", "{C194B72A-96D2-4D84-85D3-6ACD2B743693}"
EndProject
Project("{2150E333-8FDC-42A3-9474-1A3956D46DE8}") = "03-Domain", "03-Domain", "{A69307E9-95BC-4EEC-BC19-8FCA96F9F9D4}"
EndProject
Project("{2150E333-8FDC-42A3-9474-1A3956D46DE8}") = "04-Infrastructure", "04-Infrastructure", "{D2B5B6FC-7C07-46E2-BA6B-A22D8B705AB9}"
EndProject
Global
	GlobalSection(SolutionConfigurationPlatforms) = preSolution
		Debug|Any CPU = Debug|Any CPU
		Release|Any CPU = Release|Any CPU
	EndGlobalSection
	GlobalSection(ProjectConfigurationPlatforms) = postSolution
		{5407FA99-2DBD-4A25-A164-4B316F8A37EA}.Debug|Any CPU.ActiveCfg = Debug|Any CPU
		{5407FA99-2DBD-4A25-A164-4B316F8A37EA}.Debug|Any CPU.Build.0 = Debug|Any CPU
		{5407FA99-2DBD-4A25-A164-4B316F8A37EA}.Release|Any CPU.ActiveCfg = Release|Any CPU
		{5407FA99-2DBD-4A25-A164-4B316F8A37EA}.Release|Any CPU.Build.0 = Release|Any CPU
		{05EA4018-CC41-4225-AE50-7A10B495E5ED}.Debug|Any CPU.ActiveCfg = Debug|Any CPU
		{05EA4018-CC41-4225-AE50-7A10B495E5ED}.Debug|Any CPU.Build.0 = Debug|Any CPU
		{05EA4018-CC41-4225-AE50-7A10B495E5ED}.Release|Any CPU.ActiveCfg = Release|Any CPU
		{05EA4018-CC41-4225-AE50-7A10B495E5ED}.Release|Any CPU.Build.0 = Release|Any CPU
		{05EC477D-5DF5-47B4-92B8-1417093E3CA7}.Debug|Any CPU.ActiveCfg = Debug|Any CPU
		{05EC477D-5DF5-47B4-92B8-1417093E3CA7}.Debug|Any CPU.Build.0 = Debug|Any CPU
		{05EC477D-5DF5-47B4-92B8-1417093E3CA7}.Release|Any CPU.ActiveCfg = Release|Any CPU
		{05EC477D-5DF5-47B4-92B8-1417093E3CA7}.Release|Any CPU.Build.0 = Release|Any CPU
		{6A12AD18-0193-4343-90FB-037978ECE971}.Debug|Any CPU.ActiveCfg = Debug|Any CPU
		{6A12AD18-0193-4343-90FB-037978ECE971}.Debug|Any CPU.Build.0 = Debug|Any CPU
		{6A12AD18-0193-4343-90FB-037978ECE971}.Release|Any CPU.ActiveCfg = Release|Any CPU
		{6A12AD18-0193-4343-90FB-037978ECE971}.Release|Any CPU.Build.0 = Release|Any CPU
		{3910144B-B0E0-4DB1-B703-03B9071437DF}.Debug|Any CPU.ActiveCfg = Debug|Any CPU
		{3910144B-B0E0-4DB1-B703-03B9071437DF}.Debug|Any CPU.Build.0 = Debug|Any CPU
		{3910144B-B0E0-4DB1-B703-03B9071437DF}.Release|Any CPU.ActiveCfg = Release|Any CPU
		{3910144B-B0E0-4DB1-B703-03B9071437DF}.Release|Any CPU.Build.0 = Release|Any CPU
		{DB966436-2954-4BDB-84E5-957FC784258E}.Debug|Any CPU.ActiveCfg = Debug|Any CPU
		{DB966436-2954-4BDB-84E5-957FC784258E}.Debug|Any CPU.Build.0 = Debug|Any CPU
		{DB966436-2954-4BDB-84E5-957FC784258E}.Release|Any CPU.ActiveCfg = Release|Any CPU
		{DB966436-2954-4BDB-84E5-957FC784258E}.Release|Any CPU.Build.0 = Release|Any CPU
		{995CF435-6B5F-4CAF-A550-FBFEB1AC7BCE}.Debug|Any CPU.ActiveCfg = Debug|Any CPU
		{995CF435-6B5F-4CAF-A550-FBFEB1AC7BCE}.Debug|Any CPU.Build.0 = Debug|Any CPU
		{995CF435-6B5F-4CAF-A550-FBFEB1AC7BCE}.Release|Any CPU.ActiveCfg = Release|Any CPU
		{995CF435-6B5F-4CAF-A550-FBFEB1AC7BCE}.Release|Any CPU.Build.0 = Release|Any CPU
	EndGlobalSection
	GlobalSection(SolutionProperties) = preSolution
		HideSolutionNode = FALSE
	EndGlobalSection
	GlobalSection(NestedProjects) = preSolution
		{5407FA99-2DBD-4A25-A164-4B316F8A37EA} = {D2B5B6FC-7C07-46E2-BA6B-A22D8B705AB9}
		{05EA4018-CC41-4225-AE50-7A10B495E5ED} = {A69307E9-95BC-4EEC-BC19-8FCA96F9F9D4}
		{05EC477D-5DF5-47B4-92B8-1417093E3CA7} = {C194B72A-96D2-4D84-85D3-6ACD2B743693}
		{6A12AD18-0193-4343-90FB-037978ECE971} = {D2B5B6FC-7C07-46E2-BA6B-A22D8B705AB9}
		{3910144B-B0E0-4DB1-B703-03B9071437DF} = {C00451C6-091C-4B33-807F-585F95D2EC2A}
		{DB966436-2954-4BDB-84E5-957FC784258E} = {C00451C6-091C-4B33-807F-585F95D2EC2A}
		{995CF435-6B5F-4CAF-A550-FBFEB1AC7BCE} = {C00451C6-091C-4B33-807F-585F95D2EC2A}
		{C00451C6-091C-4B33-807F-585F95D2EC2A} = {0EE9A8FC-5294-482C-A136-60F5A4AF1EE1}
		{C194B72A-96D2-4D84-85D3-6ACD2B743693} = {0EE9A8FC-5294-482C-A136-60F5A4AF1EE1}
		{A69307E9-95BC-4EEC-BC19-8FCA96F9F9D4} = {0EE9A8FC-5294-482C-A136-60F5A4AF1EE1}
		{D2B5B6FC-7C07-46E2-BA6B-A22D8B705AB9} = {0EE9A8FC-5294-482C-A136-60F5A4AF1EE1}
	EndGlobalSection
	GlobalSection(ExtensibilityGlobals) = postSolution
		SolutionGuid = {798D3914-6BC8-4A59-988A-FB98E5DB9F37}
	EndGlobalSection
EndGlobal
